PODS:
  - Core (0.0.1):
    - Core/Entity (= 0.0.1)
    - Core/Library (= 0.0.1)
    - Core/Tests (= 0.0.1)
  - Core/Entity (0.0.1)
  - Core/Library (0.0.1)
  - Core/Tests (0.0.1):
    - Core/Entity
    - Core/Library

DEPENDENCIES:
  - Core (from `Core`)
  - Core/Entity (from `Core`)
  - Core/Tests (from `Core`)

EXTERNAL SOURCES:
  Core:
    :path: Core

SPEC CHECKSUMS:
  Core: a90d5b6cc9c033917157deaa7511e52554bbbe66

PODFILE CHECKSUM: 5e00f005c5225ee75e3cebc8067d9733d07a333c

COCOAPODS: 1.2.1
