PODS:
  - Entity (0.0.1):
    - Entity/Core (= 0.0.1)
    - Entity/Tests (= 0.0.1)
  - Entity/Core (0.0.1)
  - Entity/Tests (0.0.1):
    - Entity/Core
  - Wireframe (0.0.1):
    - Wireframe/Core (= 0.0.1)
    - Wireframe/Tests (= 0.0.1)
  - Wireframe/Core (0.0.1)
  - Wireframe/Tests (0.0.1):
    - Wireframe/Core

DEPENDENCIES:
  - Entity (from `Entity`)
  - Entity/Core (from `Entity`)
  - Entity/Tests (from `Entity`)
  - Wireframe (from `Wireframe`)
  - Wireframe/Core (from `Wireframe`)
  - Wireframe/Tests (from `Wireframe`)

EXTERNAL SOURCES:
  Entity:
    :path: Entity
  Wireframe:
    :path: Wireframe

SPEC CHECKSUMS:
  Entity: c37ab88da33a740b50a4f896a34796853b7f4cc6
  Wireframe: '0795b427479e34e3659cb7048945d3a92c078369'

PODFILE CHECKSUM: aba0609a27ac241810c5791908d03d82170f7cf7

COCOAPODS: 1.2.1
