PODS:
  - Entity (0.0.1):
    - Entity/Core (= 0.0.1)
    - Entity/Tests (= 0.0.1)
  - Entity/Core (0.0.1)
  - Entity/Tests (0.0.1):
    - Entity/Core
  - Services (0.0.1):
    - Services/AdvertService (= 0.0.1)
    - Services/GroupService (= 0.0.1)
  - Services/AdvertService (0.0.1):
    - Entity/Core
  - Services/GroupService (0.0.1):
    - Entity/Core
  - Wireframe (0.0.1):
    - Wireframe/Core (= 0.0.1)
    - Wireframe/Tests (= 0.0.1)
    - Wireframe/UIKit (= 0.0.1)
  - Wireframe/Core (0.0.1)
  - Wireframe/Tests (0.0.1):
    - Wireframe/Core
  - Wireframe/UIKit (0.0.1)

DEPENDENCIES:
  - Entity (from `Entity`)
  - Entity/Core (from `Entity`)
  - Entity/Tests (from `Entity`)
  - Services (from `Services`)
  - Wireframe (from `Wireframe`)
  - Wireframe/Tests (from `Wireframe`)
  - Wireframe/UIKit (from `Wireframe`)

EXTERNAL SOURCES:
  Entity:
    :path: Entity
  Services:
    :path: Services
  Wireframe:
    :path: Wireframe

SPEC CHECKSUMS:
  Entity: c37ab88da33a740b50a4f896a34796853b7f4cc6
  Services: c76f04776dd841baecb35e60954a56a4ca1ff80e
  Wireframe: b109fad3bb2b8dbe29463f401fea8d01d2eb460a

PODFILE CHECKSUM: d121f85d8cf8671ffda9f88bb0d8699f7515c577

COCOAPODS: 1.2.1
