// !$*UTF8*$!
{
	archiveVersion = 1;
	classes = {
	};
	objectVersion = 48;
	objects = {

/* Begin PBXBuildFile section */
		34D684007F4396AE2708D6A6 /* Pods_Marketplace.framework in Frameworks */ = {isa = PBXBuildFile; fileRef = 5860EDF2DB7B96A923EE56C5 /* Pods_Marketplace.framework */; };
		602EA8C4A4BA1E62622EF524 /* Pods_GroupBrowser.framework in Frameworks */ = {isa = PBXBuildFile; fileRef = 7DCF0A76C8BF67D69D939733 /* Pods_GroupBrowser.framework */; };
		C8383DF11F322FE800AD92CF /* AppCoordinator.swift in Sources */ = {isa = PBXBuildFile; fileRef = C8383DA01F322FE800AD92CF /* AppCoordinator.swift */; };
		C8383DF21F322FE800AD92CF /* AppDelegate.swift in Sources */ = {isa = PBXBuildFile; fileRef = C8383DA11F322FE800AD92CF /* AppDelegate.swift */; };
		C8383DF31F322FE800AD92CF /* NavigationAppCoordinator.swift in Sources */ = {isa = PBXBuildFile; fileRef = C8383DA21F322FE800AD92CF /* NavigationAppCoordinator.swift */; };
		C8383DF41F322FE800AD92CF /* SplitAppCoordinator.swift in Sources */ = {isa = PBXBuildFile; fileRef = C8383DA31F322FE800AD92CF /* SplitAppCoordinator.swift */; };
		C8383DF51F322FE800AD92CF /* Assets.xcassets in Resources */ = {isa = PBXBuildFile; fileRef = C8383DA41F322FE800AD92CF /* Assets.xcassets */; };
		C8383DF61F322FE800AD92CF /* LaunchScreen.storyboard in Resources */ = {isa = PBXBuildFile; fileRef = C8383DA51F322FE800AD92CF /* LaunchScreen.storyboard */; };
		C8383DF81F322FE800AD92CF /* AdvertListCoordinator.swift in Sources */ = {isa = PBXBuildFile; fileRef = C8383DAB1F322FE800AD92CF /* AdvertListCoordinator.swift */; };
		C8383DF91F322FE800AD92CF /* AdvertListFeature.swift in Sources */ = {isa = PBXBuildFile; fileRef = C8383DAC1F322FE800AD92CF /* AdvertListFeature.swift */; };
		C8383DFA1F322FE800AD92CF /* AdvertListFormatter.swift in Sources */ = {isa = PBXBuildFile; fileRef = C8383DAD1F322FE800AD92CF /* AdvertListFormatter.swift */; };
		C8383DFB1F322FE800AD92CF /* AdvertListInteractor.swift in Sources */ = {isa = PBXBuildFile; fileRef = C8383DAE1F322FE800AD92CF /* AdvertListInteractor.swift */; };
		C8383DFC1F322FE800AD92CF /* AdvertListView.swift in Sources */ = {isa = PBXBuildFile; fileRef = C8383DAF1F322FE800AD92CF /* AdvertListView.swift */; };
		C8383E011F322FE800AD92CF /* AdvertListViewController.swift in Sources */ = {isa = PBXBuildFile; fileRef = C8383DB71F322FE800AD92CF /* AdvertListViewController.swift */; };
		C8383E021F322FE800AD92CF /* AdvertDetailFormatter.swift in Sources */ = {isa = PBXBuildFile; fileRef = C8383DBA1F322FE800AD92CF /* AdvertDetailFormatter.swift */; };
		C8383E031F322FE800AD92CF /* DiscoveryInteractor.swift in Sources */ = {isa = PBXBuildFile; fileRef = C8383DBB1F322FE800AD92CF /* DiscoveryInteractor.swift */; };
		C8383E041F322FE800AD92CF /* NavigationDiscoveryCoordinator.swift in Sources */ = {isa = PBXBuildFile; fileRef = C8383DBD1F322FE800AD92CF /* NavigationDiscoveryCoordinator.swift */; };
		C8383E051F322FE800AD92CF /* NavigationDiscoveryFeature.swift in Sources */ = {isa = PBXBuildFile; fileRef = C8383DBE1F322FE800AD92CF /* NavigationDiscoveryFeature.swift */; };
		C8383E061F322FE800AD92CF /* SplitDiscoveryCoordinator.swift in Sources */ = {isa = PBXBuildFile; fileRef = C8383DC01F322FE800AD92CF /* SplitDiscoveryCoordinator.swift */; };
		C8383E071F322FE800AD92CF /* SplitDiscoveryFeature.swift in Sources */ = {isa = PBXBuildFile; fileRef = C8383DC11F322FE800AD92CF /* SplitDiscoveryFeature.swift */; };
		C8383E0A1F322FE800AD92CF /* AlternatingInsertionFeature.swift in Sources */ = {isa = PBXBuildFile; fileRef = C8383DC91F322FE800AD92CF /* AlternatingInsertionFeature.swift */; };
		C8383E0B1F322FE800AD92CF /* AutoGroupInsertionCoordinator.swift in Sources */ = {isa = PBXBuildFile; fileRef = C8383DCB1F322FE800AD92CF /* AutoGroupInsertionCoordinator.swift */; };
		C8383E0C1F322FE800AD92CF /* AutoGroupInsertionFeature.swift in Sources */ = {isa = PBXBuildFile; fileRef = C8383DCC1F322FE800AD92CF /* AutoGroupInsertionFeature.swift */; };
		C8383E0D1F322FE800AD92CF /* AutoGroupInsertionInteractor.swift in Sources */ = {isa = PBXBuildFile; fileRef = C8383DCD1F322FE800AD92CF /* AutoGroupInsertionInteractor.swift */; };
		C8383E0E1F322FE800AD92CF /* GroupRecommendationService.swift in Sources */ = {isa = PBXBuildFile; fileRef = C8383DCE1F322FE800AD92CF /* GroupRecommendationService.swift */; };
		C8383E0F1F322FE800AD92CF /* MockGroupRecommendationService.swift in Sources */ = {isa = PBXBuildFile; fileRef = C8383DCF1F322FE800AD92CF /* MockGroupRecommendationService.swift */; };
		C8383E101F322FE800AD92CF /* InsertionCoordinator.swift in Sources */ = {isa = PBXBuildFile; fileRef = C8383DD01F322FE800AD92CF /* InsertionCoordinator.swift */; };
		C8383E111F322FE800AD92CF /* InsertionFeature.swift in Sources */ = {isa = PBXBuildFile; fileRef = C8383DD11F322FE800AD92CF /* InsertionFeature.swift */; };
		C8383E121F322FE800AD92CF /* InsertionInteractor.swift in Sources */ = {isa = PBXBuildFile; fileRef = C8383DD21F322FE800AD92CF /* InsertionInteractor.swift */; };
		C8383E131F322FE800AD92CF /* ManualGroupInsertionCoordinator.swift in Sources */ = {isa = PBXBuildFile; fileRef = C8383DD41F322FE800AD92CF /* ManualGroupInsertionCoordinator.swift */; };
		C8383E141F322FE800AD92CF /* ManualGroupInsertionFeature.swift in Sources */ = {isa = PBXBuildFile; fileRef = C8383DD51F322FE800AD92CF /* ManualGroupInsertionFeature.swift */; };
		C8383E151F322FE800AD92CF /* TextEntryStepView.swift in Sources */ = {isa = PBXBuildFile; fileRef = C8383DD61F322FE800AD92CF /* TextEntryStepView.swift */; };
		C8383E161F322FE800AD92CF /* TitleStepFormatter.swift in Sources */ = {isa = PBXBuildFile; fileRef = C8383DD71F322FE800AD92CF /* TitleStepFormatter.swift */; };
		C8383E191F322FE800AD92CF /* TextEntryStepViewController.storyboard in Resources */ = {isa = PBXBuildFile; fileRef = C8383DDC1F322FE800AD92CF /* TextEntryStepViewController.storyboard */; };
		C8383E1A1F322FE800AD92CF /* TextEntryStepViewController.swift in Sources */ = {isa = PBXBuildFile; fileRef = C8383DDD1F322FE800AD92CF /* TextEntryStepViewController.swift */; };
		C8383E211F322FE800AD92CF /* ItemDetailView.swift in Sources */ = {isa = PBXBuildFile; fileRef = C8383DEA1F322FE800AD92CF /* ItemDetailView.swift */; };
		C8383E241F322FE800AD92CF /* ItemDetailViewController.storyboard in Resources */ = {isa = PBXBuildFile; fileRef = C8383DEF1F322FE800AD92CF /* ItemDetailViewController.storyboard */; };
		C8383E251F322FE800AD92CF /* ItemDetailViewController.swift in Sources */ = {isa = PBXBuildFile; fileRef = C8383DF01F322FE800AD92CF /* ItemDetailViewController.swift */; };
		C8383E351F32307800AD92CF /* AppCoordinator.swift in Sources */ = {isa = PBXBuildFile; fileRef = C8383DE01F322FE800AD92CF /* AppCoordinator.swift */; };
		C8383E361F32307800AD92CF /* AppDelegate.swift in Sources */ = {isa = PBXBuildFile; fileRef = C8383DE11F322FE800AD92CF /* AppDelegate.swift */; };
		C8383E371F32307800AD92CF /* GroupDetailFormatter.swift in Sources */ = {isa = PBXBuildFile; fileRef = C8383DE21F322FE800AD92CF /* GroupDetailFormatter.swift */; };
		C8383E381F32307B00AD92CF /* Assets.xcassets in Resources */ = {isa = PBXBuildFile; fileRef = C8383DE31F322FE800AD92CF /* Assets.xcassets */; };
		C8383E391F32308100AD92CF /* LaunchScreen.storyboard in Resources */ = {isa = PBXBuildFile; fileRef = C8383DE41F322FE800AD92CF /* LaunchScreen.storyboard */; };
		C8383E3A1F3230D900AD92CF /* AdvertListFormatterTests.swift in Sources */ = {isa = PBXBuildFile; fileRef = C8383DB41F322FE800AD92CF /* AdvertListFormatterTests.swift */; };
		C8383E3B1F3230D900AD92CF /* AdvertListInteractorTests.swift in Sources */ = {isa = PBXBuildFile; fileRef = C8383DB51F322FE800AD92CF /* AdvertListInteractorTests.swift */; };
		C8383E3C1F3230E600AD92CF /* DiscoveryDetailFormatterTests.swift in Sources */ = {isa = PBXBuildFile; fileRef = C8383DC31F322FE800AD92CF /* DiscoveryDetailFormatterTests.swift */; };
		C8383E3D1F3230E600AD92CF /* DiscoveryInteractorTests.swift in Sources */ = {isa = PBXBuildFile; fileRef = C8383DC41F322FE800AD92CF /* DiscoveryInteractorTests.swift */; };
		C8383E3E1F32311300AD92CF /* ItemDetailView.swift in Sources */ = {isa = PBXBuildFile; fileRef = C8383DEA1F322FE800AD92CF /* ItemDetailView.swift */; };
		C8383E3F1F32311500AD92CF /* ItemDetailView.swift in Sources */ = {isa = PBXBuildFile; fileRef = C8383DEA1F322FE800AD92CF /* ItemDetailView.swift */; };
		C8383E401F32312200AD92CF /* AdvertListCoordinator.swift in Sources */ = {isa = PBXBuildFile; fileRef = C8383DAB1F322FE800AD92CF /* AdvertListCoordinator.swift */; };
		C8383E411F32312200AD92CF /* AdvertListFeature.swift in Sources */ = {isa = PBXBuildFile; fileRef = C8383DAC1F322FE800AD92CF /* AdvertListFeature.swift */; };
		C8383E421F32312200AD92CF /* AdvertListFormatter.swift in Sources */ = {isa = PBXBuildFile; fileRef = C8383DAD1F322FE800AD92CF /* AdvertListFormatter.swift */; };
		C8383E431F32312200AD92CF /* AdvertListInteractor.swift in Sources */ = {isa = PBXBuildFile; fileRef = C8383DAE1F322FE800AD92CF /* AdvertListInteractor.swift */; };
		C8383E441F32312200AD92CF /* AdvertListView.swift in Sources */ = {isa = PBXBuildFile; fileRef = C8383DAF1F322FE800AD92CF /* AdvertListView.swift */; };
		C8383E451F32312200AD92CF /* AdvertListViewSpy.swift in Sources */ = {isa = PBXBuildFile; fileRef = C8383DB11F322FE800AD92CF /* AdvertListViewSpy.swift */; };
		C8383E461F32312200AD92CF /* FakeAdvertListViewFactory.swift in Sources */ = {isa = PBXBuildFile; fileRef = C8383DB21F322FE800AD92CF /* FakeAdvertListViewFactory.swift */; };
		C8383E471F32313200AD92CF /* AdvertDetailFormatter.swift in Sources */ = {isa = PBXBuildFile; fileRef = C8383DBA1F322FE800AD92CF /* AdvertDetailFormatter.swift */; };
		C8383E481F32313200AD92CF /* DiscoveryInteractor.swift in Sources */ = {isa = PBXBuildFile; fileRef = C8383DBB1F322FE800AD92CF /* DiscoveryInteractor.swift */; };
		C8383E491F32313200AD92CF /* NavigationDiscoveryCoordinator.swift in Sources */ = {isa = PBXBuildFile; fileRef = C8383DBD1F322FE800AD92CF /* NavigationDiscoveryCoordinator.swift */; };
		C8383E4A1F32313200AD92CF /* NavigationDiscoveryFeature.swift in Sources */ = {isa = PBXBuildFile; fileRef = C8383DBE1F322FE800AD92CF /* NavigationDiscoveryFeature.swift */; };
		C8383E4B1F32313200AD92CF /* SplitDiscoveryCoordinator.swift in Sources */ = {isa = PBXBuildFile; fileRef = C8383DC01F322FE800AD92CF /* SplitDiscoveryCoordinator.swift */; };
		C8383E4C1F32313200AD92CF /* SplitDiscoveryFeature.swift in Sources */ = {isa = PBXBuildFile; fileRef = C8383DC11F322FE800AD92CF /* SplitDiscoveryFeature.swift */; };
		C8383E4D1F32317100AD92CF /* FakeTextEntryStepViewFactory.swift in Sources */ = {isa = PBXBuildFile; fileRef = C8383DD91F322FE800AD92CF /* FakeTextEntryStepViewFactory.swift */; };
		C8383E4E1F32317100AD92CF /* TextEntryStepViewSpy.swift in Sources */ = {isa = PBXBuildFile; fileRef = C8383DDA1F322FE800AD92CF /* TextEntryStepViewSpy.swift */; };
		C8383E4F1F32318200AD92CF /* AlternatingInsertionFeature.swift in Sources */ = {isa = PBXBuildFile; fileRef = C8383DC91F322FE800AD92CF /* AlternatingInsertionFeature.swift */; };
		C8383E501F32318200AD92CF /* AutoGroupInsertionCoordinator.swift in Sources */ = {isa = PBXBuildFile; fileRef = C8383DCB1F322FE800AD92CF /* AutoGroupInsertionCoordinator.swift */; };
		C8383E511F32318200AD92CF /* AutoGroupInsertionFeature.swift in Sources */ = {isa = PBXBuildFile; fileRef = C8383DCC1F322FE800AD92CF /* AutoGroupInsertionFeature.swift */; };
		C8383E521F32318200AD92CF /* AutoGroupInsertionInteractor.swift in Sources */ = {isa = PBXBuildFile; fileRef = C8383DCD1F322FE800AD92CF /* AutoGroupInsertionInteractor.swift */; };
		C8383E531F32318200AD92CF /* GroupRecommendationService.swift in Sources */ = {isa = PBXBuildFile; fileRef = C8383DCE1F322FE800AD92CF /* GroupRecommendationService.swift */; };
		C8383E541F32318200AD92CF /* MockGroupRecommendationService.swift in Sources */ = {isa = PBXBuildFile; fileRef = C8383DCF1F322FE800AD92CF /* MockGroupRecommendationService.swift */; };
		C8383E551F32318200AD92CF /* InsertionCoordinator.swift in Sources */ = {isa = PBXBuildFile; fileRef = C8383DD01F322FE800AD92CF /* InsertionCoordinator.swift */; };
		C8383E561F32318200AD92CF /* InsertionFeature.swift in Sources */ = {isa = PBXBuildFile; fileRef = C8383DD11F322FE800AD92CF /* InsertionFeature.swift */; };
		C8383E571F32318200AD92CF /* InsertionInteractor.swift in Sources */ = {isa = PBXBuildFile; fileRef = C8383DD21F322FE800AD92CF /* InsertionInteractor.swift */; };
		C8383E581F32318200AD92CF /* ManualGroupInsertionCoordinator.swift in Sources */ = {isa = PBXBuildFile; fileRef = C8383DD41F322FE800AD92CF /* ManualGroupInsertionCoordinator.swift */; };
		C8383E591F32318200AD92CF /* ManualGroupInsertionFeature.swift in Sources */ = {isa = PBXBuildFile; fileRef = C8383DD51F322FE800AD92CF /* ManualGroupInsertionFeature.swift */; };
		C8383E5A1F32318200AD92CF /* TextEntryStepView.swift in Sources */ = {isa = PBXBuildFile; fileRef = C8383DD61F322FE800AD92CF /* TextEntryStepView.swift */; };
		C8383E5B1F32318200AD92CF /* TitleStepFormatter.swift in Sources */ = {isa = PBXBuildFile; fileRef = C8383DD71F322FE800AD92CF /* TitleStepFormatter.swift */; };
		C8383E5C1F32318400AD92CF /* AlternatingInsertionFeature.swift in Sources */ = {isa = PBXBuildFile; fileRef = C8383DC91F322FE800AD92CF /* AlternatingInsertionFeature.swift */; };
		C8383E5D1F32318400AD92CF /* AutoGroupInsertionCoordinator.swift in Sources */ = {isa = PBXBuildFile; fileRef = C8383DCB1F322FE800AD92CF /* AutoGroupInsertionCoordinator.swift */; };
		C8383E5E1F32318400AD92CF /* AutoGroupInsertionFeature.swift in Sources */ = {isa = PBXBuildFile; fileRef = C8383DCC1F322FE800AD92CF /* AutoGroupInsertionFeature.swift */; };
		C8383E5F1F32318400AD92CF /* AutoGroupInsertionInteractor.swift in Sources */ = {isa = PBXBuildFile; fileRef = C8383DCD1F322FE800AD92CF /* AutoGroupInsertionInteractor.swift */; };
		C8383E601F32318400AD92CF /* GroupRecommendationService.swift in Sources */ = {isa = PBXBuildFile; fileRef = C8383DCE1F322FE800AD92CF /* GroupRecommendationService.swift */; };
		C8383E611F32318400AD92CF /* MockGroupRecommendationService.swift in Sources */ = {isa = PBXBuildFile; fileRef = C8383DCF1F322FE800AD92CF /* MockGroupRecommendationService.swift */; };
		C8383E621F32318400AD92CF /* InsertionCoordinator.swift in Sources */ = {isa = PBXBuildFile; fileRef = C8383DD01F322FE800AD92CF /* InsertionCoordinator.swift */; };
		C8383E631F32318400AD92CF /* InsertionFeature.swift in Sources */ = {isa = PBXBuildFile; fileRef = C8383DD11F322FE800AD92CF /* InsertionFeature.swift */; };
		C8383E641F32318400AD92CF /* InsertionInteractor.swift in Sources */ = {isa = PBXBuildFile; fileRef = C8383DD21F322FE800AD92CF /* InsertionInteractor.swift */; };
		C8383E651F32318400AD92CF /* ManualGroupInsertionCoordinator.swift in Sources */ = {isa = PBXBuildFile; fileRef = C8383DD41F322FE800AD92CF /* ManualGroupInsertionCoordinator.swift */; };
		C8383E661F32318400AD92CF /* ManualGroupInsertionFeature.swift in Sources */ = {isa = PBXBuildFile; fileRef = C8383DD51F322FE800AD92CF /* ManualGroupInsertionFeature.swift */; };
		C8383E671F32318400AD92CF /* TextEntryStepView.swift in Sources */ = {isa = PBXBuildFile; fileRef = C8383DD61F322FE800AD92CF /* TextEntryStepView.swift */; };
		C8383E681F32318400AD92CF /* TitleStepFormatter.swift in Sources */ = {isa = PBXBuildFile; fileRef = C8383DD71F322FE800AD92CF /* TitleStepFormatter.swift */; };
		C8383E691F32319F00AD92CF /* AdvertListCoordinator.swift in Sources */ = {isa = PBXBuildFile; fileRef = C8383DAB1F322FE800AD92CF /* AdvertListCoordinator.swift */; };
		C8383E6A1F32319F00AD92CF /* AdvertListFeature.swift in Sources */ = {isa = PBXBuildFile; fileRef = C8383DAC1F322FE800AD92CF /* AdvertListFeature.swift */; };
		C8383E6B1F32319F00AD92CF /* AdvertListFormatter.swift in Sources */ = {isa = PBXBuildFile; fileRef = C8383DAD1F322FE800AD92CF /* AdvertListFormatter.swift */; };
		C8383E6C1F32319F00AD92CF /* AdvertListInteractor.swift in Sources */ = {isa = PBXBuildFile; fileRef = C8383DAE1F322FE800AD92CF /* AdvertListInteractor.swift */; };
		C8383E6D1F32319F00AD92CF /* AdvertListView.swift in Sources */ = {isa = PBXBuildFile; fileRef = C8383DAF1F322FE800AD92CF /* AdvertListView.swift */; };
		C8383E6E1F3231AF00AD92CF /* AdvertListViewSpy.swift in Sources */ = {isa = PBXBuildFile; fileRef = C8383DB11F322FE800AD92CF /* AdvertListViewSpy.swift */; };
		C8383E6F1F3231AF00AD92CF /* FakeAdvertListViewFactory.swift in Sources */ = {isa = PBXBuildFile; fileRef = C8383DB21F322FE800AD92CF /* FakeAdvertListViewFactory.swift */; };
		C8383E701F3231BB00AD92CF /* AdvertDetailFormatter.swift in Sources */ = {isa = PBXBuildFile; fileRef = C8383DBA1F322FE800AD92CF /* AdvertDetailFormatter.swift */; };
		C8383E711F3231BB00AD92CF /* DiscoveryInteractor.swift in Sources */ = {isa = PBXBuildFile; fileRef = C8383DBB1F322FE800AD92CF /* DiscoveryInteractor.swift */; };
		C8383E721F3231C000AD92CF /* NavigationDiscoveryCoordinator.swift in Sources */ = {isa = PBXBuildFile; fileRef = C8383DBD1F322FE800AD92CF /* NavigationDiscoveryCoordinator.swift */; };
		C8383E731F3231C000AD92CF /* NavigationDiscoveryFeature.swift in Sources */ = {isa = PBXBuildFile; fileRef = C8383DBE1F322FE800AD92CF /* NavigationDiscoveryFeature.swift */; };
		C8383E741F3231C000AD92CF /* SplitDiscoveryCoordinator.swift in Sources */ = {isa = PBXBuildFile; fileRef = C8383DC01F322FE800AD92CF /* SplitDiscoveryCoordinator.swift */; };
		C8383E751F3231C000AD92CF /* SplitDiscoveryFeature.swift in Sources */ = {isa = PBXBuildFile; fileRef = C8383DC11F322FE800AD92CF /* SplitDiscoveryFeature.swift */; };
		C8383E761F3231CF00AD92CF /* FakeTextEntryStepViewFactory.swift in Sources */ = {isa = PBXBuildFile; fileRef = C8383DD91F322FE800AD92CF /* FakeTextEntryStepViewFactory.swift */; };
		C8383E771F3231CF00AD92CF /* TextEntryStepViewSpy.swift in Sources */ = {isa = PBXBuildFile; fileRef = C8383DDA1F322FE800AD92CF /* TextEntryStepViewSpy.swift */; };
		C8383E781F3231F200AD92CF /* ItemDetailView.swift in Sources */ = {isa = PBXBuildFile; fileRef = C8383DEA1F322FE800AD92CF /* ItemDetailView.swift */; };
		C8383E791F3231FD00AD92CF /* ItemDetailViewController.storyboard in Resources */ = {isa = PBXBuildFile; fileRef = C8383DEF1F322FE800AD92CF /* ItemDetailViewController.storyboard */; };
		C8383E7A1F32320200AD92CF /* ItemDetailViewController.swift in Sources */ = {isa = PBXBuildFile; fileRef = C8383DF01F322FE800AD92CF /* ItemDetailViewController.swift */; };
		C8383E7B1F32320600AD92CF /* FakeItemDetailViewFactory.swift in Sources */ = {isa = PBXBuildFile; fileRef = C8383DEC1F322FE800AD92CF /* FakeItemDetailViewFactory.swift */; };
		C8383E7C1F32320600AD92CF /* ItemDetailViewSpy.swift in Sources */ = {isa = PBXBuildFile; fileRef = C8383DED1F322FE800AD92CF /* ItemDetailViewSpy.swift */; };
		C8383E7D1F32320700AD92CF /* FakeItemDetailViewFactory.swift in Sources */ = {isa = PBXBuildFile; fileRef = C8383DEC1F322FE800AD92CF /* FakeItemDetailViewFactory.swift */; };
		C8383E7E1F32320700AD92CF /* ItemDetailViewSpy.swift in Sources */ = {isa = PBXBuildFile; fileRef = C8383DED1F322FE800AD92CF /* ItemDetailViewSpy.swift */; };
		C87C49E61F2A9EE500799AD3 /* AcceptanceTests.m in Sources */ = {isa = PBXBuildFile; fileRef = C87C49E51F2A9EE500799AD3 /* AcceptanceTests.m */; };
		C89739F91F32784200FF4F91 /* AppDelegate.swift in Sources */ = {isa = PBXBuildFile; fileRef = C89739F81F32784200FF4F91 /* AppDelegate.swift */; };
		C89739FB1F32784200FF4F91 /* CalculatorViewController.swift in Sources */ = {isa = PBXBuildFile; fileRef = C89739FA1F32784200FF4F91 /* CalculatorViewController.swift */; };
		C89739FE1F32784200FF4F91 /* CalculatorViewController.storyboard in Resources */ = {isa = PBXBuildFile; fileRef = C89739FC1F32784200FF4F91 /* CalculatorViewController.storyboard */; };
		C8973A001F32784200FF4F91 /* Assets.xcassets in Resources */ = {isa = PBXBuildFile; fileRef = C89739FF1F32784200FF4F91 /* Assets.xcassets */; };
		C8973A031F32784200FF4F91 /* LaunchScreen.storyboard in Resources */ = {isa = PBXBuildFile; fileRef = C8973A011F32784200FF4F91 /* LaunchScreen.storyboard */; };
		C8973A0A1F32795600FF4F91 /* CalculatorCoordinator.swift in Sources */ = {isa = PBXBuildFile; fileRef = C8973A091F32795600FF4F91 /* CalculatorCoordinator.swift */; };
		C8973A0C1F32797400FF4F91 /* CalculatorFormatter.swift in Sources */ = {isa = PBXBuildFile; fileRef = C8973A0B1F32797400FF4F91 /* CalculatorFormatter.swift */; };
		C8973A0E1F32798F00FF4F91 /* CalculatorInteractor.swift in Sources */ = {isa = PBXBuildFile; fileRef = C8973A0D1F32798F00FF4F91 /* CalculatorInteractor.swift */; };
		C8973A101F3279F300FF4F91 /* AppCoordinator.swift in Sources */ = {isa = PBXBuildFile; fileRef = C8973A0F1F3279F300FF4F91 /* AppCoordinator.swift */; };
		C8C3B6F31F33246B007F229D /* GivenTheseAdverts.swift in Sources */ = {isa = PBXBuildFile; fileRef = C8C3B6EE1F33246B007F229D /* GivenTheseAdverts.swift */; };
		C8C3B6F41F33246B007F229D /* GivenTheseGroups.swift in Sources */ = {isa = PBXBuildFile; fileRef = C8C3B6EF1F33246B007F229D /* GivenTheseGroups.swift */; };
		C8C3B6F51F33246B007F229D /* ListDisplaysAdverts.swift in Sources */ = {isa = PBXBuildFile; fileRef = C8C3B6F01F33246B007F229D /* ListDisplaysAdverts.swift */; };
		C8C3B6F61F33246B007F229D /* SelectAdvertOnPhone.swift in Sources */ = {isa = PBXBuildFile; fileRef = C8C3B6F11F33246B007F229D /* SelectAdvertOnPhone.swift */; };
		C8C3B6F71F33246B007F229D /* SelectAdvertOnTablet.swift in Sources */ = {isa = PBXBuildFile; fileRef = C8C3B6F21F33246B007F229D /* SelectAdvertOnTablet.swift */; };
		DB6C496DFCF9FC07E5AE750A /* Pods_LogicTests.framework in Frameworks */ = {isa = PBXBuildFile; fileRef = 9114D7BE59BDE078516E9BE9 /* Pods_LogicTests.framework */; };
		E98C63F88426C5984E425F7C /* Pods_AcceptanceTests.framework in Frameworks */ = {isa = PBXBuildFile; fileRef = 8DEB216AD534D3A58535DB2B /* Pods_AcceptanceTests.framework */; };
/* End PBXBuildFile section */

/* Begin PBXFileReference section */
		06DC4658A54F932C0655AC7F /* Pods-LogicTests.release.xcconfig */ = {isa = PBXFileReference; includeInIndex = 1; lastKnownFileType = text.xcconfig; name = "Pods-LogicTests.release.xcconfig"; path = "Pods/Target Support Files/Pods-LogicTests/Pods-LogicTests.release.xcconfig"; sourceTree = "<group>"; };
		30A43C5AB424D1E6D5C4362B /* Pods-GroupBrowser.debug.xcconfig */ = {isa = PBXFileReference; includeInIndex = 1; lastKnownFileType = text.xcconfig; name = "Pods-GroupBrowser.debug.xcconfig"; path = "Pods/Target Support Files/Pods-GroupBrowser/Pods-GroupBrowser.debug.xcconfig"; sourceTree = "<group>"; };
		3C01DDC12D93F4ED8052F734 /* Pods-GroupBrowser.release.xcconfig */ = {isa = PBXFileReference; includeInIndex = 1; lastKnownFileType = text.xcconfig; name = "Pods-GroupBrowser.release.xcconfig"; path = "Pods/Target Support Files/Pods-GroupBrowser/Pods-GroupBrowser.release.xcconfig"; sourceTree = "<group>"; };
		4289CCA45768224AE5ED488F /* Pods-AcceptanceTests.debug.xcconfig */ = {isa = PBXFileReference; includeInIndex = 1; lastKnownFileType = text.xcconfig; name = "Pods-AcceptanceTests.debug.xcconfig"; path = "Pods/Target Support Files/Pods-AcceptanceTests/Pods-AcceptanceTests.debug.xcconfig"; sourceTree = "<group>"; };
		5860EDF2DB7B96A923EE56C5 /* Pods_Marketplace.framework */ = {isa = PBXFileReference; explicitFileType = wrapper.framework; includeInIndex = 0; path = Pods_Marketplace.framework; sourceTree = BUILT_PRODUCTS_DIR; };
		6EAFD3BE5E21D8B8DEC0AB35 /* Pods-AcceptanceTests.release.xcconfig */ = {isa = PBXFileReference; includeInIndex = 1; lastKnownFileType = text.xcconfig; name = "Pods-AcceptanceTests.release.xcconfig"; path = "Pods/Target Support Files/Pods-AcceptanceTests/Pods-AcceptanceTests.release.xcconfig"; sourceTree = "<group>"; };
		7DCF0A76C8BF67D69D939733 /* Pods_GroupBrowser.framework */ = {isa = PBXFileReference; explicitFileType = wrapper.framework; includeInIndex = 0; path = Pods_GroupBrowser.framework; sourceTree = BUILT_PRODUCTS_DIR; };
		85B4912FF4B9CF29512701CE /* Pods-LogicTests.debug.xcconfig */ = {isa = PBXFileReference; includeInIndex = 1; lastKnownFileType = text.xcconfig; name = "Pods-LogicTests.debug.xcconfig"; path = "Pods/Target Support Files/Pods-LogicTests/Pods-LogicTests.debug.xcconfig"; sourceTree = "<group>"; };
		8DEB216AD534D3A58535DB2B /* Pods_AcceptanceTests.framework */ = {isa = PBXFileReference; explicitFileType = wrapper.framework; includeInIndex = 0; path = Pods_AcceptanceTests.framework; sourceTree = BUILT_PRODUCTS_DIR; };
		9114D7BE59BDE078516E9BE9 /* Pods_LogicTests.framework */ = {isa = PBXFileReference; explicitFileType = wrapper.framework; includeInIndex = 0; path = Pods_LogicTests.framework; sourceTree = BUILT_PRODUCTS_DIR; };
		C81D0F3F1F28E499007481A2 /* LogicTests.xctest */ = {isa = PBXFileReference; explicitFileType = wrapper.cfbundle; includeInIndex = 0; path = LogicTests.xctest; sourceTree = BUILT_PRODUCTS_DIR; };
		C820EF031F2B9BC90036822A /* GroupBrowser.app */ = {isa = PBXFileReference; explicitFileType = wrapper.application; includeInIndex = 0; path = GroupBrowser.app; sourceTree = BUILT_PRODUCTS_DIR; };
		C82EE9EAD9E52D124EFE85BB /* Pods-Marketplace.release.xcconfig */ = {isa = PBXFileReference; includeInIndex = 1; lastKnownFileType = text.xcconfig; name = "Pods-Marketplace.release.xcconfig"; path = "Pods/Target Support Files/Pods-Marketplace/Pods-Marketplace.release.xcconfig"; sourceTree = "<group>"; };
		C8383DA01F322FE800AD92CF /* AppCoordinator.swift */ = {isa = PBXFileReference; fileEncoding = 4; lastKnownFileType = sourcecode.swift; path = AppCoordinator.swift; sourceTree = "<group>"; };
		C8383DA11F322FE800AD92CF /* AppDelegate.swift */ = {isa = PBXFileReference; fileEncoding = 4; lastKnownFileType = sourcecode.swift; path = AppDelegate.swift; sourceTree = "<group>"; };
		C8383DA21F322FE800AD92CF /* NavigationAppCoordinator.swift */ = {isa = PBXFileReference; fileEncoding = 4; lastKnownFileType = sourcecode.swift; path = NavigationAppCoordinator.swift; sourceTree = "<group>"; };
		C8383DA31F322FE800AD92CF /* SplitAppCoordinator.swift */ = {isa = PBXFileReference; fileEncoding = 4; lastKnownFileType = sourcecode.swift; path = SplitAppCoordinator.swift; sourceTree = "<group>"; };
		C8383DA41F322FE800AD92CF /* Assets.xcassets */ = {isa = PBXFileReference; lastKnownFileType = folder.assetcatalog; path = Assets.xcassets; sourceTree = "<group>"; };
		C8383DA61F322FE800AD92CF /* Base */ = {isa = PBXFileReference; lastKnownFileType = file.storyboard; name = Base; path = Base.lproj/LaunchScreen.storyboard; sourceTree = "<group>"; };
		C8383DA71F322FE800AD92CF /* Info.plist */ = {isa = PBXFileReference; fileEncoding = 4; lastKnownFileType = text.plist.xml; path = Info.plist; sourceTree = "<group>"; };
		C8383DAB1F322FE800AD92CF /* AdvertListCoordinator.swift */ = {isa = PBXFileReference; fileEncoding = 4; lastKnownFileType = sourcecode.swift; path = AdvertListCoordinator.swift; sourceTree = "<group>"; };
		C8383DAC1F322FE800AD92CF /* AdvertListFeature.swift */ = {isa = PBXFileReference; fileEncoding = 4; lastKnownFileType = sourcecode.swift; path = AdvertListFeature.swift; sourceTree = "<group>"; };
		C8383DAD1F322FE800AD92CF /* AdvertListFormatter.swift */ = {isa = PBXFileReference; fileEncoding = 4; lastKnownFileType = sourcecode.swift; path = AdvertListFormatter.swift; sourceTree = "<group>"; };
		C8383DAE1F322FE800AD92CF /* AdvertListInteractor.swift */ = {isa = PBXFileReference; fileEncoding = 4; lastKnownFileType = sourcecode.swift; path = AdvertListInteractor.swift; sourceTree = "<group>"; };
		C8383DAF1F322FE800AD92CF /* AdvertListView.swift */ = {isa = PBXFileReference; fileEncoding = 4; lastKnownFileType = sourcecode.swift; path = AdvertListView.swift; sourceTree = "<group>"; };
		C8383DB11F322FE800AD92CF /* AdvertListViewSpy.swift */ = {isa = PBXFileReference; fileEncoding = 4; lastKnownFileType = sourcecode.swift; path = AdvertListViewSpy.swift; sourceTree = "<group>"; };
		C8383DB21F322FE800AD92CF /* FakeAdvertListViewFactory.swift */ = {isa = PBXFileReference; fileEncoding = 4; lastKnownFileType = sourcecode.swift; path = FakeAdvertListViewFactory.swift; sourceTree = "<group>"; };
		C8383DB41F322FE800AD92CF /* AdvertListFormatterTests.swift */ = {isa = PBXFileReference; fileEncoding = 4; lastKnownFileType = sourcecode.swift; path = AdvertListFormatterTests.swift; sourceTree = "<group>"; };
		C8383DB51F322FE800AD92CF /* AdvertListInteractorTests.swift */ = {isa = PBXFileReference; fileEncoding = 4; lastKnownFileType = sourcecode.swift; path = AdvertListInteractorTests.swift; sourceTree = "<group>"; };
		C8383DB71F322FE800AD92CF /* AdvertListViewController.swift */ = {isa = PBXFileReference; fileEncoding = 4; lastKnownFileType = sourcecode.swift; path = AdvertListViewController.swift; sourceTree = "<group>"; };
		C8383DBA1F322FE800AD92CF /* AdvertDetailFormatter.swift */ = {isa = PBXFileReference; fileEncoding = 4; lastKnownFileType = sourcecode.swift; path = AdvertDetailFormatter.swift; sourceTree = "<group>"; };
		C8383DBB1F322FE800AD92CF /* DiscoveryInteractor.swift */ = {isa = PBXFileReference; fileEncoding = 4; lastKnownFileType = sourcecode.swift; path = DiscoveryInteractor.swift; sourceTree = "<group>"; };
		C8383DBD1F322FE800AD92CF /* NavigationDiscoveryCoordinator.swift */ = {isa = PBXFileReference; fileEncoding = 4; lastKnownFileType = sourcecode.swift; path = NavigationDiscoveryCoordinator.swift; sourceTree = "<group>"; };
		C8383DBE1F322FE800AD92CF /* NavigationDiscoveryFeature.swift */ = {isa = PBXFileReference; fileEncoding = 4; lastKnownFileType = sourcecode.swift; path = NavigationDiscoveryFeature.swift; sourceTree = "<group>"; };
		C8383DC01F322FE800AD92CF /* SplitDiscoveryCoordinator.swift */ = {isa = PBXFileReference; fileEncoding = 4; lastKnownFileType = sourcecode.swift; path = SplitDiscoveryCoordinator.swift; sourceTree = "<group>"; };
		C8383DC11F322FE800AD92CF /* SplitDiscoveryFeature.swift */ = {isa = PBXFileReference; fileEncoding = 4; lastKnownFileType = sourcecode.swift; path = SplitDiscoveryFeature.swift; sourceTree = "<group>"; };
		C8383DC31F322FE800AD92CF /* DiscoveryDetailFormatterTests.swift */ = {isa = PBXFileReference; fileEncoding = 4; lastKnownFileType = sourcecode.swift; path = DiscoveryDetailFormatterTests.swift; sourceTree = "<group>"; };
		C8383DC41F322FE800AD92CF /* DiscoveryInteractorTests.swift */ = {isa = PBXFileReference; fileEncoding = 4; lastKnownFileType = sourcecode.swift; path = DiscoveryInteractorTests.swift; sourceTree = "<group>"; };
		C8383DC91F322FE800AD92CF /* AlternatingInsertionFeature.swift */ = {isa = PBXFileReference; fileEncoding = 4; lastKnownFileType = sourcecode.swift; path = AlternatingInsertionFeature.swift; sourceTree = "<group>"; };
		C8383DCB1F322FE800AD92CF /* AutoGroupInsertionCoordinator.swift */ = {isa = PBXFileReference; fileEncoding = 4; lastKnownFileType = sourcecode.swift; path = AutoGroupInsertionCoordinator.swift; sourceTree = "<group>"; };
		C8383DCC1F322FE800AD92CF /* AutoGroupInsertionFeature.swift */ = {isa = PBXFileReference; fileEncoding = 4; lastKnownFileType = sourcecode.swift; path = AutoGroupInsertionFeature.swift; sourceTree = "<group>"; };
		C8383DCD1F322FE800AD92CF /* AutoGroupInsertionInteractor.swift */ = {isa = PBXFileReference; fileEncoding = 4; lastKnownFileType = sourcecode.swift; path = AutoGroupInsertionInteractor.swift; sourceTree = "<group>"; };
		C8383DCE1F322FE800AD92CF /* GroupRecommendationService.swift */ = {isa = PBXFileReference; fileEncoding = 4; lastKnownFileType = sourcecode.swift; path = GroupRecommendationService.swift; sourceTree = "<group>"; };
		C8383DCF1F322FE800AD92CF /* MockGroupRecommendationService.swift */ = {isa = PBXFileReference; fileEncoding = 4; lastKnownFileType = sourcecode.swift; path = MockGroupRecommendationService.swift; sourceTree = "<group>"; };
		C8383DD01F322FE800AD92CF /* InsertionCoordinator.swift */ = {isa = PBXFileReference; fileEncoding = 4; lastKnownFileType = sourcecode.swift; path = InsertionCoordinator.swift; sourceTree = "<group>"; };
		C8383DD11F322FE800AD92CF /* InsertionFeature.swift */ = {isa = PBXFileReference; fileEncoding = 4; lastKnownFileType = sourcecode.swift; path = InsertionFeature.swift; sourceTree = "<group>"; };
		C8383DD21F322FE800AD92CF /* InsertionInteractor.swift */ = {isa = PBXFileReference; fileEncoding = 4; lastKnownFileType = sourcecode.swift; path = InsertionInteractor.swift; sourceTree = "<group>"; };
		C8383DD41F322FE800AD92CF /* ManualGroupInsertionCoordinator.swift */ = {isa = PBXFileReference; fileEncoding = 4; lastKnownFileType = sourcecode.swift; path = ManualGroupInsertionCoordinator.swift; sourceTree = "<group>"; };
		C8383DD51F322FE800AD92CF /* ManualGroupInsertionFeature.swift */ = {isa = PBXFileReference; fileEncoding = 4; lastKnownFileType = sourcecode.swift; path = ManualGroupInsertionFeature.swift; sourceTree = "<group>"; };
		C8383DD61F322FE800AD92CF /* TextEntryStepView.swift */ = {isa = PBXFileReference; fileEncoding = 4; lastKnownFileType = sourcecode.swift; path = TextEntryStepView.swift; sourceTree = "<group>"; };
		C8383DD71F322FE800AD92CF /* TitleStepFormatter.swift */ = {isa = PBXFileReference; fileEncoding = 4; lastKnownFileType = sourcecode.swift; path = TitleStepFormatter.swift; sourceTree = "<group>"; };
		C8383DD91F322FE800AD92CF /* FakeTextEntryStepViewFactory.swift */ = {isa = PBXFileReference; fileEncoding = 4; lastKnownFileType = sourcecode.swift; path = FakeTextEntryStepViewFactory.swift; sourceTree = "<group>"; };
		C8383DDA1F322FE800AD92CF /* TextEntryStepViewSpy.swift */ = {isa = PBXFileReference; fileEncoding = 4; lastKnownFileType = sourcecode.swift; path = TextEntryStepViewSpy.swift; sourceTree = "<group>"; };
		C8383DDC1F322FE800AD92CF /* TextEntryStepViewController.storyboard */ = {isa = PBXFileReference; fileEncoding = 4; lastKnownFileType = file.storyboard; path = TextEntryStepViewController.storyboard; sourceTree = "<group>"; };
		C8383DDD1F322FE800AD92CF /* TextEntryStepViewController.swift */ = {isa = PBXFileReference; fileEncoding = 4; lastKnownFileType = sourcecode.swift; path = TextEntryStepViewController.swift; sourceTree = "<group>"; };
		C8383DE01F322FE800AD92CF /* AppCoordinator.swift */ = {isa = PBXFileReference; fileEncoding = 4; lastKnownFileType = sourcecode.swift; path = AppCoordinator.swift; sourceTree = "<group>"; };
		C8383DE11F322FE800AD92CF /* AppDelegate.swift */ = {isa = PBXFileReference; fileEncoding = 4; lastKnownFileType = sourcecode.swift; path = AppDelegate.swift; sourceTree = "<group>"; };
		C8383DE21F322FE800AD92CF /* GroupDetailFormatter.swift */ = {isa = PBXFileReference; fileEncoding = 4; lastKnownFileType = sourcecode.swift; path = GroupDetailFormatter.swift; sourceTree = "<group>"; };
		C8383DE31F322FE800AD92CF /* Assets.xcassets */ = {isa = PBXFileReference; lastKnownFileType = folder.assetcatalog; path = Assets.xcassets; sourceTree = "<group>"; };
		C8383DE51F322FE800AD92CF /* Base */ = {isa = PBXFileReference; lastKnownFileType = file.storyboard; name = Base; path = Base.lproj/LaunchScreen.storyboard; sourceTree = "<group>"; };
		C8383DE61F322FE800AD92CF /* Info.plist */ = {isa = PBXFileReference; fileEncoding = 4; lastKnownFileType = text.plist.xml; path = Info.plist; sourceTree = "<group>"; };
		C8383DEA1F322FE800AD92CF /* ItemDetailView.swift */ = {isa = PBXFileReference; fileEncoding = 4; lastKnownFileType = sourcecode.swift; path = ItemDetailView.swift; sourceTree = "<group>"; };
		C8383DEC1F322FE800AD92CF /* FakeItemDetailViewFactory.swift */ = {isa = PBXFileReference; fileEncoding = 4; lastKnownFileType = sourcecode.swift; path = FakeItemDetailViewFactory.swift; sourceTree = "<group>"; };
		C8383DED1F322FE800AD92CF /* ItemDetailViewSpy.swift */ = {isa = PBXFileReference; fileEncoding = 4; lastKnownFileType = sourcecode.swift; path = ItemDetailViewSpy.swift; sourceTree = "<group>"; };
		C8383DEF1F322FE800AD92CF /* ItemDetailViewController.storyboard */ = {isa = PBXFileReference; fileEncoding = 4; lastKnownFileType = file.storyboard; path = ItemDetailViewController.storyboard; sourceTree = "<group>"; };
		C8383DF01F322FE800AD92CF /* ItemDetailViewController.swift */ = {isa = PBXFileReference; fileEncoding = 4; lastKnownFileType = sourcecode.swift; path = ItemDetailViewController.swift; sourceTree = "<group>"; };
		C84C23171F17AB770038E879 /* Marketplace.app */ = {isa = PBXFileReference; explicitFileType = wrapper.application; includeInIndex = 0; path = Marketplace.app; sourceTree = BUILT_PRODUCTS_DIR; };
		C87C49E21F2A9EE400799AD3 /* AcceptanceTests.app */ = {isa = PBXFileReference; explicitFileType = wrapper.application; includeInIndex = 0; path = AcceptanceTests.app; sourceTree = BUILT_PRODUCTS_DIR; };
		C87C49E51F2A9EE500799AD3 /* AcceptanceTests.m */ = {isa = PBXFileReference; lastKnownFileType = sourcecode.c.objc; path = AcceptanceTests.m; sourceTree = "<group>"; };
		C87C49EA1F2A9EE500799AD3 /* SlimTables.h */ = {isa = PBXFileReference; lastKnownFileType = sourcecode.c.h; path = SlimTables.h; sourceTree = "<group>"; };
		C87C49EB1F2A9EE500799AD3 /* AcceptanceTests-Bridging-Header.h */ = {isa = PBXFileReference; lastKnownFileType = sourcecode.c.h; path = "AcceptanceTests-Bridging-Header.h"; sourceTree = "<group>"; };
		C87C49EE1F2A9EE500799AD3 /* Info.plist */ = {isa = PBXFileReference; lastKnownFileType = text.plist.xml; path = Info.plist; sourceTree = "<group>"; };
		C89739F61F32784200FF4F91 /* Calculator.app */ = {isa = PBXFileReference; explicitFileType = wrapper.application; includeInIndex = 0; path = Calculator.app; sourceTree = BUILT_PRODUCTS_DIR; };
		C89739F81F32784200FF4F91 /* AppDelegate.swift */ = {isa = PBXFileReference; lastKnownFileType = sourcecode.swift; path = AppDelegate.swift; sourceTree = "<group>"; };
		C89739FA1F32784200FF4F91 /* CalculatorViewController.swift */ = {isa = PBXFileReference; lastKnownFileType = sourcecode.swift; path = CalculatorViewController.swift; sourceTree = "<group>"; };
		C89739FD1F32784200FF4F91 /* Base */ = {isa = PBXFileReference; lastKnownFileType = file.storyboard; name = Base; path = Base.lproj/CalculatorViewController.storyboard; sourceTree = "<group>"; };
		C89739FF1F32784200FF4F91 /* Assets.xcassets */ = {isa = PBXFileReference; lastKnownFileType = folder.assetcatalog; path = Assets.xcassets; sourceTree = "<group>"; };
		C8973A021F32784200FF4F91 /* Base */ = {isa = PBXFileReference; lastKnownFileType = file.storyboard; name = Base; path = Base.lproj/LaunchScreen.storyboard; sourceTree = "<group>"; };
		C8973A041F32784200FF4F91 /* Info.plist */ = {isa = PBXFileReference; lastKnownFileType = text.plist.xml; path = Info.plist; sourceTree = "<group>"; };
		C8973A091F32795600FF4F91 /* CalculatorCoordinator.swift */ = {isa = PBXFileReference; lastKnownFileType = sourcecode.swift; path = CalculatorCoordinator.swift; sourceTree = "<group>"; };
		C8973A0B1F32797400FF4F91 /* CalculatorFormatter.swift */ = {isa = PBXFileReference; lastKnownFileType = sourcecode.swift; path = CalculatorFormatter.swift; sourceTree = "<group>"; };
		C8973A0D1F32798F00FF4F91 /* CalculatorInteractor.swift */ = {isa = PBXFileReference; lastKnownFileType = sourcecode.swift; path = CalculatorInteractor.swift; sourceTree = "<group>"; };
		C8973A0F1F3279F300FF4F91 /* AppCoordinator.swift */ = {isa = PBXFileReference; lastKnownFileType = sourcecode.swift; path = AppCoordinator.swift; sourceTree = "<group>"; };
		C8C3B6EE1F33246B007F229D /* GivenTheseAdverts.swift */ = {isa = PBXFileReference; fileEncoding = 4; lastKnownFileType = sourcecode.swift; path = GivenTheseAdverts.swift; sourceTree = "<group>"; };
		C8C3B6EF1F33246B007F229D /* GivenTheseGroups.swift */ = {isa = PBXFileReference; fileEncoding = 4; lastKnownFileType = sourcecode.swift; path = GivenTheseGroups.swift; sourceTree = "<group>"; };
		C8C3B6F01F33246B007F229D /* ListDisplaysAdverts.swift */ = {isa = PBXFileReference; fileEncoding = 4; lastKnownFileType = sourcecode.swift; path = ListDisplaysAdverts.swift; sourceTree = "<group>"; };
		C8C3B6F11F33246B007F229D /* SelectAdvertOnPhone.swift */ = {isa = PBXFileReference; fileEncoding = 4; lastKnownFileType = sourcecode.swift; path = SelectAdvertOnPhone.swift; sourceTree = "<group>"; };
		C8C3B6F21F33246B007F229D /* SelectAdvertOnTablet.swift */ = {isa = PBXFileReference; fileEncoding = 4; lastKnownFileType = sourcecode.swift; path = SelectAdvertOnTablet.swift; sourceTree = "<group>"; };
		C8C3B6F81F332949007F229D /* README.md */ = {isa = PBXFileReference; lastKnownFileType = net.daringfireball.markdown; path = README.md; sourceTree = "<group>"; };
		FF37998CCE504E02185F8EE4 /* Pods-Marketplace.debug.xcconfig */ = {isa = PBXFileReference; includeInIndex = 1; lastKnownFileType = text.xcconfig; name = "Pods-Marketplace.debug.xcconfig"; path = "Pods/Target Support Files/Pods-Marketplace/Pods-Marketplace.debug.xcconfig"; sourceTree = "<group>"; };
/* End PBXFileReference section */

/* Begin PBXFrameworksBuildPhase section */
		C81D0F3C1F28E499007481A2 /* Frameworks */ = {
			isa = PBXFrameworksBuildPhase;
			buildActionMask = 2147483647;
			files = (
				DB6C496DFCF9FC07E5AE750A /* Pods_LogicTests.framework in Frameworks */,
			);
			runOnlyForDeploymentPostprocessing = 0;
		};
		C820EF001F2B9BC90036822A /* Frameworks */ = {
			isa = PBXFrameworksBuildPhase;
			buildActionMask = 2147483647;
			files = (
				602EA8C4A4BA1E62622EF524 /* Pods_GroupBrowser.framework in Frameworks */,
			);
			runOnlyForDeploymentPostprocessing = 0;
		};
		C84C23141F17AB770038E879 /* Frameworks */ = {
			isa = PBXFrameworksBuildPhase;
			buildActionMask = 2147483647;
			files = (
				34D684007F4396AE2708D6A6 /* Pods_Marketplace.framework in Frameworks */,
			);
			runOnlyForDeploymentPostprocessing = 0;
		};
		C87C49DE1F2A9EE400799AD3 /* Frameworks */ = {
			isa = PBXFrameworksBuildPhase;
			buildActionMask = 2147483647;
			files = (
				E98C63F88426C5984E425F7C /* Pods_AcceptanceTests.framework in Frameworks */,
			);
			runOnlyForDeploymentPostprocessing = 0;
		};
		C89739F31F32784200FF4F91 /* Frameworks */ = {
			isa = PBXFrameworksBuildPhase;
			buildActionMask = 2147483647;
			files = (
			);
			runOnlyForDeploymentPostprocessing = 0;
		};
/* End PBXFrameworksBuildPhase section */

/* Begin PBXGroup section */
		965A39D188FECE06AD5A6A2F /* Frameworks */ = {
			isa = PBXGroup;
			children = (
				9114D7BE59BDE078516E9BE9 /* Pods_LogicTests.framework */,
				8DEB216AD534D3A58535DB2B /* Pods_AcceptanceTests.framework */,
				7DCF0A76C8BF67D69D939733 /* Pods_GroupBrowser.framework */,
				5860EDF2DB7B96A923EE56C5 /* Pods_Marketplace.framework */,
			);
			name = Frameworks;
			sourceTree = "<group>";
		};
		AEFE66DE01249A53C2BF0E81 /* Pods */ = {
			isa = PBXGroup;
			children = (
				85B4912FF4B9CF29512701CE /* Pods-LogicTests.debug.xcconfig */,
				06DC4658A54F932C0655AC7F /* Pods-LogicTests.release.xcconfig */,
				4289CCA45768224AE5ED488F /* Pods-AcceptanceTests.debug.xcconfig */,
				6EAFD3BE5E21D8B8DEC0AB35 /* Pods-AcceptanceTests.release.xcconfig */,
				30A43C5AB424D1E6D5C4362B /* Pods-GroupBrowser.debug.xcconfig */,
				3C01DDC12D93F4ED8052F734 /* Pods-GroupBrowser.release.xcconfig */,
				FF37998CCE504E02185F8EE4 /* Pods-Marketplace.debug.xcconfig */,
				C82EE9EAD9E52D124EFE85BB /* Pods-Marketplace.release.xcconfig */,
			);
			name = Pods;
			sourceTree = "<group>";
		};
		C8383D9D1F322FE800AD92CF /* Apps */ = {
			isa = PBXGroup;
			children = (
				C89739F71F32784200FF4F91 /* Calculator */,
				C8383D9E1F322FE800AD92CF /* Marketplace */,
				C8383DDE1F322FE800AD92CF /* GroupBrowser */,
				C8383DE71F322FE800AD92CF /* Shared */,
			);
			path = Apps;
			sourceTree = "<group>";
		};
		C8383D9E1F322FE800AD92CF /* Marketplace */ = {
			isa = PBXGroup;
			children = (
				C8383D9F1F322FE800AD92CF /* App */,
				C8383DA81F322FE800AD92CF /* Shared */,
				C8383E7F1F32710B00AD92CF /* Resources */,
			);
			path = Marketplace;
			sourceTree = "<group>";
		};
		C8383D9F1F322FE800AD92CF /* App */ = {
			isa = PBXGroup;
			children = (
				C8383DA11F322FE800AD92CF /* AppDelegate.swift */,
				C8383DA01F322FE800AD92CF /* AppCoordinator.swift */,
				C8383DA21F322FE800AD92CF /* NavigationAppCoordinator.swift */,
				C8383DA31F322FE800AD92CF /* SplitAppCoordinator.swift */,
			);
			path = App;
			sourceTree = "<group>";
		};
		C8383DA81F322FE800AD92CF /* Shared */ = {
			isa = PBXGroup;
			children = (
				C8383DA91F322FE800AD92CF /* AdvertListFeature */,
				C8383DB81F322FE800AD92CF /* DiscoveryFeature */,
				C8383DC61F322FE800AD92CF /* InsertionFeature */,
			);
			path = Shared;
			sourceTree = "<group>";
		};
		C8383DA91F322FE800AD92CF /* AdvertListFeature */ = {
			isa = PBXGroup;
			children = (
				C8383DAA1F322FE800AD92CF /* Core */,
				C8383DB01F322FE800AD92CF /* Fakes */,
				C8383DB31F322FE800AD92CF /* Tests */,
				C8383DB61F322FE800AD92CF /* UIKit */,
			);
			path = AdvertListFeature;
			sourceTree = "<group>";
		};
		C8383DAA1F322FE800AD92CF /* Core */ = {
			isa = PBXGroup;
			children = (
				C8383DAB1F322FE800AD92CF /* AdvertListCoordinator.swift */,
				C8383DAC1F322FE800AD92CF /* AdvertListFeature.swift */,
				C8383DAD1F322FE800AD92CF /* AdvertListFormatter.swift */,
				C8383DAE1F322FE800AD92CF /* AdvertListInteractor.swift */,
				C8383DAF1F322FE800AD92CF /* AdvertListView.swift */,
			);
			path = Core;
			sourceTree = "<group>";
		};
		C8383DB01F322FE800AD92CF /* Fakes */ = {
			isa = PBXGroup;
			children = (
				C8383DB11F322FE800AD92CF /* AdvertListViewSpy.swift */,
				C8383DB21F322FE800AD92CF /* FakeAdvertListViewFactory.swift */,
			);
			path = Fakes;
			sourceTree = "<group>";
		};
		C8383DB31F322FE800AD92CF /* Tests */ = {
			isa = PBXGroup;
			children = (
				C8383DB41F322FE800AD92CF /* AdvertListFormatterTests.swift */,
				C8383DB51F322FE800AD92CF /* AdvertListInteractorTests.swift */,
			);
			path = Tests;
			sourceTree = "<group>";
		};
		C8383DB61F322FE800AD92CF /* UIKit */ = {
			isa = PBXGroup;
			children = (
				C8383DB71F322FE800AD92CF /* AdvertListViewController.swift */,
			);
			path = UIKit;
			sourceTree = "<group>";
		};
		C8383DB81F322FE800AD92CF /* DiscoveryFeature */ = {
			isa = PBXGroup;
			children = (
				C8383DB91F322FE800AD92CF /* Core */,
				C8383DC21F322FE800AD92CF /* Tests */,
			);
			path = DiscoveryFeature;
			sourceTree = "<group>";
		};
		C8383DB91F322FE800AD92CF /* Core */ = {
			isa = PBXGroup;
			children = (
				C8383DBA1F322FE800AD92CF /* AdvertDetailFormatter.swift */,
				C8383DBB1F322FE800AD92CF /* DiscoveryInteractor.swift */,
				C8383DBC1F322FE800AD92CF /* NavigationDiscoveryFeature */,
				C8383DBF1F322FE800AD92CF /* SplitDiscoveryFeature */,
			);
			path = Core;
			sourceTree = "<group>";
		};
		C8383DBC1F322FE800AD92CF /* NavigationDiscoveryFeature */ = {
			isa = PBXGroup;
			children = (
				C8383DBD1F322FE800AD92CF /* NavigationDiscoveryCoordinator.swift */,
				C8383DBE1F322FE800AD92CF /* NavigationDiscoveryFeature.swift */,
			);
			path = NavigationDiscoveryFeature;
			sourceTree = "<group>";
		};
		C8383DBF1F322FE800AD92CF /* SplitDiscoveryFeature */ = {
			isa = PBXGroup;
			children = (
				C8383DC01F322FE800AD92CF /* SplitDiscoveryCoordinator.swift */,
				C8383DC11F322FE800AD92CF /* SplitDiscoveryFeature.swift */,
			);
			path = SplitDiscoveryFeature;
			sourceTree = "<group>";
		};
		C8383DC21F322FE800AD92CF /* Tests */ = {
			isa = PBXGroup;
			children = (
				C8383DC31F322FE800AD92CF /* DiscoveryDetailFormatterTests.swift */,
				C8383DC41F322FE800AD92CF /* DiscoveryInteractorTests.swift */,
			);
			path = Tests;
			sourceTree = "<group>";
		};
		C8383DC61F322FE800AD92CF /* InsertionFeature */ = {
			isa = PBXGroup;
			children = (
				C8383DC71F322FE800AD92CF /* Core */,
				C8383DD81F322FE800AD92CF /* Fakes */,
				C8383DDB1F322FE800AD92CF /* UIKit */,
			);
			path = InsertionFeature;
			sourceTree = "<group>";
		};
		C8383DC71F322FE800AD92CF /* Core */ = {
			isa = PBXGroup;
			children = (
				C8383DC81F322FE800AD92CF /* AlternatingInsertionFeature */,
				C8383DCA1F322FE800AD92CF /* AutoGroupInsertionFeature */,
				C8383DD01F322FE800AD92CF /* InsertionCoordinator.swift */,
				C8383DD11F322FE800AD92CF /* InsertionFeature.swift */,
				C8383DD21F322FE800AD92CF /* InsertionInteractor.swift */,
				C8383DD31F322FE800AD92CF /* ManualGroupInsertionFeature */,
				C8383DD61F322FE800AD92CF /* TextEntryStepView.swift */,
				C8383DD71F322FE800AD92CF /* TitleStepFormatter.swift */,
			);
			path = Core;
			sourceTree = "<group>";
		};
		C8383DC81F322FE800AD92CF /* AlternatingInsertionFeature */ = {
			isa = PBXGroup;
			children = (
				C8383DC91F322FE800AD92CF /* AlternatingInsertionFeature.swift */,
			);
			path = AlternatingInsertionFeature;
			sourceTree = "<group>";
		};
		C8383DCA1F322FE800AD92CF /* AutoGroupInsertionFeature */ = {
			isa = PBXGroup;
			children = (
				C8383DCB1F322FE800AD92CF /* AutoGroupInsertionCoordinator.swift */,
				C8383DCC1F322FE800AD92CF /* AutoGroupInsertionFeature.swift */,
				C8383DCD1F322FE800AD92CF /* AutoGroupInsertionInteractor.swift */,
				C8383DCE1F322FE800AD92CF /* GroupRecommendationService.swift */,
				C8383DCF1F322FE800AD92CF /* MockGroupRecommendationService.swift */,
			);
			path = AutoGroupInsertionFeature;
			sourceTree = "<group>";
		};
		C8383DD31F322FE800AD92CF /* ManualGroupInsertionFeature */ = {
			isa = PBXGroup;
			children = (
				C8383DD41F322FE800AD92CF /* ManualGroupInsertionCoordinator.swift */,
				C8383DD51F322FE800AD92CF /* ManualGroupInsertionFeature.swift */,
			);
			path = ManualGroupInsertionFeature;
			sourceTree = "<group>";
		};
		C8383DD81F322FE800AD92CF /* Fakes */ = {
			isa = PBXGroup;
			children = (
				C8383DD91F322FE800AD92CF /* FakeTextEntryStepViewFactory.swift */,
				C8383DDA1F322FE800AD92CF /* TextEntryStepViewSpy.swift */,
			);
			path = Fakes;
			sourceTree = "<group>";
		};
		C8383DDB1F322FE800AD92CF /* UIKit */ = {
			isa = PBXGroup;
			children = (
				C8383DDC1F322FE800AD92CF /* TextEntryStepViewController.storyboard */,
				C8383DDD1F322FE800AD92CF /* TextEntryStepViewController.swift */,
			);
			path = UIKit;
			sourceTree = "<group>";
		};
		C8383DDE1F322FE800AD92CF /* GroupBrowser */ = {
			isa = PBXGroup;
			children = (
				C8383DDF1F322FE800AD92CF /* App */,
				C8383E801F32713100AD92CF /* Resources */,
			);
			path = GroupBrowser;
			sourceTree = "<group>";
		};
		C8383DDF1F322FE800AD92CF /* App */ = {
			isa = PBXGroup;
			children = (
				C8383DE11F322FE800AD92CF /* AppDelegate.swift */,
				C8383DE01F322FE800AD92CF /* AppCoordinator.swift */,
				C8383DE21F322FE800AD92CF /* GroupDetailFormatter.swift */,
			);
			path = App;
			sourceTree = "<group>";
		};
		C8383DE71F322FE800AD92CF /* Shared */ = {
			isa = PBXGroup;
			children = (
				C8383DE81F322FE800AD92CF /* ItemDetailView */,
			);
			path = Shared;
			sourceTree = "<group>";
		};
		C8383DE81F322FE800AD92CF /* ItemDetailView */ = {
			isa = PBXGroup;
			children = (
				C8383DE91F322FE800AD92CF /* Core */,
				C8383DEB1F322FE800AD92CF /* Fakes */,
				C8383DEE1F322FE800AD92CF /* UIKit */,
			);
			path = ItemDetailView;
			sourceTree = "<group>";
		};
		C8383DE91F322FE800AD92CF /* Core */ = {
			isa = PBXGroup;
			children = (
				C8383DEA1F322FE800AD92CF /* ItemDetailView.swift */,
			);
			path = Core;
			sourceTree = "<group>";
		};
		C8383DEB1F322FE800AD92CF /* Fakes */ = {
			isa = PBXGroup;
			children = (
				C8383DEC1F322FE800AD92CF /* FakeItemDetailViewFactory.swift */,
				C8383DED1F322FE800AD92CF /* ItemDetailViewSpy.swift */,
			);
			path = Fakes;
			sourceTree = "<group>";
		};
		C8383DEE1F322FE800AD92CF /* UIKit */ = {
			isa = PBXGroup;
			children = (
				C8383DEF1F322FE800AD92CF /* ItemDetailViewController.storyboard */,
				C8383DF01F322FE800AD92CF /* ItemDetailViewController.swift */,
			);
			path = UIKit;
			sourceTree = "<group>";
		};
		C8383E7F1F32710B00AD92CF /* Resources */ = {
			isa = PBXGroup;
			children = (
				C8383DA41F322FE800AD92CF /* Assets.xcassets */,
				C8383DA51F322FE800AD92CF /* LaunchScreen.storyboard */,
				C8383DA71F322FE800AD92CF /* Info.plist */,
			);
			path = Resources;
			sourceTree = "<group>";
		};
		C8383E801F32713100AD92CF /* Resources */ = {
			isa = PBXGroup;
			children = (
				C8383DE31F322FE800AD92CF /* Assets.xcassets */,
				C8383DE41F322FE800AD92CF /* LaunchScreen.storyboard */,
				C8383DE61F322FE800AD92CF /* Info.plist */,
			);
			path = Resources;
			sourceTree = "<group>";
		};
		C84C230E1F17AB770038E879 = {
			isa = PBXGroup;
			children = (
				C8C3B6F81F332949007F229D /* README.md */,
				C8383D9D1F322FE800AD92CF /* Apps */,
				C87C49E31F2A9EE400799AD3 /* AcceptanceTests */,
				C84C23181F17AB770038E879 /* Products */,
				AEFE66DE01249A53C2BF0E81 /* Pods */,
				965A39D188FECE06AD5A6A2F /* Frameworks */,
			);
			sourceTree = "<group>";
		};
		C84C23181F17AB770038E879 /* Products */ = {
			isa = PBXGroup;
			children = (
				C84C23171F17AB770038E879 /* Marketplace.app */,
				C81D0F3F1F28E499007481A2 /* LogicTests.xctest */,
				C87C49E21F2A9EE400799AD3 /* AcceptanceTests.app */,
				C820EF031F2B9BC90036822A /* GroupBrowser.app */,
				C89739F61F32784200FF4F91 /* Calculator.app */,
			);
			name = Products;
			sourceTree = "<group>";
		};
		C87C49E31F2A9EE400799AD3 /* AcceptanceTests */ = {
			isa = PBXGroup;
			children = (
				C8C3B6ED1F33246B007F229D /* Fixtures */,
				C87C49E41F2A9EE500799AD3 /* Supporting Files */,
			);
			path = AcceptanceTests;
			sourceTree = "<group>";
		};
		C87C49E41F2A9EE500799AD3 /* Supporting Files */ = {
			isa = PBXGroup;
			children = (
				C87C49EE1F2A9EE500799AD3 /* Info.plist */,
				C87C49E51F2A9EE500799AD3 /* AcceptanceTests.m */,
				C87C49EA1F2A9EE500799AD3 /* SlimTables.h */,
				C87C49EB1F2A9EE500799AD3 /* AcceptanceTests-Bridging-Header.h */,
			);
			name = "Supporting Files";
			sourceTree = "<group>";
		};
		C89739F71F32784200FF4F91 /* Calculator */ = {
			isa = PBXGroup;
			children = (
				C89739F81F32784200FF4F91 /* AppDelegate.swift */,
				C8973A0F1F3279F300FF4F91 /* AppCoordinator.swift */,
				C8973A091F32795600FF4F91 /* CalculatorCoordinator.swift */,
				C8973A0D1F32798F00FF4F91 /* CalculatorInteractor.swift */,
				C8973A0B1F32797400FF4F91 /* CalculatorFormatter.swift */,
				C89739FA1F32784200FF4F91 /* CalculatorViewController.swift */,
				C89739FC1F32784200FF4F91 /* CalculatorViewController.storyboard */,
				C8973A081F32789200FF4F91 /* Resources */,
			);
			path = Calculator;
			sourceTree = "<group>";
		};
		C8973A081F32789200FF4F91 /* Resources */ = {
			isa = PBXGroup;
			children = (
				C89739FF1F32784200FF4F91 /* Assets.xcassets */,
				C8973A011F32784200FF4F91 /* LaunchScreen.storyboard */,
				C8973A041F32784200FF4F91 /* Info.plist */,
			);
			path = Resources;
			sourceTree = "<group>";
		};
		C8C3B6ED1F33246B007F229D /* Fixtures */ = {
			isa = PBXGroup;
			children = (
				C8C3B6EE1F33246B007F229D /* GivenTheseAdverts.swift */,
				C8C3B6EF1F33246B007F229D /* GivenTheseGroups.swift */,
				C8C3B6F01F33246B007F229D /* ListDisplaysAdverts.swift */,
				C8C3B6F11F33246B007F229D /* SelectAdvertOnPhone.swift */,
				C8C3B6F21F33246B007F229D /* SelectAdvertOnTablet.swift */,
			);
			path = Fixtures;
			sourceTree = "<group>";
		};
/* End PBXGroup section */

/* Begin PBXNativeTarget section */
		C81D0F3E1F28E499007481A2 /* LogicTests */ = {
			isa = PBXNativeTarget;
			buildConfigurationList = C81D0F441F28E499007481A2 /* Build configuration list for PBXNativeTarget "LogicTests" */;
			buildPhases = (
				4A4C8F76EB5BBB9F6C04A888 /* [CP] Check Pods Manifest.lock */,
				C81D0F3B1F28E499007481A2 /* Sources */,
				C81D0F3C1F28E499007481A2 /* Frameworks */,
				C81D0F3D1F28E499007481A2 /* Resources */,
				7BE0A6C56E8B2D85A49537C0 /* [CP] Embed Pods Frameworks */,
				8A6422B3E23A5E5FE44BE60A /* [CP] Copy Pods Resources */,
			);
			buildRules = (
			);
			dependencies = (
			);
			name = LogicTests;
			productName = LogicTests;
			productReference = C81D0F3F1F28E499007481A2 /* LogicTests.xctest */;
			productType = "com.apple.product-type.bundle.unit-test";
		};
		C820EF021F2B9BC90036822A /* GroupBrowser */ = {
			isa = PBXNativeTarget;
			buildConfigurationList = C820EF211F2B9BC90036822A /* Build configuration list for PBXNativeTarget "GroupBrowser" */;
			buildPhases = (
				8C76691AE6010AF743805F15 /* [CP] Check Pods Manifest.lock */,
				3C6DDE95E2E234C4945E0550 /* [Amimono] Create filelist per architecture */,
				C820EEFF1F2B9BC90036822A /* Sources */,
				C820EF001F2B9BC90036822A /* Frameworks */,
				C820EF011F2B9BC90036822A /* Resources */,
				E58EFFE7732B75A02D83D712 /* [CP] Copy Pods Resources */,
			);
			buildRules = (
			);
			dependencies = (
			);
			name = GroupBrowser;
			productName = GroupBrowser;
			productReference = C820EF031F2B9BC90036822A /* GroupBrowser.app */;
			productType = "com.apple.product-type.application";
		};
		C84C23161F17AB770038E879 /* Marketplace */ = {
			isa = PBXNativeTarget;
			buildConfigurationList = C84C23341F17AB770038E879 /* Build configuration list for PBXNativeTarget "Marketplace" */;
			buildPhases = (
				9062CA3AD5CCAA0581F9DDD6 /* [CP] Check Pods Manifest.lock */,
				3739D96B87C0F79B5A62C3CC /* [Amimono] Create filelist per architecture */,
				C84C23131F17AB770038E879 /* Sources */,
				C84C23141F17AB770038E879 /* Frameworks */,
				C84C23151F17AB770038E879 /* Resources */,
				004339F35FAB220B033841EB /* [CP] Copy Pods Resources */,
			);
			buildRules = (
			);
			dependencies = (
			);
			name = Marketplace;
			productName = Marketplace;
			productReference = C84C23171F17AB770038E879 /* Marketplace.app */;
			productType = "com.apple.product-type.application";
		};
		C87C49E11F2A9EE400799AD3 /* AcceptanceTests */ = {
			isa = PBXNativeTarget;
			buildConfigurationList = C87C49F11F2A9EE500799AD3 /* Build configuration list for PBXNativeTarget "AcceptanceTests" */;
			buildPhases = (
				72AD60C1FC5E7C2959B174F7 /* [CP] Check Pods Manifest.lock */,
				C87C49DD1F2A9EE400799AD3 /* Sources */,
				C87C49DE1F2A9EE400799AD3 /* Frameworks */,
				C87C49DF1F2A9EE400799AD3 /* Resources */,
				C87C49E01F2A9EE400799AD3 /* [OCSP] Generate Fitnesse Test System Scripts */,
				9D1538B17926639D3FAE55A5 /* [CP] Embed Pods Frameworks */,
				FFE681233226F68F29AA9B96 /* [CP] Copy Pods Resources */,
			);
			buildRules = (
			);
			dependencies = (
			);
			name = AcceptanceTests;
			productName = AcceptanceTests;
			productReference = C87C49E21F2A9EE400799AD3 /* AcceptanceTests.app */;
			productType = "com.apple.product-type.application";
		};
		C89739F51F32784200FF4F91 /* Calculator */ = {
			isa = PBXNativeTarget;
			buildConfigurationList = C8973A071F32784200FF4F91 /* Build configuration list for PBXNativeTarget "Calculator" */;
			buildPhases = (
				C89739F21F32784200FF4F91 /* Sources */,
				C89739F31F32784200FF4F91 /* Frameworks */,
				C89739F41F32784200FF4F91 /* Resources */,
			);
			buildRules = (
			);
			dependencies = (
			);
			name = Calculator;
			productName = Calculator;
			productReference = C89739F61F32784200FF4F91 /* Calculator.app */;
			productType = "com.apple.product-type.application";
		};
/* End PBXNativeTarget section */

/* Begin PBXProject section */
		C84C230F1F17AB770038E879 /* Project object */ = {
			isa = PBXProject;
			attributes = {
				LastSwiftUpdateCheck = 0900;
				LastUpgradeCheck = 0900;
				ORGANIZATIONNAME = cutting.io;
				TargetAttributes = {
					C81D0F3E1F28E499007481A2 = {
						CreatedOnToolsVersion = 9.0;
					};
					C820EF021F2B9BC90036822A = {
						CreatedOnToolsVersion = 9.0;
					};
					C84C23161F17AB770038E879 = {
						CreatedOnToolsVersion = 9.0;
						ProvisioningStyle = Automatic;
					};
					C87C49E11F2A9EE400799AD3 = {
						CreatedOnToolsVersion = 9.0;
					};
					C89739F51F32784200FF4F91 = {
						CreatedOnToolsVersion = 9.0;
					};
				};
			};
			buildConfigurationList = C84C23121F17AB770038E879 /* Build configuration list for PBXProject "Remix" */;
			compatibilityVersion = "Xcode 8.0";
			developmentRegion = en;
			hasScannedForEncodings = 0;
			knownRegions = (
				en,
				Base,
			);
			mainGroup = C84C230E1F17AB770038E879;
			productRefGroup = C84C23181F17AB770038E879 /* Products */;
			projectDirPath = "";
			projectRoot = "";
			targets = (
				C84C23161F17AB770038E879 /* Marketplace */,
				C820EF021F2B9BC90036822A /* GroupBrowser */,
				C89739F51F32784200FF4F91 /* Calculator */,
				C81D0F3E1F28E499007481A2 /* LogicTests */,
				C87C49E11F2A9EE400799AD3 /* AcceptanceTests */,
			);
		};
/* End PBXProject section */

/* Begin PBXResourcesBuildPhase section */
		C81D0F3D1F28E499007481A2 /* Resources */ = {
			isa = PBXResourcesBuildPhase;
			buildActionMask = 2147483647;
			files = (
			);
			runOnlyForDeploymentPostprocessing = 0;
		};
		C820EF011F2B9BC90036822A /* Resources */ = {
			isa = PBXResourcesBuildPhase;
			buildActionMask = 2147483647;
			files = (
				C8383E381F32307B00AD92CF /* Assets.xcassets in Resources */,
				C8383E791F3231FD00AD92CF /* ItemDetailViewController.storyboard in Resources */,
				C8383E391F32308100AD92CF /* LaunchScreen.storyboard in Resources */,
			);
			runOnlyForDeploymentPostprocessing = 0;
		};
		C84C23151F17AB770038E879 /* Resources */ = {
			isa = PBXResourcesBuildPhase;
			buildActionMask = 2147483647;
			files = (
				C8383DF51F322FE800AD92CF /* Assets.xcassets in Resources */,
				C8383DF61F322FE800AD92CF /* LaunchScreen.storyboard in Resources */,
				C8383E241F322FE800AD92CF /* ItemDetailViewController.storyboard in Resources */,
				C8383E191F322FE800AD92CF /* TextEntryStepViewController.storyboard in Resources */,
			);
			runOnlyForDeploymentPostprocessing = 0;
		};
		C87C49DF1F2A9EE400799AD3 /* Resources */ = {
			isa = PBXResourcesBuildPhase;
			buildActionMask = 2147483647;
			files = (
			);
			runOnlyForDeploymentPostprocessing = 0;
		};
		C89739F41F32784200FF4F91 /* Resources */ = {
			isa = PBXResourcesBuildPhase;
			buildActionMask = 2147483647;
			files = (
				C8973A031F32784200FF4F91 /* LaunchScreen.storyboard in Resources */,
				C8973A001F32784200FF4F91 /* Assets.xcassets in Resources */,
				C89739FE1F32784200FF4F91 /* CalculatorViewController.storyboard in Resources */,
			);
			runOnlyForDeploymentPostprocessing = 0;
		};
/* End PBXResourcesBuildPhase section */

/* Begin PBXShellScriptBuildPhase section */
		004339F35FAB220B033841EB /* [CP] Copy Pods Resources */ = {
			isa = PBXShellScriptBuildPhase;
			buildActionMask = 2147483647;
			files = (
			);
			inputPaths = (
			);
			name = "[CP] Copy Pods Resources";
			outputPaths = (
			);
			runOnlyForDeploymentPostprocessing = 0;
			shellPath = /bin/sh;
			shellScript = "\"${SRCROOT}/Pods/Target Support Files/Pods-Marketplace/Pods-Marketplace-resources.sh\"\n";
			showEnvVarsInLog = 0;
		};
		3739D96B87C0F79B5A62C3CC /* [Amimono] Create filelist per architecture */ = {
			isa = PBXShellScriptBuildPhase;
			buildActionMask = 2147483647;
			files = (
			);
			inputPaths = (
			);
			name = "[Amimono] Create filelist per architecture";
			outputPaths = (
			);
			runOnlyForDeploymentPostprocessing = 0;
			shellPath = /bin/bash;
			shellScript = "declare -a DEPENDENCIES=('Entity-Core-iOS' 'GroupSelectionFeature-Core-UIKit' 'Service-iOS' 'Utility' 'Wireframe-Core-UIKit');\nIFS=\" \" read -r -a SPLIT <<< \"$ARCHS\"\nfor ARCH in \"${SPLIT[@]}\"; do\n  cd \"$OBJROOT/Pods.build\"\n  filelist=\"\"\n  for dependency in \"${DEPENDENCIES[@]}\"; do\n    path=\"${CONFIGURATION}${EFFECTIVE_PLATFORM_NAME}/${dependency}.build/Objects-normal/${ARCH}\"\n    if [ -d \"$path\" ]; then\n      search_path=\"$path/*.o\"\n      for obj_file in $search_path; do\n        filelist+=\"${OBJROOT}/Pods.build/${obj_file}\"\n        filelist+=$'\\n'\n      done\n    fi\n  done\n  filelist=${filelist%$'\\n'}\n  echo \"$filelist\" > \"${CONFIGURATION}${EFFECTIVE_PLATFORM_NAME}-${TARGET_NAME}-${ARCH}.objects.filelist\"\ndone\n";
		};
		3C6DDE95E2E234C4945E0550 /* [Amimono] Create filelist per architecture */ = {
			isa = PBXShellScriptBuildPhase;
			buildActionMask = 2147483647;
			files = (
			);
			inputPaths = (
			);
			name = "[Amimono] Create filelist per architecture";
			outputPaths = (
			);
			runOnlyForDeploymentPostprocessing = 0;
			shellPath = /bin/bash;
			shellScript = "declare -a DEPENDENCIES=('Entity-Core-iOS' 'GroupSelectionFeature-Core-UIKit' 'Service-iOS' 'Utility' 'Wireframe-Core-UIKit');\nIFS=\" \" read -r -a SPLIT <<< \"$ARCHS\"\nfor ARCH in \"${SPLIT[@]}\"; do\n  cd \"$OBJROOT/Pods.build\"\n  filelist=\"\"\n  for dependency in \"${DEPENDENCIES[@]}\"; do\n    path=\"${CONFIGURATION}${EFFECTIVE_PLATFORM_NAME}/${dependency}.build/Objects-normal/${ARCH}\"\n    if [ -d \"$path\" ]; then\n      search_path=\"$path/*.o\"\n      for obj_file in $search_path; do\n        filelist+=\"${OBJROOT}/Pods.build/${obj_file}\"\n        filelist+=$'\\n'\n      done\n    fi\n  done\n  filelist=${filelist%$'\\n'}\n  echo \"$filelist\" > \"${CONFIGURATION}${EFFECTIVE_PLATFORM_NAME}-${TARGET_NAME}-${ARCH}.objects.filelist\"\ndone\n";
		};
		4A4C8F76EB5BBB9F6C04A888 /* [CP] Check Pods Manifest.lock */ = {
			isa = PBXShellScriptBuildPhase;
			buildActionMask = 2147483647;
			files = (
			);
			inputPaths = (
			);
			name = "[CP] Check Pods Manifest.lock";
			outputPaths = (
			);
			runOnlyForDeploymentPostprocessing = 0;
			shellPath = /bin/sh;
			shellScript = "diff \"${PODS_PODFILE_DIR_PATH}/Podfile.lock\" \"${PODS_ROOT}/Manifest.lock\" > /dev/null\nif [ $? != 0 ] ; then\n    # print error to STDERR\n    echo \"error: The sandbox is not in sync with the Podfile.lock. Run 'pod install' or update your CocoaPods installation.\" >&2\n    exit 1\nfi\n";
			showEnvVarsInLog = 0;
		};
		72AD60C1FC5E7C2959B174F7 /* [CP] Check Pods Manifest.lock */ = {
			isa = PBXShellScriptBuildPhase;
			buildActionMask = 2147483647;
			files = (
			);
			inputPaths = (
			);
			name = "[CP] Check Pods Manifest.lock";
			outputPaths = (
			);
			runOnlyForDeploymentPostprocessing = 0;
			shellPath = /bin/sh;
			shellScript = "diff \"${PODS_PODFILE_DIR_PATH}/Podfile.lock\" \"${PODS_ROOT}/Manifest.lock\" > /dev/null\nif [ $? != 0 ] ; then\n    # print error to STDERR\n    echo \"error: The sandbox is not in sync with the Podfile.lock. Run 'pod install' or update your CocoaPods installation.\" >&2\n    exit 1\nfi\n";
			showEnvVarsInLog = 0;
		};
		7BE0A6C56E8B2D85A49537C0 /* [CP] Embed Pods Frameworks */ = {
			isa = PBXShellScriptBuildPhase;
			buildActionMask = 2147483647;
			files = (
			);
			inputPaths = (
			);
			name = "[CP] Embed Pods Frameworks";
			outputPaths = (
			);
			runOnlyForDeploymentPostprocessing = 0;
			shellPath = /bin/sh;
			shellScript = "\"${SRCROOT}/Pods/Target Support Files/Pods-LogicTests/Pods-LogicTests-frameworks.sh\"\n";
			showEnvVarsInLog = 0;
		};
		8A6422B3E23A5E5FE44BE60A /* [CP] Copy Pods Resources */ = {
			isa = PBXShellScriptBuildPhase;
			buildActionMask = 2147483647;
			files = (
			);
			inputPaths = (
			);
			name = "[CP] Copy Pods Resources";
			outputPaths = (
			);
			runOnlyForDeploymentPostprocessing = 0;
			shellPath = /bin/sh;
			shellScript = "\"${SRCROOT}/Pods/Target Support Files/Pods-LogicTests/Pods-LogicTests-resources.sh\"\n";
			showEnvVarsInLog = 0;
		};
		8C76691AE6010AF743805F15 /* [CP] Check Pods Manifest.lock */ = {
			isa = PBXShellScriptBuildPhase;
			buildActionMask = 2147483647;
			files = (
			);
			inputPaths = (
			);
			name = "[CP] Check Pods Manifest.lock";
			outputPaths = (
			);
			runOnlyForDeploymentPostprocessing = 0;
			shellPath = /bin/sh;
			shellScript = "diff \"${PODS_PODFILE_DIR_PATH}/Podfile.lock\" \"${PODS_ROOT}/Manifest.lock\" > /dev/null\nif [ $? != 0 ] ; then\n    # print error to STDERR\n    echo \"error: The sandbox is not in sync with the Podfile.lock. Run 'pod install' or update your CocoaPods installation.\" >&2\n    exit 1\nfi\n";
			showEnvVarsInLog = 0;
		};
		9062CA3AD5CCAA0581F9DDD6 /* [CP] Check Pods Manifest.lock */ = {
			isa = PBXShellScriptBuildPhase;
			buildActionMask = 2147483647;
			files = (
			);
			inputPaths = (
			);
			name = "[CP] Check Pods Manifest.lock";
			outputPaths = (
			);
			runOnlyForDeploymentPostprocessing = 0;
			shellPath = /bin/sh;
			shellScript = "diff \"${PODS_PODFILE_DIR_PATH}/Podfile.lock\" \"${PODS_ROOT}/Manifest.lock\" > /dev/null\nif [ $? != 0 ] ; then\n    # print error to STDERR\n    echo \"error: The sandbox is not in sync with the Podfile.lock. Run 'pod install' or update your CocoaPods installation.\" >&2\n    exit 1\nfi\n";
			showEnvVarsInLog = 0;
		};
		9D1538B17926639D3FAE55A5 /* [CP] Embed Pods Frameworks */ = {
			isa = PBXShellScriptBuildPhase;
			buildActionMask = 2147483647;
			files = (
			);
			inputPaths = (
			);
			name = "[CP] Embed Pods Frameworks";
			outputPaths = (
			);
			runOnlyForDeploymentPostprocessing = 0;
			shellPath = /bin/sh;
			shellScript = "\"${SRCROOT}/Pods/Target Support Files/Pods-AcceptanceTests/Pods-AcceptanceTests-frameworks.sh\"\n";
			showEnvVarsInLog = 0;
		};
		C87C49E01F2A9EE400799AD3 /* [OCSP] Generate Fitnesse Test System Scripts */ = {
			isa = PBXShellScriptBuildPhase;
			buildActionMask = 2147483647;
			files = (
			);
			inputPaths = (
			);
			name = "[OCSP] Generate Fitnesse Test System Scripts";
			outputPaths = (
			);
			runOnlyForDeploymentPostprocessing = 0;
			shellPath = /bin/sh;
			shellScript = "${OCSP_SUPPORT_FILE_DIR}/ocsp-generate-fitnesse-test-system-scripts.sh \"${OCSP_BUNDLE_RESOURCES_DIR}\"";
		};
		E58EFFE7732B75A02D83D712 /* [CP] Copy Pods Resources */ = {
			isa = PBXShellScriptBuildPhase;
			buildActionMask = 2147483647;
			files = (
			);
			inputPaths = (
			);
			name = "[CP] Copy Pods Resources";
			outputPaths = (
			);
			runOnlyForDeploymentPostprocessing = 0;
			shellPath = /bin/sh;
			shellScript = "\"${SRCROOT}/Pods/Target Support Files/Pods-GroupBrowser/Pods-GroupBrowser-resources.sh\"\n";
			showEnvVarsInLog = 0;
		};
		FFE681233226F68F29AA9B96 /* [CP] Copy Pods Resources */ = {
			isa = PBXShellScriptBuildPhase;
			buildActionMask = 2147483647;
			files = (
			);
			inputPaths = (
			);
			name = "[CP] Copy Pods Resources";
			outputPaths = (
			);
			runOnlyForDeploymentPostprocessing = 0;
			shellPath = /bin/sh;
			shellScript = "\"${SRCROOT}/Pods/Target Support Files/Pods-AcceptanceTests/Pods-AcceptanceTests-resources.sh\"\n";
			showEnvVarsInLog = 0;
		};
/* End PBXShellScriptBuildPhase section */

/* Begin PBXSourcesBuildPhase section */
		C81D0F3B1F28E499007481A2 /* Sources */ = {
			isa = PBXSourcesBuildPhase;
			buildActionMask = 2147483647;
			files = (
				C8383E671F32318400AD92CF /* TextEntryStepView.swift in Sources */,
				C8383E611F32318400AD92CF /* MockGroupRecommendationService.swift in Sources */,
				C8383E7D1F32320700AD92CF /* FakeItemDetailViewFactory.swift in Sources */,
				C8383E691F32319F00AD92CF /* AdvertListCoordinator.swift in Sources */,
				C8383E7E1F32320700AD92CF /* ItemDetailViewSpy.swift in Sources */,
				C8383E781F3231F200AD92CF /* ItemDetailView.swift in Sources */,
				C8383E721F3231C000AD92CF /* NavigationDiscoveryCoordinator.swift in Sources */,
				C8383E681F32318400AD92CF /* TitleStepFormatter.swift in Sources */,
				C8383E3B1F3230D900AD92CF /* AdvertListInteractorTests.swift in Sources */,
				C8383E741F3231C000AD92CF /* SplitDiscoveryCoordinator.swift in Sources */,
				C8383E5E1F32318400AD92CF /* AutoGroupInsertionFeature.swift in Sources */,
				C8383E6C1F32319F00AD92CF /* AdvertListInteractor.swift in Sources */,
				C8383E6B1F32319F00AD92CF /* AdvertListFormatter.swift in Sources */,
				C8383E6E1F3231AF00AD92CF /* AdvertListViewSpy.swift in Sources */,
				C8383E731F3231C000AD92CF /* NavigationDiscoveryFeature.swift in Sources */,
				C8383E641F32318400AD92CF /* InsertionInteractor.swift in Sources */,
				C8383E3C1F3230E600AD92CF /* DiscoveryDetailFormatterTests.swift in Sources */,
				C8383E711F3231BB00AD92CF /* DiscoveryInteractor.swift in Sources */,
				C8383E3A1F3230D900AD92CF /* AdvertListFormatterTests.swift in Sources */,
				C8383E3D1F3230E600AD92CF /* DiscoveryInteractorTests.swift in Sources */,
				C8383E601F32318400AD92CF /* GroupRecommendationService.swift in Sources */,
				C8383E6F1F3231AF00AD92CF /* FakeAdvertListViewFactory.swift in Sources */,
				C8383E651F32318400AD92CF /* ManualGroupInsertionCoordinator.swift in Sources */,
				C8383E6D1F32319F00AD92CF /* AdvertListView.swift in Sources */,
				C8383E6A1F32319F00AD92CF /* AdvertListFeature.swift in Sources */,
				C8383E621F32318400AD92CF /* InsertionCoordinator.swift in Sources */,
				C8383E631F32318400AD92CF /* InsertionFeature.swift in Sources */,
				C8383E5F1F32318400AD92CF /* AutoGroupInsertionInteractor.swift in Sources */,
				C8383E701F3231BB00AD92CF /* AdvertDetailFormatter.swift in Sources */,
				C8383E751F3231C000AD92CF /* SplitDiscoveryFeature.swift in Sources */,
				C8383E5C1F32318400AD92CF /* AlternatingInsertionFeature.swift in Sources */,
				C8383E5D1F32318400AD92CF /* AutoGroupInsertionCoordinator.swift in Sources */,
				C8383E761F3231CF00AD92CF /* FakeTextEntryStepViewFactory.swift in Sources */,
				C8383E661F32318400AD92CF /* ManualGroupInsertionFeature.swift in Sources */,
				C8383E771F3231CF00AD92CF /* TextEntryStepViewSpy.swift in Sources */,
			);
			runOnlyForDeploymentPostprocessing = 0;
		};
		C820EEFF1F2B9BC90036822A /* Sources */ = {
			isa = PBXSourcesBuildPhase;
			buildActionMask = 2147483647;
			files = (
				C8383E7A1F32320200AD92CF /* ItemDetailViewController.swift in Sources */,
				C8383E3E1F32311300AD92CF /* ItemDetailView.swift in Sources */,
				C8383E361F32307800AD92CF /* AppDelegate.swift in Sources */,
				C8383E351F32307800AD92CF /* AppCoordinator.swift in Sources */,
				C8383E371F32307800AD92CF /* GroupDetailFormatter.swift in Sources */,
			);
			runOnlyForDeploymentPostprocessing = 0;
		};
		C84C23131F17AB770038E879 /* Sources */ = {
			isa = PBXSourcesBuildPhase;
			buildActionMask = 2147483647;
			files = (
				C8383DF91F322FE800AD92CF /* AdvertListFeature.swift in Sources */,
				C8383DF21F322FE800AD92CF /* AppDelegate.swift in Sources */,
				C8383E0D1F322FE800AD92CF /* AutoGroupInsertionInteractor.swift in Sources */,
				C8383DFB1F322FE800AD92CF /* AdvertListInteractor.swift in Sources */,
				C8383E251F322FE800AD92CF /* ItemDetailViewController.swift in Sources */,
				C8383E051F322FE800AD92CF /* NavigationDiscoveryFeature.swift in Sources */,
				C8383DF41F322FE800AD92CF /* SplitAppCoordinator.swift in Sources */,
				C8383E071F322FE800AD92CF /* SplitDiscoveryFeature.swift in Sources */,
				C8383DF81F322FE800AD92CF /* AdvertListCoordinator.swift in Sources */,
				C8383E151F322FE800AD92CF /* TextEntryStepView.swift in Sources */,
				C8383E131F322FE800AD92CF /* ManualGroupInsertionCoordinator.swift in Sources */,
				C8383DF31F322FE800AD92CF /* NavigationAppCoordinator.swift in Sources */,
				C8383E031F322FE800AD92CF /* DiscoveryInteractor.swift in Sources */,
				C8383E0F1F322FE800AD92CF /* MockGroupRecommendationService.swift in Sources */,
				C8383E161F322FE800AD92CF /* TitleStepFormatter.swift in Sources */,
				C8383E0B1F322FE800AD92CF /* AutoGroupInsertionCoordinator.swift in Sources */,
				C8383DFA1F322FE800AD92CF /* AdvertListFormatter.swift in Sources */,
				C8383E121F322FE800AD92CF /* InsertionInteractor.swift in Sources */,
				C8383E041F322FE800AD92CF /* NavigationDiscoveryCoordinator.swift in Sources */,
				C8383E061F322FE800AD92CF /* SplitDiscoveryCoordinator.swift in Sources */,
				C8383E0C1F322FE800AD92CF /* AutoGroupInsertionFeature.swift in Sources */,
				C8383E0A1F322FE800AD92CF /* AlternatingInsertionFeature.swift in Sources */,
				C8383E111F322FE800AD92CF /* InsertionFeature.swift in Sources */,
				C8383E011F322FE800AD92CF /* AdvertListViewController.swift in Sources */,
				C8383E211F322FE800AD92CF /* ItemDetailView.swift in Sources */,
				C8383E101F322FE800AD92CF /* InsertionCoordinator.swift in Sources */,
				C8383E021F322FE800AD92CF /* AdvertDetailFormatter.swift in Sources */,
				C8383E0E1F322FE800AD92CF /* GroupRecommendationService.swift in Sources */,
				C8383DFC1F322FE800AD92CF /* AdvertListView.swift in Sources */,
				C8383E1A1F322FE800AD92CF /* TextEntryStepViewController.swift in Sources */,
				C8383DF11F322FE800AD92CF /* AppCoordinator.swift in Sources */,
				C8383E141F322FE800AD92CF /* ManualGroupInsertionFeature.swift in Sources */,
			);
			runOnlyForDeploymentPostprocessing = 0;
		};
		C87C49DD1F2A9EE400799AD3 /* Sources */ = {
			isa = PBXSourcesBuildPhase;
			buildActionMask = 2147483647;
			files = (
				C8383E431F32312200AD92CF /* AdvertListInteractor.swift in Sources */,
				C8C3B6F31F33246B007F229D /* GivenTheseAdverts.swift in Sources */,
				C8383E521F32318200AD92CF /* AutoGroupInsertionInteractor.swift in Sources */,
				C8C3B6F41F33246B007F229D /* GivenTheseGroups.swift in Sources */,
				C8383E3F1F32311500AD92CF /* ItemDetailView.swift in Sources */,
				C8383E4A1F32313200AD92CF /* NavigationDiscoveryFeature.swift in Sources */,
				C8383E441F32312200AD92CF /* AdvertListView.swift in Sources */,
				C8383E4C1F32313200AD92CF /* SplitDiscoveryFeature.swift in Sources */,
				C8383E451F32312200AD92CF /* AdvertListViewSpy.swift in Sources */,
				C8C3B6F61F33246B007F229D /* SelectAdvertOnPhone.swift in Sources */,
				C87C49E61F2A9EE500799AD3 /* AcceptanceTests.m in Sources */,
				C8383E5A1F32318200AD92CF /* TextEntryStepView.swift in Sources */,
				C8383E581F32318200AD92CF /* ManualGroupInsertionCoordinator.swift in Sources */,
				C8C3B6F51F33246B007F229D /* ListDisplaysAdverts.swift in Sources */,
				C8383E481F32313200AD92CF /* DiscoveryInteractor.swift in Sources */,
				C8C3B6F71F33246B007F229D /* SelectAdvertOnTablet.swift in Sources */,
				C8383E401F32312200AD92CF /* AdvertListCoordinator.swift in Sources */,
				C8383E541F32318200AD92CF /* MockGroupRecommendationService.swift in Sources */,
				C8383E5B1F32318200AD92CF /* TitleStepFormatter.swift in Sources */,
				C8383E501F32318200AD92CF /* AutoGroupInsertionCoordinator.swift in Sources */,
				C8383E491F32313200AD92CF /* NavigationDiscoveryCoordinator.swift in Sources */,
				C8383E571F32318200AD92CF /* InsertionInteractor.swift in Sources */,
				C8383E4B1F32313200AD92CF /* SplitDiscoveryCoordinator.swift in Sources */,
				C8383E421F32312200AD92CF /* AdvertListFormatter.swift in Sources */,
				C8383E511F32318200AD92CF /* AutoGroupInsertionFeature.swift in Sources */,
				C8383E4F1F32318200AD92CF /* AlternatingInsertionFeature.swift in Sources */,
				C8383E561F32318200AD92CF /* InsertionFeature.swift in Sources */,
				C8383E461F32312200AD92CF /* FakeAdvertListViewFactory.swift in Sources */,
				C8383E7B1F32320600AD92CF /* FakeItemDetailViewFactory.swift in Sources */,
				C8383E471F32313200AD92CF /* AdvertDetailFormatter.swift in Sources */,
				C8383E4E1F32317100AD92CF /* TextEntryStepViewSpy.swift in Sources */,
				C8383E551F32318200AD92CF /* InsertionCoordinator.swift in Sources */,
				C8383E411F32312200AD92CF /* AdvertListFeature.swift in Sources */,
				C8383E531F32318200AD92CF /* GroupRecommendationService.swift in Sources */,
				C8383E7C1F32320600AD92CF /* ItemDetailViewSpy.swift in Sources */,
				C8383E4D1F32317100AD92CF /* FakeTextEntryStepViewFactory.swift in Sources */,
				C8383E591F32318200AD92CF /* ManualGroupInsertionFeature.swift in Sources */,
			);
			runOnlyForDeploymentPostprocessing = 0;
		};
		C89739F21F32784200FF4F91 /* Sources */ = {
			isa = PBXSourcesBuildPhase;
			buildActionMask = 2147483647;
			files = (
				C8973A101F3279F300FF4F91 /* AppCoordinator.swift in Sources */,
				C8973A0A1F32795600FF4F91 /* CalculatorCoordinator.swift in Sources */,
				C89739FB1F32784200FF4F91 /* CalculatorViewController.swift in Sources */,
				C8973A0C1F32797400FF4F91 /* CalculatorFormatter.swift in Sources */,
				C8973A0E1F32798F00FF4F91 /* CalculatorInteractor.swift in Sources */,
				C89739F91F32784200FF4F91 /* AppDelegate.swift in Sources */,
			);
			runOnlyForDeploymentPostprocessing = 0;
		};
/* End PBXSourcesBuildPhase section */

/* Begin PBXVariantGroup section */
		C8383DA51F322FE800AD92CF /* LaunchScreen.storyboard */ = {
			isa = PBXVariantGroup;
			children = (
				C8383DA61F322FE800AD92CF /* Base */,
			);
			name = LaunchScreen.storyboard;
			sourceTree = "<group>";
		};
		C8383DE41F322FE800AD92CF /* LaunchScreen.storyboard */ = {
			isa = PBXVariantGroup;
			children = (
				C8383DE51F322FE800AD92CF /* Base */,
			);
			name = LaunchScreen.storyboard;
			sourceTree = "<group>";
		};
		C89739FC1F32784200FF4F91 /* CalculatorViewController.storyboard */ = {
			isa = PBXVariantGroup;
			children = (
				C89739FD1F32784200FF4F91 /* Base */,
			);
			name = CalculatorViewController.storyboard;
			sourceTree = "<group>";
		};
		C8973A011F32784200FF4F91 /* LaunchScreen.storyboard */ = {
			isa = PBXVariantGroup;
			children = (
				C8973A021F32784200FF4F91 /* Base */,
			);
			name = LaunchScreen.storyboard;
			sourceTree = "<group>";
		};
/* End PBXVariantGroup section */

/* Begin XCBuildConfiguration section */
		C81D0F451F28E499007481A2 /* Debug */ = {
			isa = XCBuildConfiguration;
			baseConfigurationReference = 85B4912FF4B9CF29512701CE /* Pods-LogicTests.debug.xcconfig */;
			buildSettings = {
				CODE_SIGN_IDENTITY = "Mac Developer";
				COMBINE_HIDPI_IMAGES = YES;
				DEVELOPMENT_TEAM = 3H86HRS574;
				LD_RUNPATH_SEARCH_PATHS = "$(inherited) @executable_path/../Frameworks @loader_path/../Frameworks";
				MACOSX_DEPLOYMENT_TARGET = 10.12;
				PRODUCT_BUNDLE_IDENTIFIER = io.cutting.Remix.LogicTests;
				PRODUCT_NAME = "$(TARGET_NAME)";
				SDKROOT = macosx;
				SWIFT_VERSION = 4.0;
			};
			name = Debug;
		};
		C81D0F461F28E499007481A2 /* Release */ = {
			isa = XCBuildConfiguration;
			baseConfigurationReference = 06DC4658A54F932C0655AC7F /* Pods-LogicTests.release.xcconfig */;
			buildSettings = {
				CODE_SIGN_IDENTITY = "Mac Developer";
				COMBINE_HIDPI_IMAGES = YES;
				DEVELOPMENT_TEAM = 3H86HRS574;
				LD_RUNPATH_SEARCH_PATHS = "$(inherited) @executable_path/../Frameworks @loader_path/../Frameworks";
				MACOSX_DEPLOYMENT_TARGET = 10.12;
				PRODUCT_BUNDLE_IDENTIFIER = io.cutting.Remix.LogicTests;
				PRODUCT_NAME = "$(TARGET_NAME)";
				SDKROOT = macosx;
				SWIFT_VERSION = 4.0;
			};
			name = Release;
		};
		C820EF1D1F2B9BC90036822A /* Debug */ = {
			isa = XCBuildConfiguration;
			baseConfigurationReference = 30A43C5AB424D1E6D5C4362B /* Pods-GroupBrowser.debug.xcconfig */;
			buildSettings = {
				ASSETCATALOG_COMPILER_APPICON_NAME = AppIcon;
				DEVELOPMENT_TEAM = 3H86HRS574;
				INFOPLIST_FILE = Apps/GroupBrowser/Resources/Info.plist;
				LD_RUNPATH_SEARCH_PATHS = "$(inherited) @executable_path/Frameworks";
				PRODUCT_BUNDLE_IDENTIFIER = io.cutting.GroupBrowser;
				PRODUCT_NAME = "$(TARGET_NAME)";
				SWIFT_VERSION = 4.0;
				TARGETED_DEVICE_FAMILY = "1,2";
			};
			name = Debug;
		};
		C820EF1E1F2B9BC90036822A /* Release */ = {
			isa = XCBuildConfiguration;
			baseConfigurationReference = 3C01DDC12D93F4ED8052F734 /* Pods-GroupBrowser.release.xcconfig */;
			buildSettings = {
				ASSETCATALOG_COMPILER_APPICON_NAME = AppIcon;
				DEVELOPMENT_TEAM = 3H86HRS574;
				INFOPLIST_FILE = Apps/GroupBrowser/Resources/Info.plist;
				LD_RUNPATH_SEARCH_PATHS = "$(inherited) @executable_path/Frameworks";
				PRODUCT_BUNDLE_IDENTIFIER = io.cutting.GroupBrowser;
				PRODUCT_NAME = "$(TARGET_NAME)";
				SWIFT_VERSION = 4.0;
				TARGETED_DEVICE_FAMILY = "1,2";
			};
			name = Release;
		};
		C84C23321F17AB770038E879 /* Debug */ = {
			isa = XCBuildConfiguration;
			buildSettings = {
				ALWAYS_SEARCH_USER_PATHS = NO;
				CLANG_ANALYZER_NONNULL = YES;
				CLANG_ANALYZER_NUMBER_OBJECT_CONVERSION = YES_AGGRESSIVE;
				CLANG_CXX_LANGUAGE_STANDARD = "gnu++14";
				CLANG_CXX_LIBRARY = "libc++";
				CLANG_ENABLE_MODULES = YES;
				CLANG_ENABLE_OBJC_ARC = YES;
				CLANG_WARN_BLOCK_CAPTURE_AUTORELEASING = YES;
				CLANG_WARN_BOOL_CONVERSION = YES;
				CLANG_WARN_COMMA = YES;
				CLANG_WARN_CONSTANT_CONVERSION = YES;
				CLANG_WARN_DIRECT_OBJC_ISA_USAGE = YES_ERROR;
				CLANG_WARN_DOCUMENTATION_COMMENTS = YES;
				CLANG_WARN_EMPTY_BODY = YES;
				CLANG_WARN_ENUM_CONVERSION = YES;
				CLANG_WARN_INFINITE_RECURSION = YES;
				CLANG_WARN_INT_CONVERSION = YES;
				CLANG_WARN_NON_LITERAL_NULL_CONVERSION = YES;
				CLANG_WARN_OBJC_LITERAL_CONVERSION = YES;
				CLANG_WARN_OBJC_ROOT_CLASS = YES_ERROR;
				CLANG_WARN_RANGE_LOOP_ANALYSIS = YES;
				CLANG_WARN_STRICT_PROTOTYPES = YES;
				CLANG_WARN_SUSPICIOUS_MOVE = YES;
				CLANG_WARN_UNGUARDED_AVAILABILITY = YES_AGGRESSIVE;
				CLANG_WARN_UNREACHABLE_CODE = YES;
				CLANG_WARN__DUPLICATE_METHOD_MATCH = YES;
				CODE_SIGN_IDENTITY = "iPhone Developer";
				COPY_PHASE_STRIP = NO;
				DEBUG_INFORMATION_FORMAT = dwarf;
				ENABLE_STRICT_OBJC_MSGSEND = YES;
				ENABLE_TESTABILITY = YES;
				GCC_C_LANGUAGE_STANDARD = gnu11;
				GCC_DYNAMIC_NO_PIC = NO;
				GCC_NO_COMMON_BLOCKS = YES;
				GCC_OPTIMIZATION_LEVEL = 0;
				GCC_PREPROCESSOR_DEFINITIONS = (
					"DEBUG=1",
					"$(inherited)",
				);
				GCC_WARN_64_TO_32_BIT_CONVERSION = YES;
				GCC_WARN_ABOUT_RETURN_TYPE = YES_ERROR;
				GCC_WARN_UNDECLARED_SELECTOR = YES;
				GCC_WARN_UNINITIALIZED_AUTOS = YES_AGGRESSIVE;
				GCC_WARN_UNUSED_FUNCTION = YES;
				GCC_WARN_UNUSED_VARIABLE = YES;
				IPHONEOS_DEPLOYMENT_TARGET = 10.3;
				MTL_ENABLE_DEBUG_INFO = YES;
				ONLY_ACTIVE_ARCH = YES;
				SDKROOT = iphoneos;
				SWIFT_ACTIVE_COMPILATION_CONDITIONS = DEBUG;
				SWIFT_OPTIMIZATION_LEVEL = "-Onone";
			};
			name = Debug;
		};
		C84C23331F17AB770038E879 /* Release */ = {
			isa = XCBuildConfiguration;
			buildSettings = {
				ALWAYS_SEARCH_USER_PATHS = NO;
				CLANG_ANALYZER_NONNULL = YES;
				CLANG_ANALYZER_NUMBER_OBJECT_CONVERSION = YES_AGGRESSIVE;
				CLANG_CXX_LANGUAGE_STANDARD = "gnu++14";
				CLANG_CXX_LIBRARY = "libc++";
				CLANG_ENABLE_MODULES = YES;
				CLANG_ENABLE_OBJC_ARC = YES;
				CLANG_WARN_BLOCK_CAPTURE_AUTORELEASING = YES;
				CLANG_WARN_BOOL_CONVERSION = YES;
				CLANG_WARN_COMMA = YES;
				CLANG_WARN_CONSTANT_CONVERSION = YES;
				CLANG_WARN_DIRECT_OBJC_ISA_USAGE = YES_ERROR;
				CLANG_WARN_DOCUMENTATION_COMMENTS = YES;
				CLANG_WARN_EMPTY_BODY = YES;
				CLANG_WARN_ENUM_CONVERSION = YES;
				CLANG_WARN_INFINITE_RECURSION = YES;
				CLANG_WARN_INT_CONVERSION = YES;
				CLANG_WARN_NON_LITERAL_NULL_CONVERSION = YES;
				CLANG_WARN_OBJC_LITERAL_CONVERSION = YES;
				CLANG_WARN_OBJC_ROOT_CLASS = YES_ERROR;
				CLANG_WARN_RANGE_LOOP_ANALYSIS = YES;
				CLANG_WARN_STRICT_PROTOTYPES = YES;
				CLANG_WARN_SUSPICIOUS_MOVE = YES;
				CLANG_WARN_UNGUARDED_AVAILABILITY = YES_AGGRESSIVE;
				CLANG_WARN_UNREACHABLE_CODE = YES;
				CLANG_WARN__DUPLICATE_METHOD_MATCH = YES;
				CODE_SIGN_IDENTITY = "iPhone Developer";
				COPY_PHASE_STRIP = NO;
				DEBUG_INFORMATION_FORMAT = "dwarf-with-dsym";
				ENABLE_NS_ASSERTIONS = NO;
				ENABLE_STRICT_OBJC_MSGSEND = YES;
				GCC_C_LANGUAGE_STANDARD = gnu11;
				GCC_NO_COMMON_BLOCKS = YES;
				GCC_WARN_64_TO_32_BIT_CONVERSION = YES;
				GCC_WARN_ABOUT_RETURN_TYPE = YES_ERROR;
				GCC_WARN_UNDECLARED_SELECTOR = YES;
				GCC_WARN_UNINITIALIZED_AUTOS = YES_AGGRESSIVE;
				GCC_WARN_UNUSED_FUNCTION = YES;
				GCC_WARN_UNUSED_VARIABLE = YES;
				IPHONEOS_DEPLOYMENT_TARGET = 10.3;
				MTL_ENABLE_DEBUG_INFO = NO;
				SDKROOT = iphoneos;
				SWIFT_OPTIMIZATION_LEVEL = "-Owholemodule";
				VALIDATE_PRODUCT = YES;
			};
			name = Release;
		};
		C84C23351F17AB770038E879 /* Debug */ = {
			isa = XCBuildConfiguration;
			baseConfigurationReference = FF37998CCE504E02185F8EE4 /* Pods-Marketplace.debug.xcconfig */;
			buildSettings = {
				ASSETCATALOG_COMPILER_APPICON_NAME = AppIcon;
				"CODE_SIGN_IDENTITY[sdk=iphoneos*]" = "iPhone Developer";
				CODE_SIGN_STYLE = Automatic;
				DEVELOPMENT_TEAM = 3H86HRS574;
				INFOPLIST_FILE = Apps/Marketplace/Resources/Info.plist;
				LD_RUNPATH_SEARCH_PATHS = "$(inherited) @executable_path/Frameworks";
				PRODUCT_BUNDLE_IDENTIFIER = io.cutting.Marketplace;
				PRODUCT_NAME = "$(TARGET_NAME)";
				PROVISIONING_PROFILE_SPECIFIER = "";
				SWIFT_VERSION = 4.0;
				TARGETED_DEVICE_FAMILY = "1,2";
			};
			name = Debug;
		};
		C84C23361F17AB770038E879 /* Release */ = {
			isa = XCBuildConfiguration;
			baseConfigurationReference = C82EE9EAD9E52D124EFE85BB /* Pods-Marketplace.release.xcconfig */;
			buildSettings = {
				ASSETCATALOG_COMPILER_APPICON_NAME = AppIcon;
				"CODE_SIGN_IDENTITY[sdk=iphoneos*]" = "iPhone Developer";
				CODE_SIGN_STYLE = Automatic;
				DEVELOPMENT_TEAM = 3H86HRS574;
				INFOPLIST_FILE = Apps/Marketplace/Resources/Info.plist;
				LD_RUNPATH_SEARCH_PATHS = "$(inherited) @executable_path/Frameworks";
				PRODUCT_BUNDLE_IDENTIFIER = io.cutting.Marketplace;
				PRODUCT_NAME = "$(TARGET_NAME)";
				PROVISIONING_PROFILE_SPECIFIER = "";
				SWIFT_VERSION = 4.0;
				TARGETED_DEVICE_FAMILY = "1,2";
			};
			name = Release;
		};
		C87C49EF1F2A9EE500799AD3 /* Debug */ = {
			isa = XCBuildConfiguration;
			baseConfigurationReference = 4289CCA45768224AE5ED488F /* Pods-AcceptanceTests.debug.xcconfig */;
			buildSettings = {
				CODE_SIGN_IDENTITY = "Mac Developer";
				DEVELOPMENT_TEAM = 3H86HRS574;
				INFOPLIST_FILE = AcceptanceTests/Info.plist;
				LD_RUNPATH_SEARCH_PATHS = "$(inherited) @executable_path/../Frameworks";
				MACOSX_DEPLOYMENT_TARGET = 10.12;
				PRODUCT_BUNDLE_IDENTIFIER = io.cutting.Remix.AcceptanceTests;
				PRODUCT_NAME = "$(TARGET_NAME)";
				SDKROOT = macosx;
				SWIFT_OBJC_BRIDGING_HEADER = "AcceptanceTests/AcceptanceTests-Bridging-Header.h";
				SWIFT_VERSION = 4.0;
			};
			name = Debug;
		};
		C87C49F01F2A9EE500799AD3 /* Release */ = {
			isa = XCBuildConfiguration;
			baseConfigurationReference = 6EAFD3BE5E21D8B8DEC0AB35 /* Pods-AcceptanceTests.release.xcconfig */;
			buildSettings = {
				CODE_SIGN_IDENTITY = "Mac Developer";
				DEVELOPMENT_TEAM = 3H86HRS574;
				INFOPLIST_FILE = AcceptanceTests/Info.plist;
				LD_RUNPATH_SEARCH_PATHS = "$(inherited) @executable_path/../Frameworks";
				MACOSX_DEPLOYMENT_TARGET = 10.12;
				PRODUCT_BUNDLE_IDENTIFIER = io.cutting.Remix.AcceptanceTests;
				PRODUCT_NAME = "$(TARGET_NAME)";
				SDKROOT = macosx;
				SWIFT_OBJC_BRIDGING_HEADER = "AcceptanceTests/AcceptanceTests-Bridging-Header.h";
				SWIFT_VERSION = 4.0;
			};
			name = Release;
		};
		C8973A051F32784200FF4F91 /* Debug */ = {
			isa = XCBuildConfiguration;
			buildSettings = {
				ASSETCATALOG_COMPILER_APPICON_NAME = AppIcon;
				DEVELOPMENT_TEAM = 3H86HRS574;
				INFOPLIST_FILE = Apps/Calculator/Resources/Info.plist;
				LD_RUNPATH_SEARCH_PATHS = "$(inherited) @executable_path/Frameworks";
				PRODUCT_BUNDLE_IDENTIFIER = io.cutting.Calculator;
				PRODUCT_NAME = "$(TARGET_NAME)";
				SWIFT_VERSION = 4.0;
				TARGETED_DEVICE_FAMILY = "1,2";
			};
			name = Debug;
		};
		C8973A061F32784200FF4F91 /* Release */ = {
			isa = XCBuildConfiguration;
			buildSettings = {
				ASSETCATALOG_COMPILER_APPICON_NAME = AppIcon;
				DEVELOPMENT_TEAM = 3H86HRS574;
				INFOPLIST_FILE = Apps/Calculator/Resources/Info.plist;
				LD_RUNPATH_SEARCH_PATHS = "$(inherited) @executable_path/Frameworks";
				PRODUCT_BUNDLE_IDENTIFIER = io.cutting.Calculator;
				PRODUCT_NAME = "$(TARGET_NAME)";
				SWIFT_VERSION = 4.0;
				TARGETED_DEVICE_FAMILY = "1,2";
			};
			name = Release;
		};
/* End XCBuildConfiguration section */

/* Begin XCConfigurationList section */
		C81D0F441F28E499007481A2 /* Build configuration list for PBXNativeTarget "LogicTests" */ = {
			isa = XCConfigurationList;
			buildConfigurations = (
				C81D0F451F28E499007481A2 /* Debug */,
				C81D0F461F28E499007481A2 /* Release */,
			);
			defaultConfigurationIsVisible = 0;
			defaultConfigurationName = Release;
		};
		C820EF211F2B9BC90036822A /* Build configuration list for PBXNativeTarget "GroupBrowser" */ = {
			isa = XCConfigurationList;
			buildConfigurations = (
				C820EF1D1F2B9BC90036822A /* Debug */,
				C820EF1E1F2B9BC90036822A /* Release */,
			);
			defaultConfigurationIsVisible = 0;
			defaultConfigurationName = Release;
		};
		C84C23121F17AB770038E879 /* Build configuration list for PBXProject "Remix" */ = {
			isa = XCConfigurationList;
			buildConfigurations = (
				C84C23321F17AB770038E879 /* Debug */,
				C84C23331F17AB770038E879 /* Release */,
			);
			defaultConfigurationIsVisible = 0;
			defaultConfigurationName = Release;
		};
		C84C23341F17AB770038E879 /* Build configuration list for PBXNativeTarget "Marketplace" */ = {
			isa = XCConfigurationList;
			buildConfigurations = (
				C84C23351F17AB770038E879 /* Debug */,
				C84C23361F17AB770038E879 /* Release */,
			);
			defaultConfigurationIsVisible = 0;
			defaultConfigurationName = Release;
		};
		C87C49F11F2A9EE500799AD3 /* Build configuration list for PBXNativeTarget "AcceptanceTests" */ = {
			isa = XCConfigurationList;
			buildConfigurations = (
				C87C49EF1F2A9EE500799AD3 /* Debug */,
				C87C49F01F2A9EE500799AD3 /* Release */,
			);
			defaultConfigurationIsVisible = 0;
			defaultConfigurationName = Release;
		};
		C8973A071F32784200FF4F91 /* Build configuration list for PBXNativeTarget "Calculator" */ = {
			isa = XCConfigurationList;
			buildConfigurations = (
				C8973A051F32784200FF4F91 /* Debug */,
				C8973A061F32784200FF4F91 /* Release */,
			);
			defaultConfigurationIsVisible = 0;
			defaultConfigurationName = Release;
		};
/* End XCConfigurationList section */
	};
	rootObject = C84C230F1F17AB770038E879 /* Project object */;
}
