// !$*UTF8*$!
{
	archiveVersion = 1;
	classes = {
	};
	objectVersion = 48;
	objects = {

/* Begin PBXBuildFile section */
		C8026F701F25563D00732BAE /* Viewable+UIKit.swift in Sources */ = {isa = PBXBuildFile; fileRef = C8026F6F1F25563D00732BAE /* Viewable+UIKit.swift */; };
		C81D0F421F28E499007481A2 /* CategorySelectionFormatterTests.swift in Sources */ = {isa = PBXBuildFile; fileRef = C81D0F411F28E499007481A2 /* CategorySelectionFormatterTests.swift */; };
		C81D0F4D1F28E603007481A2 /* NavigationDiscoveryFeature.swift in Sources */ = {isa = PBXBuildFile; fileRef = C8B8FE501F28D080005B4BB9 /* NavigationDiscoveryFeature.swift */; };
		C81D0F4E1F28E603007481A2 /* SplitDiscoveryFeature.swift in Sources */ = {isa = PBXBuildFile; fileRef = C8D02AE31F28D3E600E3EA7B /* SplitDiscoveryFeature.swift */; };
		C81D0F4F1F28E603007481A2 /* NavigationDiscoveryCoordinator.swift in Sources */ = {isa = PBXBuildFile; fileRef = C84C23471F17AD6A0038E879 /* NavigationDiscoveryCoordinator.swift */; };
		C81D0F501F28E603007481A2 /* SplitDiscoveryCoordinator.swift in Sources */ = {isa = PBXBuildFile; fileRef = C84D330B1F24D4C1005BD99A /* SplitDiscoveryCoordinator.swift */; };
		C81D0F511F28E603007481A2 /* DiscoveryInteractor.swift in Sources */ = {isa = PBXBuildFile; fileRef = C87C0A5E1F17C3FA00715A9E /* DiscoveryInteractor.swift */; };
		C81D0F521F28E603007481A2 /* DiscoveryDetailFormatter.swift in Sources */ = {isa = PBXBuildFile; fileRef = C8B86F5C1F1F890D00BDCE50 /* DiscoveryDetailFormatter.swift */; };
		C81D0F531F28E609007481A2 /* AdvertListFeature.swift in Sources */ = {isa = PBXBuildFile; fileRef = C8289F721F28C17900D96136 /* AdvertListFeature.swift */; };
		C81D0F541F28E609007481A2 /* AdvertListCoordinator.swift in Sources */ = {isa = PBXBuildFile; fileRef = C8C2CACA1F28BDF800F37288 /* AdvertListCoordinator.swift */; };
		C81D0F551F28E609007481A2 /* AdvertListInteractor.swift in Sources */ = {isa = PBXBuildFile; fileRef = C8289F701F28C09000D96136 /* AdvertListInteractor.swift */; };
		C81D0F561F28E609007481A2 /* AdvertListFormatter.swift in Sources */ = {isa = PBXBuildFile; fileRef = C87C0A601F17C52D00715A9E /* AdvertListFormatter.swift */; };
		C81D0F571F28E609007481A2 /* AdvertListView.swift in Sources */ = {isa = PBXBuildFile; fileRef = C84C23521F17B0C30038E879 /* AdvertListView.swift */; };
		C81D0F581F28E611007481A2 /* AdvertListViewFake.swift in Sources */ = {isa = PBXBuildFile; fileRef = C84C23651F17BBBA0038E879 /* AdvertListViewFake.swift */; };
		C81D0F591F28E619007481A2 /* AdvertDetailView.swift in Sources */ = {isa = PBXBuildFile; fileRef = C84C23501F17B0070038E879 /* AdvertDetailView.swift */; };
		C81D0F5A1F28E619007481A2 /* AdvertDetailViewFake.swift in Sources */ = {isa = PBXBuildFile; fileRef = C84C23671F17BCB00038E879 /* AdvertDetailViewFake.swift */; };
		C81D0F5B1F28E623007481A2 /* ManualCategoryInsertionCoordinator.swift in Sources */ = {isa = PBXBuildFile; fileRef = C84C23491F17ADFD0038E879 /* ManualCategoryInsertionCoordinator.swift */; };
		C81D0F5C1F28E623007481A2 /* AutoCategoryInsertionCoordinator.swift in Sources */ = {isa = PBXBuildFile; fileRef = C84C234B1F17AE0D0038E879 /* AutoCategoryInsertionCoordinator.swift */; };
		C81D0F5D1F28E623007481A2 /* CategorySelectionFeature.swift in Sources */ = {isa = PBXBuildFile; fileRef = C89D3E581F28839500E0E264 /* CategorySelectionFeature.swift */; };
		C81D0F5E1F28E623007481A2 /* CategorySelectionCoordinator.swift in Sources */ = {isa = PBXBuildFile; fileRef = C84C233F1F17ACE20038E879 /* CategorySelectionCoordinator.swift */; };
		C81D0F5F1F28E623007481A2 /* CategorySelectionInteractor.swift in Sources */ = {isa = PBXBuildFile; fileRef = C8B86F601F1F909400BDCE50 /* CategorySelectionInteractor.swift */; };
		C81D0F601F28E623007481A2 /* CategorySelectionFormatter.swift in Sources */ = {isa = PBXBuildFile; fileRef = C8D0B9D91F28A476006C35A8 /* CategorySelectionFormatter.swift */; };
		C81D0F611F28E623007481A2 /* CategorySelectionView.swift in Sources */ = {isa = PBXBuildFile; fileRef = C8D0B9D71F28A41D006C35A8 /* CategorySelectionView.swift */; };
		C81D0F621F28E628007481A2 /* Advert.swift in Sources */ = {isa = PBXBuildFile; fileRef = C849396C1F28AB3700F6348B /* Advert.swift */; };
		C81D0F631F28E628007481A2 /* Category.swift in Sources */ = {isa = PBXBuildFile; fileRef = C84C23591F17B5AF0038E879 /* Category.swift */; };
		C81D0F641F28E62F007481A2 /* Viewable.swift in Sources */ = {isa = PBXBuildFile; fileRef = C8E4B7F11F25533100E9EB44 /* Viewable.swift */; };
		C81D0F651F28E62F007481A2 /* NavigationWireframe.swift in Sources */ = {isa = PBXBuildFile; fileRef = C84C23611F17B7C70038E879 /* NavigationWireframe.swift */; };
		C81D0F661F28E62F007481A2 /* SplitWireframe.swift in Sources */ = {isa = PBXBuildFile; fileRef = C8E4B7ED1F254C4500E9EB44 /* SplitWireframe.swift */; };
		C81D0F671F28E636007481A2 /* AdvertService.swift in Sources */ = {isa = PBXBuildFile; fileRef = C88651D01F1FB55E0085E239 /* AdvertService.swift */; };
		C81D0F681F28E636007481A2 /* MockAdvertService.swift in Sources */ = {isa = PBXBuildFile; fileRef = C88651D21F1FB5A30085E239 /* MockAdvertService.swift */; };
		C81D0F691F28E63A007481A2 /* CategoryService.swift in Sources */ = {isa = PBXBuildFile; fileRef = C88651C81F1F99840085E239 /* CategoryService.swift */; };
		C81D0F6A1F28E63A007481A2 /* MockCategoryService.swift in Sources */ = {isa = PBXBuildFile; fileRef = C88651C91F1F99C50085E239 /* MockCategoryService.swift */; };
		C81D0F6C1F293FC2007481A2 /* ViewableFake.swift in Sources */ = {isa = PBXBuildFile; fileRef = C81D0F6B1F293FC2007481A2 /* ViewableFake.swift */; };
		C81D0F6E1F29DEA0007481A2 /* CategorySelectionInteractorTests.swift in Sources */ = {isa = PBXBuildFile; fileRef = C81D0F6D1F29DEA0007481A2 /* CategorySelectionInteractorTests.swift */; };
		C8289F711F28C09000D96136 /* AdvertListInteractor.swift in Sources */ = {isa = PBXBuildFile; fileRef = C8289F701F28C09000D96136 /* AdvertListInteractor.swift */; };
		C8289F731F28C17900D96136 /* AdvertListFeature.swift in Sources */ = {isa = PBXBuildFile; fileRef = C8289F721F28C17900D96136 /* AdvertListFeature.swift */; };
		C8289F751F28C37900D96136 /* UIAdvertListFeature.swift in Sources */ = {isa = PBXBuildFile; fileRef = C8289F741F28C37900D96136 /* UIAdvertListFeature.swift */; };
		C849396D1F28AB3800F6348B /* Advert.swift in Sources */ = {isa = PBXBuildFile; fileRef = C849396C1F28AB3700F6348B /* Advert.swift */; };
		C84C231B1F17AB770038E879 /* AppDelegate.swift in Sources */ = {isa = PBXBuildFile; fileRef = C84C231A1F17AB770038E879 /* AppDelegate.swift */; };
		C84C23221F17AB770038E879 /* Assets.xcassets in Resources */ = {isa = PBXBuildFile; fileRef = C84C23211F17AB770038E879 /* Assets.xcassets */; };
		C84C23251F17AB770038E879 /* LaunchScreen.storyboard in Resources */ = {isa = PBXBuildFile; fileRef = C84C23231F17AB770038E879 /* LaunchScreen.storyboard */; };
		C84C23401F17ACE20038E879 /* CategorySelectionCoordinator.swift in Sources */ = {isa = PBXBuildFile; fileRef = C84C233F1F17ACE20038E879 /* CategorySelectionCoordinator.swift */; };
		C84C234A1F17ADFD0038E879 /* ManualCategoryInsertionCoordinator.swift in Sources */ = {isa = PBXBuildFile; fileRef = C84C23491F17ADFD0038E879 /* ManualCategoryInsertionCoordinator.swift */; };
		C84C234C1F17AE0D0038E879 /* AutoCategoryInsertionCoordinator.swift in Sources */ = {isa = PBXBuildFile; fileRef = C84C234B1F17AE0D0038E879 /* AutoCategoryInsertionCoordinator.swift */; };
		C84C234D1F17AE960038E879 /* NavigationDiscoveryCoordinator.swift in Sources */ = {isa = PBXBuildFile; fileRef = C84C23471F17AD6A0038E879 /* NavigationDiscoveryCoordinator.swift */; };
		C84C23511F17B0070038E879 /* AdvertDetailView.swift in Sources */ = {isa = PBXBuildFile; fileRef = C84C23501F17B0070038E879 /* AdvertDetailView.swift */; };
		C84C23531F17B0C30038E879 /* AdvertListView.swift in Sources */ = {isa = PBXBuildFile; fileRef = C84C23521F17B0C30038E879 /* AdvertListView.swift */; };
		C84C235C1F17B5FF0038E879 /* Category.swift in Sources */ = {isa = PBXBuildFile; fileRef = C84C23591F17B5AF0038E879 /* Category.swift */; };
		C84C23621F17B7DB0038E879 /* NavigationWireframe.swift in Sources */ = {isa = PBXBuildFile; fileRef = C84C23611F17B7C70038E879 /* NavigationWireframe.swift */; };
		C84C23641F17B9990038E879 /* UINavigationWireframe.swift in Sources */ = {isa = PBXBuildFile; fileRef = C84C23631F17B9990038E879 /* UINavigationWireframe.swift */; };
		C84C23661F17BBBA0038E879 /* AdvertListViewFake.swift in Sources */ = {isa = PBXBuildFile; fileRef = C84C23651F17BBBA0038E879 /* AdvertListViewFake.swift */; };
		C84C23681F17BCB00038E879 /* AdvertDetailViewFake.swift in Sources */ = {isa = PBXBuildFile; fileRef = C84C23671F17BCB00038E879 /* AdvertDetailViewFake.swift */; };
		C84D330A1F24CFB9005BD99A /* SplitAppCoordinator.swift in Sources */ = {isa = PBXBuildFile; fileRef = C84D33091F24CFB9005BD99A /* SplitAppCoordinator.swift */; };
		C84DBC961F2A02FC00C26AF6 /* AppCoordinator.swift in Sources */ = {isa = PBXBuildFile; fileRef = C84DBC951F2A02FC00C26AF6 /* AppCoordinator.swift */; };
		C84DBC981F2A12B500C26AF6 /* AdvertListInteractorTests.swift in Sources */ = {isa = PBXBuildFile; fileRef = C84DBC971F2A12B500C26AF6 /* AdvertListInteractorTests.swift */; };
		C87C0A5F1F17C3FA00715A9E /* DiscoveryInteractor.swift in Sources */ = {isa = PBXBuildFile; fileRef = C87C0A5E1F17C3FA00715A9E /* DiscoveryInteractor.swift */; };
		C87C0A611F17C52D00715A9E /* AdvertListFormatter.swift in Sources */ = {isa = PBXBuildFile; fileRef = C87C0A601F17C52D00715A9E /* AdvertListFormatter.swift */; };
		C88651CA1F1F99C50085E239 /* MockCategoryService.swift in Sources */ = {isa = PBXBuildFile; fileRef = C88651C91F1F99C50085E239 /* MockCategoryService.swift */; };
		C88651CB1F1F99E60085E239 /* CategoryService.swift in Sources */ = {isa = PBXBuildFile; fileRef = C88651C81F1F99840085E239 /* CategoryService.swift */; };
		C88651D11F1FB5670085E239 /* AdvertService.swift in Sources */ = {isa = PBXBuildFile; fileRef = C88651D01F1FB55E0085E239 /* AdvertService.swift */; };
		C88651D31F1FB5A30085E239 /* MockAdvertService.swift in Sources */ = {isa = PBXBuildFile; fileRef = C88651D21F1FB5A30085E239 /* MockAdvertService.swift */; };
		C89D3E591F28839500E0E264 /* CategorySelectionFeature.swift in Sources */ = {isa = PBXBuildFile; fileRef = C89D3E581F28839500E0E264 /* CategorySelectionFeature.swift */; };
		C8B48D4C1F2A14840014671F /* CategoryHelpers.swift in Sources */ = {isa = PBXBuildFile; fileRef = C8B48D4B1F2A14840014671F /* CategoryHelpers.swift */; };
		C8B48D4E1F2A15C20014671F /* AdvertHelpers.swift in Sources */ = {isa = PBXBuildFile; fileRef = C8B48D4D1F2A15C20014671F /* AdvertHelpers.swift */; };
		C8B48D531F2A17500014671F /* AdvertListFormatterTests.swift in Sources */ = {isa = PBXBuildFile; fileRef = C8B48D521F2A17500014671F /* AdvertListFormatterTests.swift */; };
		C8B86F551F1F7C4000BDCE50 /* AdvertListViewController.swift in Sources */ = {isa = PBXBuildFile; fileRef = C8B86F541F1F7C4000BDCE50 /* AdvertListViewController.swift */; };
		C8B86F591F1F820B00BDCE50 /* AdvertDetailViewController.swift in Sources */ = {isa = PBXBuildFile; fileRef = C8B86F581F1F820B00BDCE50 /* AdvertDetailViewController.swift */; };
		C8B86F5B1F1F83CF00BDCE50 /* AdvertDetailViewController.storyboard in Resources */ = {isa = PBXBuildFile; fileRef = C8B86F5A1F1F83CF00BDCE50 /* AdvertDetailViewController.storyboard */; };
		C8B86F5D1F1F890D00BDCE50 /* DiscoveryDetailFormatter.swift in Sources */ = {isa = PBXBuildFile; fileRef = C8B86F5C1F1F890D00BDCE50 /* DiscoveryDetailFormatter.swift */; };
		C8B86F5F1F1F8E7800BDCE50 /* CategorySelectionViewController.swift in Sources */ = {isa = PBXBuildFile; fileRef = C8B86F5E1F1F8E7800BDCE50 /* CategorySelectionViewController.swift */; };
		C8B86F611F1F909400BDCE50 /* CategorySelectionInteractor.swift in Sources */ = {isa = PBXBuildFile; fileRef = C8B86F601F1F909400BDCE50 /* CategorySelectionInteractor.swift */; };
		C8B8FE4F1F28D022005B4BB9 /* UINavigationDiscoveryFeature.swift in Sources */ = {isa = PBXBuildFile; fileRef = C8B8FE4E1F28D022005B4BB9 /* UINavigationDiscoveryFeature.swift */; };
		C8B8FE511F28D080005B4BB9 /* NavigationDiscoveryFeature.swift in Sources */ = {isa = PBXBuildFile; fileRef = C8B8FE501F28D080005B4BB9 /* NavigationDiscoveryFeature.swift */; };
		C8C2CACB1F28BDF800F37288 /* AdvertListCoordinator.swift in Sources */ = {isa = PBXBuildFile; fileRef = C8C2CACA1F28BDF800F37288 /* AdvertListCoordinator.swift */; };
		C8D02AE41F28D3E600E3EA7B /* SplitDiscoveryFeature.swift in Sources */ = {isa = PBXBuildFile; fileRef = C8D02AE31F28D3E600E3EA7B /* SplitDiscoveryFeature.swift */; };
		C8D02AE61F28D40900E3EA7B /* UISplitDiscoveryFeature.swift in Sources */ = {isa = PBXBuildFile; fileRef = C8D02AE51F28D40900E3EA7B /* UISplitDiscoveryFeature.swift */; };
		C8D0B9D61F28A085006C35A8 /* UICategorySelectionFeature.swift in Sources */ = {isa = PBXBuildFile; fileRef = C8D0B9D51F28A085006C35A8 /* UICategorySelectionFeature.swift */; };
		C8D0B9D81F28A41D006C35A8 /* CategorySelectionView.swift in Sources */ = {isa = PBXBuildFile; fileRef = C8D0B9D71F28A41D006C35A8 /* CategorySelectionView.swift */; };
		C8D0B9DA1F28A476006C35A8 /* CategorySelectionFormatter.swift in Sources */ = {isa = PBXBuildFile; fileRef = C8D0B9D91F28A476006C35A8 /* CategorySelectionFormatter.swift */; };
		C8D350D21F24D5D600745FFA /* NavigationAppCoordinator.swift in Sources */ = {isa = PBXBuildFile; fileRef = C8D350D11F24D59B00745FFA /* NavigationAppCoordinator.swift */; };
		C8DB6C761F2A1A07000EFA3E /* DiscoveryDetailFormatterTests.swift in Sources */ = {isa = PBXBuildFile; fileRef = C8DB6C751F2A1A07000EFA3E /* DiscoveryDetailFormatterTests.swift */; };
		C8DB6C781F2A1AF2000EFA3E /* DiscoveryInteractorTests.swift in Sources */ = {isa = PBXBuildFile; fileRef = C8DB6C771F2A1AF2000EFA3E /* DiscoveryInteractorTests.swift */; };
		C8E4B7EA1F25397100E9EB44 /* SplitDiscoveryCoordinator.swift in Sources */ = {isa = PBXBuildFile; fileRef = C84D330B1F24D4C1005BD99A /* SplitDiscoveryCoordinator.swift */; };
		C8E4B7EE1F254C9B00E9EB44 /* SplitWireframe.swift in Sources */ = {isa = PBXBuildFile; fileRef = C8E4B7ED1F254C4500E9EB44 /* SplitWireframe.swift */; };
		C8E4B7F01F254CCE00E9EB44 /* UISplitWireframe.swift in Sources */ = {isa = PBXBuildFile; fileRef = C8E4B7EF1F254CCE00E9EB44 /* UISplitWireframe.swift */; };
		C8E4B7F21F25533100E9EB44 /* Viewable.swift in Sources */ = {isa = PBXBuildFile; fileRef = C8E4B7F11F25533100E9EB44 /* Viewable.swift */; };
/* End PBXBuildFile section */

/* Begin PBXFileReference section */
		C8026F6F1F25563D00732BAE /* Viewable+UIKit.swift */ = {isa = PBXFileReference; lastKnownFileType = sourcecode.swift; path = "Viewable+UIKit.swift"; sourceTree = "<group>"; };
		C81D0F3F1F28E499007481A2 /* RemixLogicTests.xctest */ = {isa = PBXFileReference; explicitFileType = wrapper.cfbundle; includeInIndex = 0; path = RemixLogicTests.xctest; sourceTree = BUILT_PRODUCTS_DIR; };
		C81D0F411F28E499007481A2 /* CategorySelectionFormatterTests.swift */ = {isa = PBXFileReference; lastKnownFileType = sourcecode.swift; path = CategorySelectionFormatterTests.swift; sourceTree = "<group>"; };
		C81D0F431F28E499007481A2 /* Info.plist */ = {isa = PBXFileReference; lastKnownFileType = text.plist.xml; path = Info.plist; sourceTree = "<group>"; };
		C81D0F6B1F293FC2007481A2 /* ViewableFake.swift */ = {isa = PBXFileReference; lastKnownFileType = sourcecode.swift; path = ViewableFake.swift; sourceTree = "<group>"; };
		C81D0F6D1F29DEA0007481A2 /* CategorySelectionInteractorTests.swift */ = {isa = PBXFileReference; lastKnownFileType = sourcecode.swift; path = CategorySelectionInteractorTests.swift; sourceTree = "<group>"; };
		C8289F701F28C09000D96136 /* AdvertListInteractor.swift */ = {isa = PBXFileReference; lastKnownFileType = sourcecode.swift; path = AdvertListInteractor.swift; sourceTree = "<group>"; };
		C8289F721F28C17900D96136 /* AdvertListFeature.swift */ = {isa = PBXFileReference; lastKnownFileType = sourcecode.swift; path = AdvertListFeature.swift; sourceTree = "<group>"; };
		C8289F741F28C37900D96136 /* UIAdvertListFeature.swift */ = {isa = PBXFileReference; lastKnownFileType = sourcecode.swift; path = UIAdvertListFeature.swift; sourceTree = "<group>"; };
		C849396C1F28AB3700F6348B /* Advert.swift */ = {isa = PBXFileReference; fileEncoding = 4; lastKnownFileType = sourcecode.swift; path = Advert.swift; sourceTree = "<group>"; };
		C84C23171F17AB770038E879 /* Remix.app */ = {isa = PBXFileReference; explicitFileType = wrapper.application; includeInIndex = 0; path = Remix.app; sourceTree = BUILT_PRODUCTS_DIR; };
		C84C231A1F17AB770038E879 /* AppDelegate.swift */ = {isa = PBXFileReference; lastKnownFileType = sourcecode.swift; path = AppDelegate.swift; sourceTree = "<group>"; };
		C84C23211F17AB770038E879 /* Assets.xcassets */ = {isa = PBXFileReference; lastKnownFileType = folder.assetcatalog; path = Assets.xcassets; sourceTree = "<group>"; };
		C84C23241F17AB770038E879 /* Base */ = {isa = PBXFileReference; lastKnownFileType = file.storyboard; name = Base; path = Base.lproj/LaunchScreen.storyboard; sourceTree = "<group>"; };
		C84C23261F17AB770038E879 /* Info.plist */ = {isa = PBXFileReference; lastKnownFileType = text.plist.xml; path = Info.plist; sourceTree = "<group>"; };
		C84C233F1F17ACE20038E879 /* CategorySelectionCoordinator.swift */ = {isa = PBXFileReference; lastKnownFileType = sourcecode.swift; path = CategorySelectionCoordinator.swift; sourceTree = "<group>"; };
		C84C23471F17AD6A0038E879 /* NavigationDiscoveryCoordinator.swift */ = {isa = PBXFileReference; lastKnownFileType = sourcecode.swift; path = NavigationDiscoveryCoordinator.swift; sourceTree = "<group>"; };
		C84C23491F17ADFD0038E879 /* ManualCategoryInsertionCoordinator.swift */ = {isa = PBXFileReference; lastKnownFileType = sourcecode.swift; path = ManualCategoryInsertionCoordinator.swift; sourceTree = "<group>"; };
		C84C234B1F17AE0D0038E879 /* AutoCategoryInsertionCoordinator.swift */ = {isa = PBXFileReference; lastKnownFileType = sourcecode.swift; path = AutoCategoryInsertionCoordinator.swift; sourceTree = "<group>"; };
		C84C23501F17B0070038E879 /* AdvertDetailView.swift */ = {isa = PBXFileReference; lastKnownFileType = sourcecode.swift; path = AdvertDetailView.swift; sourceTree = "<group>"; };
		C84C23521F17B0C30038E879 /* AdvertListView.swift */ = {isa = PBXFileReference; lastKnownFileType = sourcecode.swift; path = AdvertListView.swift; sourceTree = "<group>"; };
		C84C23591F17B5AF0038E879 /* Category.swift */ = {isa = PBXFileReference; lastKnownFileType = sourcecode.swift; path = Category.swift; sourceTree = "<group>"; };
		C84C23611F17B7C70038E879 /* NavigationWireframe.swift */ = {isa = PBXFileReference; lastKnownFileType = sourcecode.swift; path = NavigationWireframe.swift; sourceTree = "<group>"; };
		C84C23631F17B9990038E879 /* UINavigationWireframe.swift */ = {isa = PBXFileReference; lastKnownFileType = sourcecode.swift; path = UINavigationWireframe.swift; sourceTree = "<group>"; };
		C84C23651F17BBBA0038E879 /* AdvertListViewFake.swift */ = {isa = PBXFileReference; lastKnownFileType = sourcecode.swift; path = AdvertListViewFake.swift; sourceTree = "<group>"; };
		C84C23671F17BCB00038E879 /* AdvertDetailViewFake.swift */ = {isa = PBXFileReference; lastKnownFileType = sourcecode.swift; path = AdvertDetailViewFake.swift; sourceTree = "<group>"; };
		C84D33091F24CFB9005BD99A /* SplitAppCoordinator.swift */ = {isa = PBXFileReference; lastKnownFileType = sourcecode.swift; path = SplitAppCoordinator.swift; sourceTree = "<group>"; };
		C84D330B1F24D4C1005BD99A /* SplitDiscoveryCoordinator.swift */ = {isa = PBXFileReference; lastKnownFileType = sourcecode.swift; path = SplitDiscoveryCoordinator.swift; sourceTree = "<group>"; };
		C84DBC951F2A02FC00C26AF6 /* AppCoordinator.swift */ = {isa = PBXFileReference; lastKnownFileType = sourcecode.swift; path = AppCoordinator.swift; sourceTree = "<group>"; };
		C84DBC971F2A12B500C26AF6 /* AdvertListInteractorTests.swift */ = {isa = PBXFileReference; lastKnownFileType = sourcecode.swift; path = AdvertListInteractorTests.swift; sourceTree = "<group>"; };
		C87C0A5E1F17C3FA00715A9E /* DiscoveryInteractor.swift */ = {isa = PBXFileReference; lastKnownFileType = sourcecode.swift; path = DiscoveryInteractor.swift; sourceTree = "<group>"; };
		C87C0A601F17C52D00715A9E /* AdvertListFormatter.swift */ = {isa = PBXFileReference; lastKnownFileType = sourcecode.swift; path = AdvertListFormatter.swift; sourceTree = "<group>"; };
		C88651C81F1F99840085E239 /* CategoryService.swift */ = {isa = PBXFileReference; lastKnownFileType = sourcecode.swift; path = CategoryService.swift; sourceTree = "<group>"; };
		C88651C91F1F99C50085E239 /* MockCategoryService.swift */ = {isa = PBXFileReference; lastKnownFileType = sourcecode.swift; path = MockCategoryService.swift; sourceTree = "<group>"; };
		C88651D01F1FB55E0085E239 /* AdvertService.swift */ = {isa = PBXFileReference; lastKnownFileType = sourcecode.swift; path = AdvertService.swift; sourceTree = "<group>"; };
		C88651D21F1FB5A30085E239 /* MockAdvertService.swift */ = {isa = PBXFileReference; lastKnownFileType = sourcecode.swift; path = MockAdvertService.swift; sourceTree = "<group>"; };
		C89D3E581F28839500E0E264 /* CategorySelectionFeature.swift */ = {isa = PBXFileReference; lastKnownFileType = sourcecode.swift; path = CategorySelectionFeature.swift; sourceTree = "<group>"; };
		C8B48D4B1F2A14840014671F /* CategoryHelpers.swift */ = {isa = PBXFileReference; lastKnownFileType = sourcecode.swift; path = CategoryHelpers.swift; sourceTree = "<group>"; };
		C8B48D4D1F2A15C20014671F /* AdvertHelpers.swift */ = {isa = PBXFileReference; lastKnownFileType = sourcecode.swift; path = AdvertHelpers.swift; sourceTree = "<group>"; };
		C8B48D521F2A17500014671F /* AdvertListFormatterTests.swift */ = {isa = PBXFileReference; lastKnownFileType = sourcecode.swift; path = AdvertListFormatterTests.swift; sourceTree = "<group>"; };
		C8B86F541F1F7C4000BDCE50 /* AdvertListViewController.swift */ = {isa = PBXFileReference; lastKnownFileType = sourcecode.swift; path = AdvertListViewController.swift; sourceTree = "<group>"; };
		C8B86F581F1F820B00BDCE50 /* AdvertDetailViewController.swift */ = {isa = PBXFileReference; lastKnownFileType = sourcecode.swift; path = AdvertDetailViewController.swift; sourceTree = "<group>"; };
		C8B86F5A1F1F83CF00BDCE50 /* AdvertDetailViewController.storyboard */ = {isa = PBXFileReference; lastKnownFileType = file.storyboard; path = AdvertDetailViewController.storyboard; sourceTree = "<group>"; };
		C8B86F5C1F1F890D00BDCE50 /* DiscoveryDetailFormatter.swift */ = {isa = PBXFileReference; lastKnownFileType = sourcecode.swift; path = DiscoveryDetailFormatter.swift; sourceTree = "<group>"; };
		C8B86F5E1F1F8E7800BDCE50 /* CategorySelectionViewController.swift */ = {isa = PBXFileReference; lastKnownFileType = sourcecode.swift; path = CategorySelectionViewController.swift; sourceTree = "<group>"; };
		C8B86F601F1F909400BDCE50 /* CategorySelectionInteractor.swift */ = {isa = PBXFileReference; lastKnownFileType = sourcecode.swift; path = CategorySelectionInteractor.swift; sourceTree = "<group>"; };
		C8B8FE4E1F28D022005B4BB9 /* UINavigationDiscoveryFeature.swift */ = {isa = PBXFileReference; lastKnownFileType = sourcecode.swift; path = UINavigationDiscoveryFeature.swift; sourceTree = "<group>"; };
		C8B8FE501F28D080005B4BB9 /* NavigationDiscoveryFeature.swift */ = {isa = PBXFileReference; lastKnownFileType = sourcecode.swift; path = NavigationDiscoveryFeature.swift; sourceTree = "<group>"; };
		C8C2CACA1F28BDF800F37288 /* AdvertListCoordinator.swift */ = {isa = PBXFileReference; lastKnownFileType = sourcecode.swift; path = AdvertListCoordinator.swift; sourceTree = "<group>"; };
		C8D02AE31F28D3E600E3EA7B /* SplitDiscoveryFeature.swift */ = {isa = PBXFileReference; lastKnownFileType = sourcecode.swift; path = SplitDiscoveryFeature.swift; sourceTree = "<group>"; };
		C8D02AE51F28D40900E3EA7B /* UISplitDiscoveryFeature.swift */ = {isa = PBXFileReference; lastKnownFileType = sourcecode.swift; path = UISplitDiscoveryFeature.swift; sourceTree = "<group>"; };
		C8D0B9D51F28A085006C35A8 /* UICategorySelectionFeature.swift */ = {isa = PBXFileReference; fileEncoding = 4; lastKnownFileType = sourcecode.swift; path = UICategorySelectionFeature.swift; sourceTree = "<group>"; };
		C8D0B9D71F28A41D006C35A8 /* CategorySelectionView.swift */ = {isa = PBXFileReference; fileEncoding = 4; lastKnownFileType = sourcecode.swift; path = CategorySelectionView.swift; sourceTree = "<group>"; };
		C8D0B9D91F28A476006C35A8 /* CategorySelectionFormatter.swift */ = {isa = PBXFileReference; fileEncoding = 4; lastKnownFileType = sourcecode.swift; path = CategorySelectionFormatter.swift; sourceTree = "<group>"; };
		C8D350D11F24D59B00745FFA /* NavigationAppCoordinator.swift */ = {isa = PBXFileReference; lastKnownFileType = sourcecode.swift; path = NavigationAppCoordinator.swift; sourceTree = "<group>"; };
		C8DB6C751F2A1A07000EFA3E /* DiscoveryDetailFormatterTests.swift */ = {isa = PBXFileReference; fileEncoding = 4; lastKnownFileType = sourcecode.swift; path = DiscoveryDetailFormatterTests.swift; sourceTree = "<group>"; };
		C8DB6C771F2A1AF2000EFA3E /* DiscoveryInteractorTests.swift */ = {isa = PBXFileReference; lastKnownFileType = sourcecode.swift; path = DiscoveryInteractorTests.swift; sourceTree = "<group>"; };
		C8E4B7ED1F254C4500E9EB44 /* SplitWireframe.swift */ = {isa = PBXFileReference; lastKnownFileType = sourcecode.swift; path = SplitWireframe.swift; sourceTree = "<group>"; };
		C8E4B7EF1F254CCE00E9EB44 /* UISplitWireframe.swift */ = {isa = PBXFileReference; lastKnownFileType = sourcecode.swift; path = UISplitWireframe.swift; sourceTree = "<group>"; };
		C8E4B7F11F25533100E9EB44 /* Viewable.swift */ = {isa = PBXFileReference; lastKnownFileType = sourcecode.swift; path = Viewable.swift; sourceTree = "<group>"; };
/* End PBXFileReference section */

/* Begin PBXFrameworksBuildPhase section */
		C81D0F3C1F28E499007481A2 /* Frameworks */ = {
			isa = PBXFrameworksBuildPhase;
			buildActionMask = 2147483647;
			files = (
			);
			runOnlyForDeploymentPostprocessing = 0;
		};
		C84C23141F17AB770038E879 /* Frameworks */ = {
			isa = PBXFrameworksBuildPhase;
			buildActionMask = 2147483647;
			files = (
			);
			runOnlyForDeploymentPostprocessing = 0;
		};
/* End PBXFrameworksBuildPhase section */

/* Begin PBXGroup section */
		C8026F711F25566900732BAE /* UIKit */ = {
			isa = PBXGroup;
			children = (
				C8026F6F1F25563D00732BAE /* Viewable+UIKit.swift */,
				C84C23631F17B9990038E879 /* UINavigationWireframe.swift */,
				C8E4B7EF1F254CCE00E9EB44 /* UISplitWireframe.swift */,
			);
			path = UIKit;
			sourceTree = "<group>";
		};
		C81D0F401F28E499007481A2 /* RemixLogicTests */ = {
			isa = PBXGroup;
			children = (
				C81D0F431F28E499007481A2 /* Info.plist */,
				C8DB6C741F2A1A07000EFA3E /* Discovery */,
				C8B48D501F2A170D0014671F /* AdvertList */,
				C8B48D511F2A17140014671F /* CategorySelection */,
				C8B48D4F1F2A17050014671F /* Helpers */,
			);
			path = RemixLogicTests;
			sourceTree = "<group>";
		};
		C84C230E1F17AB770038E879 = {
			isa = PBXGroup;
			children = (
				C84C23191F17AB770038E879 /* Remix */,
				C81D0F401F28E499007481A2 /* RemixLogicTests */,
				C84C23181F17AB770038E879 /* Products */,
			);
			sourceTree = "<group>";
		};
		C84C23181F17AB770038E879 /* Products */ = {
			isa = PBXGroup;
			children = (
				C84C23171F17AB770038E879 /* Remix.app */,
				C81D0F3F1F28E499007481A2 /* RemixLogicTests.xctest */,
			);
			name = Products;
			sourceTree = "<group>";
		};
		C84C23191F17AB770038E879 /* Remix */ = {
			isa = PBXGroup;
			children = (
				C84C233D1F17AC760038E879 /* App */,
				C84C23461F17AD6A0038E879 /* Discovery */,
				C8C2CAC91F28B3E800F37288 /* AdvertList */,
				C84C234F1F17AFF00038E879 /* AdvertDetail */,
				C84C23481F17ADDA0038E879 /* Insertion */,
				C84C23431F17AD060038E879 /* CategorySelection */,
				C84C23581F17B5AF0038E879 /* Entity */,
				C84C23601F17B7C70038E879 /* Library */,
				C88651CF1F1FB55E0085E239 /* ClassifiedAdService */,
				C88651C71F1F99840085E239 /* CategoryService */,
				C84C23211F17AB770038E879 /* Assets.xcassets */,
				C84C23231F17AB770038E879 /* LaunchScreen.storyboard */,
				C84C23261F17AB770038E879 /* Info.plist */,
			);
			path = Remix;
			sourceTree = "<group>";
		};
		C84C233D1F17AC760038E879 /* App */ = {
			isa = PBXGroup;
			children = (
				C84C231A1F17AB770038E879 /* AppDelegate.swift */,
				C84DBC951F2A02FC00C26AF6 /* AppCoordinator.swift */,
				C8D350D11F24D59B00745FFA /* NavigationAppCoordinator.swift */,
				C84D33091F24CFB9005BD99A /* SplitAppCoordinator.swift */,
			);
			path = App;
			sourceTree = "<group>";
		};
		C84C23431F17AD060038E879 /* CategorySelection */ = {
			isa = PBXGroup;
			children = (
				C89D3E581F28839500E0E264 /* CategorySelectionFeature.swift */,
				C84C233F1F17ACE20038E879 /* CategorySelectionCoordinator.swift */,
				C8B86F601F1F909400BDCE50 /* CategorySelectionInteractor.swift */,
				C8D0B9D91F28A476006C35A8 /* CategorySelectionFormatter.swift */,
				C8D0B9D71F28A41D006C35A8 /* CategorySelectionView.swift */,
				C8D0B9D41F28A085006C35A8 /* UIKit */,
			);
			path = CategorySelection;
			sourceTree = "<group>";
		};
		C84C23461F17AD6A0038E879 /* Discovery */ = {
			isa = PBXGroup;
			children = (
				C8B8FE501F28D080005B4BB9 /* NavigationDiscoveryFeature.swift */,
				C8D02AE31F28D3E600E3EA7B /* SplitDiscoveryFeature.swift */,
				C84C23471F17AD6A0038E879 /* NavigationDiscoveryCoordinator.swift */,
				C84D330B1F24D4C1005BD99A /* SplitDiscoveryCoordinator.swift */,
				C87C0A5E1F17C3FA00715A9E /* DiscoveryInteractor.swift */,
				C8B86F5C1F1F890D00BDCE50 /* DiscoveryDetailFormatter.swift */,
				C8B8FE521F28D0A1005B4BB9 /* UIKit */,
			);
			path = Discovery;
			sourceTree = "<group>";
		};
		C84C23481F17ADDA0038E879 /* Insertion */ = {
			isa = PBXGroup;
			children = (
				C84C23491F17ADFD0038E879 /* ManualCategoryInsertionCoordinator.swift */,
				C84C234B1F17AE0D0038E879 /* AutoCategoryInsertionCoordinator.swift */,
			);
			path = Insertion;
			sourceTree = "<group>";
		};
		C84C234F1F17AFF00038E879 /* AdvertDetail */ = {
			isa = PBXGroup;
			children = (
				C84C23501F17B0070038E879 /* AdvertDetailView.swift */,
				C87ACD771F28AE1400B1A73C /* UIKit */,
				C87ACD781F28AEFF00B1A73C /* Fakes */,
			);
			path = AdvertDetail;
			sourceTree = "<group>";
		};
		C84C23581F17B5AF0038E879 /* Entity */ = {
			isa = PBXGroup;
			children = (
				C849396C1F28AB3700F6348B /* Advert.swift */,
				C84C23591F17B5AF0038E879 /* Category.swift */,
			);
			path = Entity;
			sourceTree = "<group>";
		};
		C84C23601F17B7C70038E879 /* Library */ = {
			isa = PBXGroup;
			children = (
				C8E4B7F11F25533100E9EB44 /* Viewable.swift */,
				C84C23611F17B7C70038E879 /* NavigationWireframe.swift */,
				C8E4B7ED1F254C4500E9EB44 /* SplitWireframe.swift */,
				C8026F711F25566900732BAE /* UIKit */,
			);
			path = Library;
			sourceTree = "<group>";
		};
		C87ACD771F28AE1400B1A73C /* UIKit */ = {
			isa = PBXGroup;
			children = (
				C8B86F581F1F820B00BDCE50 /* AdvertDetailViewController.swift */,
				C8B86F5A1F1F83CF00BDCE50 /* AdvertDetailViewController.storyboard */,
			);
			path = UIKit;
			sourceTree = "<group>";
		};
		C87ACD781F28AEFF00B1A73C /* Fakes */ = {
			isa = PBXGroup;
			children = (
				C84C23671F17BCB00038E879 /* AdvertDetailViewFake.swift */,
			);
			path = Fakes;
			sourceTree = "<group>";
		};
		C87ACD791F28AF2500B1A73C /* Fakes */ = {
			isa = PBXGroup;
			children = (
				C84C23651F17BBBA0038E879 /* AdvertListViewFake.swift */,
			);
			path = Fakes;
			sourceTree = "<group>";
		};
		C87ACD7A1F28AF2D00B1A73C /* UIKit */ = {
			isa = PBXGroup;
			children = (
				C8289F741F28C37900D96136 /* UIAdvertListFeature.swift */,
				C8B86F541F1F7C4000BDCE50 /* AdvertListViewController.swift */,
			);
			path = UIKit;
			sourceTree = "<group>";
		};
		C88651C71F1F99840085E239 /* CategoryService */ = {
			isa = PBXGroup;
			children = (
				C88651C81F1F99840085E239 /* CategoryService.swift */,
				C88651C91F1F99C50085E239 /* MockCategoryService.swift */,
			);
			path = CategoryService;
			sourceTree = "<group>";
		};
		C88651CF1F1FB55E0085E239 /* ClassifiedAdService */ = {
			isa = PBXGroup;
			children = (
				C88651D01F1FB55E0085E239 /* AdvertService.swift */,
				C88651D21F1FB5A30085E239 /* MockAdvertService.swift */,
			);
			path = ClassifiedAdService;
			sourceTree = "<group>";
		};
		C8B48D4F1F2A17050014671F /* Helpers */ = {
			isa = PBXGroup;
			children = (
				C81D0F6B1F293FC2007481A2 /* ViewableFake.swift */,
				C8B48D4D1F2A15C20014671F /* AdvertHelpers.swift */,
				C8B48D4B1F2A14840014671F /* CategoryHelpers.swift */,
			);
			path = Helpers;
			sourceTree = "<group>";
		};
		C8B48D501F2A170D0014671F /* AdvertList */ = {
			isa = PBXGroup;
			children = (
				C84DBC971F2A12B500C26AF6 /* AdvertListInteractorTests.swift */,
				C8B48D521F2A17500014671F /* AdvertListFormatterTests.swift */,
			);
			path = AdvertList;
			sourceTree = "<group>";
		};
		C8B48D511F2A17140014671F /* CategorySelection */ = {
			isa = PBXGroup;
			children = (
				C81D0F6D1F29DEA0007481A2 /* CategorySelectionInteractorTests.swift */,
				C81D0F411F28E499007481A2 /* CategorySelectionFormatterTests.swift */,
			);
			path = CategorySelection;
			sourceTree = "<group>";
		};
		C8B8FE521F28D0A1005B4BB9 /* UIKit */ = {
			isa = PBXGroup;
			children = (
				C8B8FE4E1F28D022005B4BB9 /* UINavigationDiscoveryFeature.swift */,
				C8D02AE51F28D40900E3EA7B /* UISplitDiscoveryFeature.swift */,
			);
			path = UIKit;
			sourceTree = "<group>";
		};
		C8C2CAC91F28B3E800F37288 /* AdvertList */ = {
			isa = PBXGroup;
			children = (
				C8289F721F28C17900D96136 /* AdvertListFeature.swift */,
				C8C2CACA1F28BDF800F37288 /* AdvertListCoordinator.swift */,
				C8289F701F28C09000D96136 /* AdvertListInteractor.swift */,
				C87C0A601F17C52D00715A9E /* AdvertListFormatter.swift */,
				C84C23521F17B0C30038E879 /* AdvertListView.swift */,
				C87ACD7A1F28AF2D00B1A73C /* UIKit */,
				C87ACD791F28AF2500B1A73C /* Fakes */,
			);
			path = AdvertList;
			sourceTree = "<group>";
		};
		C8D0B9D41F28A085006C35A8 /* UIKit */ = {
			isa = PBXGroup;
			children = (
				C8D0B9D51F28A085006C35A8 /* UICategorySelectionFeature.swift */,
				C8B86F5E1F1F8E7800BDCE50 /* CategorySelectionViewController.swift */,
			);
			path = UIKit;
			sourceTree = "<group>";
		};
		C8DB6C741F2A1A07000EFA3E /* Discovery */ = {
			isa = PBXGroup;
			children = (
				C8DB6C771F2A1AF2000EFA3E /* DiscoveryInteractorTests.swift */,
				C8DB6C751F2A1A07000EFA3E /* DiscoveryDetailFormatterTests.swift */,
			);
			path = Discovery;
			sourceTree = "<group>";
		};
/* End PBXGroup section */

/* Begin PBXNativeTarget section */
		C81D0F3E1F28E499007481A2 /* RemixLogicTests */ = {
			isa = PBXNativeTarget;
			buildConfigurationList = C81D0F441F28E499007481A2 /* Build configuration list for PBXNativeTarget "RemixLogicTests" */;
			buildPhases = (
				C81D0F3B1F28E499007481A2 /* Sources */,
				C81D0F3C1F28E499007481A2 /* Frameworks */,
				C81D0F3D1F28E499007481A2 /* Resources */,
			);
			buildRules = (
			);
			dependencies = (
			);
			name = RemixLogicTests;
			productName = RemixLogicTests;
			productReference = C81D0F3F1F28E499007481A2 /* RemixLogicTests.xctest */;
			productType = "com.apple.product-type.bundle.unit-test";
		};
		C84C23161F17AB770038E879 /* Remix */ = {
			isa = PBXNativeTarget;
			buildConfigurationList = C84C23341F17AB770038E879 /* Build configuration list for PBXNativeTarget "Remix" */;
			buildPhases = (
				C84C23131F17AB770038E879 /* Sources */,
				C84C23141F17AB770038E879 /* Frameworks */,
				C84C23151F17AB770038E879 /* Resources */,
			);
			buildRules = (
			);
			dependencies = (
			);
			name = Remix;
			productName = Remix;
			productReference = C84C23171F17AB770038E879 /* Remix.app */;
			productType = "com.apple.product-type.application";
		};
/* End PBXNativeTarget section */

/* Begin PBXProject section */
		C84C230F1F17AB770038E879 /* Project object */ = {
			isa = PBXProject;
			attributes = {
				LastSwiftUpdateCheck = 0900;
				LastUpgradeCheck = 0900;
				ORGANIZATIONNAME = cutting.io;
				TargetAttributes = {
					C81D0F3E1F28E499007481A2 = {
						CreatedOnToolsVersion = 9.0;
					};
					C84C23161F17AB770038E879 = {
						CreatedOnToolsVersion = 9.0;
					};
				};
			};
			buildConfigurationList = C84C23121F17AB770038E879 /* Build configuration list for PBXProject "Remix" */;
			compatibilityVersion = "Xcode 8.0";
			developmentRegion = en;
			hasScannedForEncodings = 0;
			knownRegions = (
				en,
				Base,
			);
			mainGroup = C84C230E1F17AB770038E879;
			productRefGroup = C84C23181F17AB770038E879 /* Products */;
			projectDirPath = "";
			projectRoot = "";
			targets = (
				C84C23161F17AB770038E879 /* Remix */,
				C81D0F3E1F28E499007481A2 /* RemixLogicTests */,
			);
		};
/* End PBXProject section */

/* Begin PBXResourcesBuildPhase section */
		C81D0F3D1F28E499007481A2 /* Resources */ = {
			isa = PBXResourcesBuildPhase;
			buildActionMask = 2147483647;
			files = (
			);
			runOnlyForDeploymentPostprocessing = 0;
		};
		C84C23151F17AB770038E879 /* Resources */ = {
			isa = PBXResourcesBuildPhase;
			buildActionMask = 2147483647;
			files = (
				C84C23251F17AB770038E879 /* LaunchScreen.storyboard in Resources */,
				C8B86F5B1F1F83CF00BDCE50 /* AdvertDetailViewController.storyboard in Resources */,
				C84C23221F17AB770038E879 /* Assets.xcassets in Resources */,
			);
			runOnlyForDeploymentPostprocessing = 0;
		};
/* End PBXResourcesBuildPhase section */

/* Begin PBXSourcesBuildPhase section */
		C81D0F3B1F28E499007481A2 /* Sources */ = {
			isa = PBXSourcesBuildPhase;
			buildActionMask = 2147483647;
			files = (
				C8DB6C761F2A1A07000EFA3E /* DiscoveryDetailFormatterTests.swift in Sources */,
				C81D0F601F28E623007481A2 /* CategorySelectionFormatter.swift in Sources */,
				C81D0F671F28E636007481A2 /* AdvertService.swift in Sources */,
				C81D0F551F28E609007481A2 /* AdvertListInteractor.swift in Sources */,
				C81D0F621F28E628007481A2 /* Advert.swift in Sources */,
				C81D0F6A1F28E63A007481A2 /* MockCategoryService.swift in Sources */,
				C81D0F531F28E609007481A2 /* AdvertListFeature.swift in Sources */,
				C81D0F561F28E609007481A2 /* AdvertListFormatter.swift in Sources */,
				C8B48D4C1F2A14840014671F /* CategoryHelpers.swift in Sources */,
				C81D0F591F28E619007481A2 /* AdvertDetailView.swift in Sources */,
				C81D0F4D1F28E603007481A2 /* NavigationDiscoveryFeature.swift in Sources */,
				C81D0F641F28E62F007481A2 /* Viewable.swift in Sources */,
				C81D0F691F28E63A007481A2 /* CategoryService.swift in Sources */,
				C81D0F5C1F28E623007481A2 /* AutoCategoryInsertionCoordinator.swift in Sources */,
				C81D0F571F28E609007481A2 /* AdvertListView.swift in Sources */,
				C81D0F541F28E609007481A2 /* AdvertListCoordinator.swift in Sources */,
				C81D0F581F28E611007481A2 /* AdvertListViewFake.swift in Sources */,
				C81D0F651F28E62F007481A2 /* NavigationWireframe.swift in Sources */,
				C81D0F661F28E62F007481A2 /* SplitWireframe.swift in Sources */,
				C81D0F5F1F28E623007481A2 /* CategorySelectionInteractor.swift in Sources */,
				C81D0F511F28E603007481A2 /* DiscoveryInteractor.swift in Sources */,
				C81D0F6C1F293FC2007481A2 /* ViewableFake.swift in Sources */,
				C81D0F421F28E499007481A2 /* CategorySelectionFormatterTests.swift in Sources */,
				C81D0F501F28E603007481A2 /* SplitDiscoveryCoordinator.swift in Sources */,
				C81D0F6E1F29DEA0007481A2 /* CategorySelectionInteractorTests.swift in Sources */,
				C81D0F5A1F28E619007481A2 /* AdvertDetailViewFake.swift in Sources */,
				C84DBC981F2A12B500C26AF6 /* AdvertListInteractorTests.swift in Sources */,
				C81D0F5D1F28E623007481A2 /* CategorySelectionFeature.swift in Sources */,
				C8DB6C781F2A1AF2000EFA3E /* DiscoveryInteractorTests.swift in Sources */,
				C81D0F521F28E603007481A2 /* DiscoveryDetailFormatter.swift in Sources */,
				C8B48D531F2A17500014671F /* AdvertListFormatterTests.swift in Sources */,
				C81D0F4E1F28E603007481A2 /* SplitDiscoveryFeature.swift in Sources */,
				C81D0F5E1F28E623007481A2 /* CategorySelectionCoordinator.swift in Sources */,
				C81D0F611F28E623007481A2 /* CategorySelectionView.swift in Sources */,
				C8B48D4E1F2A15C20014671F /* AdvertHelpers.swift in Sources */,
				C81D0F5B1F28E623007481A2 /* ManualCategoryInsertionCoordinator.swift in Sources */,
				C81D0F4F1F28E603007481A2 /* NavigationDiscoveryCoordinator.swift in Sources */,
				C81D0F631F28E628007481A2 /* Category.swift in Sources */,
				C81D0F681F28E636007481A2 /* MockAdvertService.swift in Sources */,
			);
			runOnlyForDeploymentPostprocessing = 0;
		};
		C84C23131F17AB770038E879 /* Sources */ = {
			isa = PBXSourcesBuildPhase;
			buildActionMask = 2147483647;
			files = (
				C84DBC961F2A02FC00C26AF6 /* AppCoordinator.swift in Sources */,
				C87C0A611F17C52D00715A9E /* AdvertListFormatter.swift in Sources */,
				C849396D1F28AB3800F6348B /* Advert.swift in Sources */,
				C84D330A1F24CFB9005BD99A /* SplitAppCoordinator.swift in Sources */,
				C84C23641F17B9990038E879 /* UINavigationWireframe.swift in Sources */,
				C84C23401F17ACE20038E879 /* CategorySelectionCoordinator.swift in Sources */,
				C8D0B9D81F28A41D006C35A8 /* CategorySelectionView.swift in Sources */,
				C8E4B7EA1F25397100E9EB44 /* SplitDiscoveryCoordinator.swift in Sources */,
				C84C23511F17B0070038E879 /* AdvertDetailView.swift in Sources */,
				C8D02AE41F28D3E600E3EA7B /* SplitDiscoveryFeature.swift in Sources */,
				C8E4B7F01F254CCE00E9EB44 /* UISplitWireframe.swift in Sources */,
				C88651D31F1FB5A30085E239 /* MockAdvertService.swift in Sources */,
				C84C234C1F17AE0D0038E879 /* AutoCategoryInsertionCoordinator.swift in Sources */,
				C8E4B7F21F25533100E9EB44 /* Viewable.swift in Sources */,
				C8289F731F28C17900D96136 /* AdvertListFeature.swift in Sources */,
				C8026F701F25563D00732BAE /* Viewable+UIKit.swift in Sources */,
				C8B8FE511F28D080005B4BB9 /* NavigationDiscoveryFeature.swift in Sources */,
				C84C234D1F17AE960038E879 /* NavigationDiscoveryCoordinator.swift in Sources */,
				C87C0A5F1F17C3FA00715A9E /* DiscoveryInteractor.swift in Sources */,
				C8D350D21F24D5D600745FFA /* NavigationAppCoordinator.swift in Sources */,
				C84C23531F17B0C30038E879 /* AdvertListView.swift in Sources */,
				C8E4B7EE1F254C9B00E9EB44 /* SplitWireframe.swift in Sources */,
				C8B86F591F1F820B00BDCE50 /* AdvertDetailViewController.swift in Sources */,
				C84C234A1F17ADFD0038E879 /* ManualCategoryInsertionCoordinator.swift in Sources */,
				C8C2CACB1F28BDF800F37288 /* AdvertListCoordinator.swift in Sources */,
				C8B8FE4F1F28D022005B4BB9 /* UINavigationDiscoveryFeature.swift in Sources */,
				C84C231B1F17AB770038E879 /* AppDelegate.swift in Sources */,
				C8D0B9D61F28A085006C35A8 /* UICategorySelectionFeature.swift in Sources */,
				C88651CB1F1F99E60085E239 /* CategoryService.swift in Sources */,
				C84C23661F17BBBA0038E879 /* AdvertListViewFake.swift in Sources */,
				C8D0B9DA1F28A476006C35A8 /* CategorySelectionFormatter.swift in Sources */,
				C8289F711F28C09000D96136 /* AdvertListInteractor.swift in Sources */,
				C89D3E591F28839500E0E264 /* CategorySelectionFeature.swift in Sources */,
				C8B86F551F1F7C4000BDCE50 /* AdvertListViewController.swift in Sources */,
				C8D02AE61F28D40900E3EA7B /* UISplitDiscoveryFeature.swift in Sources */,
				C8B86F5D1F1F890D00BDCE50 /* DiscoveryDetailFormatter.swift in Sources */,
				C84C235C1F17B5FF0038E879 /* Category.swift in Sources */,
				C8289F751F28C37900D96136 /* UIAdvertListFeature.swift in Sources */,
				C84C23681F17BCB00038E879 /* AdvertDetailViewFake.swift in Sources */,
				C8B86F611F1F909400BDCE50 /* CategorySelectionInteractor.swift in Sources */,
				C88651CA1F1F99C50085E239 /* MockCategoryService.swift in Sources */,
				C88651D11F1FB5670085E239 /* AdvertService.swift in Sources */,
				C84C23621F17B7DB0038E879 /* NavigationWireframe.swift in Sources */,
				C8B86F5F1F1F8E7800BDCE50 /* CategorySelectionViewController.swift in Sources */,
			);
			runOnlyForDeploymentPostprocessing = 0;
		};
/* End PBXSourcesBuildPhase section */

/* Begin PBXVariantGroup section */
		C84C23231F17AB770038E879 /* LaunchScreen.storyboard */ = {
			isa = PBXVariantGroup;
			children = (
				C84C23241F17AB770038E879 /* Base */,
			);
			name = LaunchScreen.storyboard;
			sourceTree = "<group>";
		};
/* End PBXVariantGroup section */

/* Begin XCBuildConfiguration section */
		C81D0F451F28E499007481A2 /* Debug */ = {
			isa = XCBuildConfiguration;
			buildSettings = {
				CODE_SIGN_IDENTITY = "Mac Developer";
				COMBINE_HIDPI_IMAGES = YES;
				DEVELOPMENT_TEAM = 3H86HRS574;
				INFOPLIST_FILE = RemixLogicTests/Info.plist;
				LD_RUNPATH_SEARCH_PATHS = "$(inherited) @executable_path/../Frameworks @loader_path/../Frameworks";
				MACOSX_DEPLOYMENT_TARGET = 10.12;
				PRODUCT_BUNDLE_IDENTIFIER = io.cutting.RemixLogicTests;
				PRODUCT_NAME = "$(TARGET_NAME)";
				SDKROOT = macosx;
				SWIFT_VERSION = 4.0;
			};
			name = Debug;
		};
		C81D0F461F28E499007481A2 /* Release */ = {
			isa = XCBuildConfiguration;
			buildSettings = {
				CODE_SIGN_IDENTITY = "Mac Developer";
				COMBINE_HIDPI_IMAGES = YES;
				DEVELOPMENT_TEAM = 3H86HRS574;
				INFOPLIST_FILE = RemixLogicTests/Info.plist;
				LD_RUNPATH_SEARCH_PATHS = "$(inherited) @executable_path/../Frameworks @loader_path/../Frameworks";
				MACOSX_DEPLOYMENT_TARGET = 10.12;
				PRODUCT_BUNDLE_IDENTIFIER = io.cutting.RemixLogicTests;
				PRODUCT_NAME = "$(TARGET_NAME)";
				SDKROOT = macosx;
				SWIFT_VERSION = 4.0;
			};
			name = Release;
		};
		C84C23321F17AB770038E879 /* Debug */ = {
			isa = XCBuildConfiguration;
			buildSettings = {
				ALWAYS_SEARCH_USER_PATHS = NO;
				CLANG_ANALYZER_NONNULL = YES;
				CLANG_ANALYZER_NUMBER_OBJECT_CONVERSION = YES_AGGRESSIVE;
				CLANG_CXX_LANGUAGE_STANDARD = "gnu++14";
				CLANG_CXX_LIBRARY = "libc++";
				CLANG_ENABLE_MODULES = YES;
				CLANG_ENABLE_OBJC_ARC = YES;
				CLANG_WARN_BLOCK_CAPTURE_AUTORELEASING = YES;
				CLANG_WARN_BOOL_CONVERSION = YES;
				CLANG_WARN_COMMA = YES;
				CLANG_WARN_CONSTANT_CONVERSION = YES;
				CLANG_WARN_DIRECT_OBJC_ISA_USAGE = YES_ERROR;
				CLANG_WARN_DOCUMENTATION_COMMENTS = YES;
				CLANG_WARN_EMPTY_BODY = YES;
				CLANG_WARN_ENUM_CONVERSION = YES;
				CLANG_WARN_INFINITE_RECURSION = YES;
				CLANG_WARN_INT_CONVERSION = YES;
				CLANG_WARN_NON_LITERAL_NULL_CONVERSION = YES;
				CLANG_WARN_OBJC_LITERAL_CONVERSION = YES;
				CLANG_WARN_OBJC_ROOT_CLASS = YES_ERROR;
				CLANG_WARN_RANGE_LOOP_ANALYSIS = YES;
				CLANG_WARN_STRICT_PROTOTYPES = YES;
				CLANG_WARN_SUSPICIOUS_MOVE = YES;
				CLANG_WARN_UNGUARDED_AVAILABILITY = YES_AGGRESSIVE;
				CLANG_WARN_UNREACHABLE_CODE = YES;
				CLANG_WARN__DUPLICATE_METHOD_MATCH = YES;
				CODE_SIGN_IDENTITY = "iPhone Developer";
				COPY_PHASE_STRIP = NO;
				DEBUG_INFORMATION_FORMAT = dwarf;
				ENABLE_STRICT_OBJC_MSGSEND = YES;
				ENABLE_TESTABILITY = YES;
				GCC_C_LANGUAGE_STANDARD = gnu11;
				GCC_DYNAMIC_NO_PIC = NO;
				GCC_NO_COMMON_BLOCKS = YES;
				GCC_OPTIMIZATION_LEVEL = 0;
				GCC_PREPROCESSOR_DEFINITIONS = (
					"DEBUG=1",
					"$(inherited)",
				);
				GCC_WARN_64_TO_32_BIT_CONVERSION = YES;
				GCC_WARN_ABOUT_RETURN_TYPE = YES_ERROR;
				GCC_WARN_UNDECLARED_SELECTOR = YES;
				GCC_WARN_UNINITIALIZED_AUTOS = YES_AGGRESSIVE;
				GCC_WARN_UNUSED_FUNCTION = YES;
				GCC_WARN_UNUSED_VARIABLE = YES;
				IPHONEOS_DEPLOYMENT_TARGET = 10.3;
				MTL_ENABLE_DEBUG_INFO = YES;
				ONLY_ACTIVE_ARCH = YES;
				SDKROOT = iphoneos;
				SWIFT_ACTIVE_COMPILATION_CONDITIONS = DEBUG;
				SWIFT_OPTIMIZATION_LEVEL = "-Onone";
			};
			name = Debug;
		};
		C84C23331F17AB770038E879 /* Release */ = {
			isa = XCBuildConfiguration;
			buildSettings = {
				ALWAYS_SEARCH_USER_PATHS = NO;
				CLANG_ANALYZER_NONNULL = YES;
				CLANG_ANALYZER_NUMBER_OBJECT_CONVERSION = YES_AGGRESSIVE;
				CLANG_CXX_LANGUAGE_STANDARD = "gnu++14";
				CLANG_CXX_LIBRARY = "libc++";
				CLANG_ENABLE_MODULES = YES;
				CLANG_ENABLE_OBJC_ARC = YES;
				CLANG_WARN_BLOCK_CAPTURE_AUTORELEASING = YES;
				CLANG_WARN_BOOL_CONVERSION = YES;
				CLANG_WARN_COMMA = YES;
				CLANG_WARN_CONSTANT_CONVERSION = YES;
				CLANG_WARN_DIRECT_OBJC_ISA_USAGE = YES_ERROR;
				CLANG_WARN_DOCUMENTATION_COMMENTS = YES;
				CLANG_WARN_EMPTY_BODY = YES;
				CLANG_WARN_ENUM_CONVERSION = YES;
				CLANG_WARN_INFINITE_RECURSION = YES;
				CLANG_WARN_INT_CONVERSION = YES;
				CLANG_WARN_NON_LITERAL_NULL_CONVERSION = YES;
				CLANG_WARN_OBJC_LITERAL_CONVERSION = YES;
				CLANG_WARN_OBJC_ROOT_CLASS = YES_ERROR;
				CLANG_WARN_RANGE_LOOP_ANALYSIS = YES;
				CLANG_WARN_STRICT_PROTOTYPES = YES;
				CLANG_WARN_SUSPICIOUS_MOVE = YES;
				CLANG_WARN_UNGUARDED_AVAILABILITY = YES_AGGRESSIVE;
				CLANG_WARN_UNREACHABLE_CODE = YES;
				CLANG_WARN__DUPLICATE_METHOD_MATCH = YES;
				CODE_SIGN_IDENTITY = "iPhone Developer";
				COPY_PHASE_STRIP = NO;
				DEBUG_INFORMATION_FORMAT = "dwarf-with-dsym";
				ENABLE_NS_ASSERTIONS = NO;
				ENABLE_STRICT_OBJC_MSGSEND = YES;
				GCC_C_LANGUAGE_STANDARD = gnu11;
				GCC_NO_COMMON_BLOCKS = YES;
				GCC_WARN_64_TO_32_BIT_CONVERSION = YES;
				GCC_WARN_ABOUT_RETURN_TYPE = YES_ERROR;
				GCC_WARN_UNDECLARED_SELECTOR = YES;
				GCC_WARN_UNINITIALIZED_AUTOS = YES_AGGRESSIVE;
				GCC_WARN_UNUSED_FUNCTION = YES;
				GCC_WARN_UNUSED_VARIABLE = YES;
				IPHONEOS_DEPLOYMENT_TARGET = 10.3;
				MTL_ENABLE_DEBUG_INFO = NO;
				SDKROOT = iphoneos;
				SWIFT_OPTIMIZATION_LEVEL = "-Owholemodule";
				VALIDATE_PRODUCT = YES;
			};
			name = Release;
		};
		C84C23351F17AB770038E879 /* Debug */ = {
			isa = XCBuildConfiguration;
			buildSettings = {
				ASSETCATALOG_COMPILER_APPICON_NAME = AppIcon;
				DEVELOPMENT_TEAM = 3H86HRS574;
				INFOPLIST_FILE = Remix/Info.plist;
				LD_RUNPATH_SEARCH_PATHS = "$(inherited) @executable_path/Frameworks";
				PRODUCT_BUNDLE_IDENTIFIER = io.cutting.Remix;
				PRODUCT_NAME = "$(TARGET_NAME)";
				SWIFT_VERSION = 4.0;
				TARGETED_DEVICE_FAMILY = "1,2";
			};
			name = Debug;
		};
		C84C23361F17AB770038E879 /* Release */ = {
			isa = XCBuildConfiguration;
			buildSettings = {
				ASSETCATALOG_COMPILER_APPICON_NAME = AppIcon;
				DEVELOPMENT_TEAM = 3H86HRS574;
				INFOPLIST_FILE = Remix/Info.plist;
				LD_RUNPATH_SEARCH_PATHS = "$(inherited) @executable_path/Frameworks";
				PRODUCT_BUNDLE_IDENTIFIER = io.cutting.Remix;
				PRODUCT_NAME = "$(TARGET_NAME)";
				SWIFT_VERSION = 4.0;
				TARGETED_DEVICE_FAMILY = "1,2";
			};
			name = Release;
		};
/* End XCBuildConfiguration section */

/* Begin XCConfigurationList section */
		C81D0F441F28E499007481A2 /* Build configuration list for PBXNativeTarget "RemixLogicTests" */ = {
			isa = XCConfigurationList;
			buildConfigurations = (
				C81D0F451F28E499007481A2 /* Debug */,
				C81D0F461F28E499007481A2 /* Release */,
			);
			defaultConfigurationIsVisible = 0;
			defaultConfigurationName = Release;
		};
		C84C23121F17AB770038E879 /* Build configuration list for PBXProject "Remix" */ = {
			isa = XCConfigurationList;
			buildConfigurations = (
				C84C23321F17AB770038E879 /* Debug */,
				C84C23331F17AB770038E879 /* Release */,
			);
			defaultConfigurationIsVisible = 0;
			defaultConfigurationName = Release;
		};
		C84C23341F17AB770038E879 /* Build configuration list for PBXNativeTarget "Remix" */ = {
			isa = XCConfigurationList;
			buildConfigurations = (
				C84C23351F17AB770038E879 /* Debug */,
				C84C23361F17AB770038E879 /* Release */,
			);
			defaultConfigurationIsVisible = 0;
			defaultConfigurationName = Release;
		};
/* End XCConfigurationList section */
	};
	rootObject = C84C230F1F17AB770038E879 /* Project object */;
}
