// !$*UTF8*$!
{
	archiveVersion = 1;
	classes = {
	};
	objectVersion = 48;
	objects = {

/* Begin PBXBuildFile section */
		C8026F701F25563D00732BAE /* Viewable+UIKit.swift in Sources */ = {isa = PBXBuildFile; fileRef = C8026F6F1F25563D00732BAE /* Viewable+UIKit.swift */; };
		C849396D1F28AB3800F6348B /* Advert.swift in Sources */ = {isa = PBXBuildFile; fileRef = C849396C1F28AB3700F6348B /* Advert.swift */; };
		C84C231B1F17AB770038E879 /* AppDelegate.swift in Sources */ = {isa = PBXBuildFile; fileRef = C84C231A1F17AB770038E879 /* AppDelegate.swift */; };
		C84C23221F17AB770038E879 /* Assets.xcassets in Resources */ = {isa = PBXBuildFile; fileRef = C84C23211F17AB770038E879 /* Assets.xcassets */; };
		C84C23251F17AB770038E879 /* LaunchScreen.storyboard in Resources */ = {isa = PBXBuildFile; fileRef = C84C23231F17AB770038E879 /* LaunchScreen.storyboard */; };
		C84C23301F17AB770038E879 /* RemixTests.swift in Sources */ = {isa = PBXBuildFile; fileRef = C84C232F1F17AB770038E879 /* RemixTests.swift */; };
		C84C23401F17ACE20038E879 /* CategorySelectionCoordinator.swift in Sources */ = {isa = PBXBuildFile; fileRef = C84C233F1F17ACE20038E879 /* CategorySelectionCoordinator.swift */; };
		C84C234A1F17ADFD0038E879 /* ManualCategoryInsertionCoordinator.swift in Sources */ = {isa = PBXBuildFile; fileRef = C84C23491F17ADFD0038E879 /* ManualCategoryInsertionCoordinator.swift */; };
		C84C234C1F17AE0D0038E879 /* AutoCategoryInsertionCoordinator.swift in Sources */ = {isa = PBXBuildFile; fileRef = C84C234B1F17AE0D0038E879 /* AutoCategoryInsertionCoordinator.swift */; };
		C84C234D1F17AE960038E879 /* NavigationDiscoveryCoordinator.swift in Sources */ = {isa = PBXBuildFile; fileRef = C84C23471F17AD6A0038E879 /* NavigationDiscoveryCoordinator.swift */; };
		C84C23511F17B0070038E879 /* DetailView.swift in Sources */ = {isa = PBXBuildFile; fileRef = C84C23501F17B0070038E879 /* DetailView.swift */; };
		C84C23531F17B0C30038E879 /* DiscoveryListView.swift in Sources */ = {isa = PBXBuildFile; fileRef = C84C23521F17B0C30038E879 /* DiscoveryListView.swift */; };
		C84C235C1F17B5FF0038E879 /* Category.swift in Sources */ = {isa = PBXBuildFile; fileRef = C84C23591F17B5AF0038E879 /* Category.swift */; };
		C84C23621F17B7DB0038E879 /* NavigationWireframe.swift in Sources */ = {isa = PBXBuildFile; fileRef = C84C23611F17B7C70038E879 /* NavigationWireframe.swift */; };
		C84C23641F17B9990038E879 /* UINavigationWireframe.swift in Sources */ = {isa = PBXBuildFile; fileRef = C84C23631F17B9990038E879 /* UINavigationWireframe.swift */; };
		C84C23661F17BBBA0038E879 /* DiscoveryListViewFake.swift in Sources */ = {isa = PBXBuildFile; fileRef = C84C23651F17BBBA0038E879 /* DiscoveryListViewFake.swift */; };
		C84C23681F17BCB00038E879 /* DetailViewFake.swift in Sources */ = {isa = PBXBuildFile; fileRef = C84C23671F17BCB00038E879 /* DetailViewFake.swift */; };
		C84D330A1F24CFB9005BD99A /* SplitAppCoordinator.swift in Sources */ = {isa = PBXBuildFile; fileRef = C84D33091F24CFB9005BD99A /* SplitAppCoordinator.swift */; };
		C87C0A5F1F17C3FA00715A9E /* DiscoveryInteractor.swift in Sources */ = {isa = PBXBuildFile; fileRef = C87C0A5E1F17C3FA00715A9E /* DiscoveryInteractor.swift */; };
		C87C0A611F17C52D00715A9E /* DiscoveryListFormatter.swift in Sources */ = {isa = PBXBuildFile; fileRef = C87C0A601F17C52D00715A9E /* DiscoveryListFormatter.swift */; };
		C88651CA1F1F99C50085E239 /* SampleCategoryService.swift in Sources */ = {isa = PBXBuildFile; fileRef = C88651C91F1F99C50085E239 /* SampleCategoryService.swift */; };
		C88651CB1F1F99E60085E239 /* CategoryService.swift in Sources */ = {isa = PBXBuildFile; fileRef = C88651C81F1F99840085E239 /* CategoryService.swift */; };
		C88651D11F1FB5670085E239 /* AdvertService.swift in Sources */ = {isa = PBXBuildFile; fileRef = C88651D01F1FB55E0085E239 /* AdvertService.swift */; };
		C88651D31F1FB5A30085E239 /* SampleAdvertService.swift in Sources */ = {isa = PBXBuildFile; fileRef = C88651D21F1FB5A30085E239 /* SampleAdvertService.swift */; };
		C89D3E591F28839500E0E264 /* CategorySelectionFeature.swift in Sources */ = {isa = PBXBuildFile; fileRef = C89D3E581F28839500E0E264 /* CategorySelectionFeature.swift */; };
		C8B86F551F1F7C4000BDCE50 /* DiscoveryListViewController.swift in Sources */ = {isa = PBXBuildFile; fileRef = C8B86F541F1F7C4000BDCE50 /* DiscoveryListViewController.swift */; };
		C8B86F591F1F820B00BDCE50 /* DetailViewController.swift in Sources */ = {isa = PBXBuildFile; fileRef = C8B86F581F1F820B00BDCE50 /* DetailViewController.swift */; };
		C8B86F5B1F1F83CF00BDCE50 /* DetailViewController.storyboard in Resources */ = {isa = PBXBuildFile; fileRef = C8B86F5A1F1F83CF00BDCE50 /* DetailViewController.storyboard */; };
		C8B86F5D1F1F890D00BDCE50 /* DiscoveryDetailFormatter.swift in Sources */ = {isa = PBXBuildFile; fileRef = C8B86F5C1F1F890D00BDCE50 /* DiscoveryDetailFormatter.swift */; };
		C8B86F5F1F1F8E7800BDCE50 /* CategorySelectionViewController.swift in Sources */ = {isa = PBXBuildFile; fileRef = C8B86F5E1F1F8E7800BDCE50 /* CategorySelectionViewController.swift */; };
		C8B86F611F1F909400BDCE50 /* CategorySelectionInteractor.swift in Sources */ = {isa = PBXBuildFile; fileRef = C8B86F601F1F909400BDCE50 /* CategorySelectionInteractor.swift */; };
		C8D0B9D61F28A085006C35A8 /* UICategorySelectionFeature.swift in Sources */ = {isa = PBXBuildFile; fileRef = C8D0B9D51F28A085006C35A8 /* UICategorySelectionFeature.swift */; };
		C8D0B9D81F28A41D006C35A8 /* CategorySelectionView.swift in Sources */ = {isa = PBXBuildFile; fileRef = C8D0B9D71F28A41D006C35A8 /* CategorySelectionView.swift */; };
		C8D0B9DA1F28A476006C35A8 /* CategorySelectionFormatter.swift in Sources */ = {isa = PBXBuildFile; fileRef = C8D0B9D91F28A476006C35A8 /* CategorySelectionFormatter.swift */; };
		C8D350D21F24D5D600745FFA /* NavigationAppCoordinator.swift in Sources */ = {isa = PBXBuildFile; fileRef = C8D350D11F24D59B00745FFA /* NavigationAppCoordinator.swift */; };
		C8E4B7EA1F25397100E9EB44 /* SplitDiscoveryCoordinator.swift in Sources */ = {isa = PBXBuildFile; fileRef = C84D330B1F24D4C1005BD99A /* SplitDiscoveryCoordinator.swift */; };
		C8E4B7EE1F254C9B00E9EB44 /* SplitWireframe.swift in Sources */ = {isa = PBXBuildFile; fileRef = C8E4B7ED1F254C4500E9EB44 /* SplitWireframe.swift */; };
		C8E4B7F01F254CCE00E9EB44 /* UISplitWireframe.swift in Sources */ = {isa = PBXBuildFile; fileRef = C8E4B7EF1F254CCE00E9EB44 /* UISplitWireframe.swift */; };
		C8E4B7F21F25533100E9EB44 /* Viewable.swift in Sources */ = {isa = PBXBuildFile; fileRef = C8E4B7F11F25533100E9EB44 /* Viewable.swift */; };
/* End PBXBuildFile section */

/* Begin PBXContainerItemProxy section */
		C84C232C1F17AB770038E879 /* PBXContainerItemProxy */ = {
			isa = PBXContainerItemProxy;
			containerPortal = C84C230F1F17AB770038E879 /* Project object */;
			proxyType = 1;
			remoteGlobalIDString = C84C23161F17AB770038E879;
			remoteInfo = Remix;
		};
/* End PBXContainerItemProxy section */

/* Begin PBXFileReference section */
		C8026F6F1F25563D00732BAE /* Viewable+UIKit.swift */ = {isa = PBXFileReference; lastKnownFileType = sourcecode.swift; path = "Viewable+UIKit.swift"; sourceTree = "<group>"; };
		C849396C1F28AB3700F6348B /* Advert.swift */ = {isa = PBXFileReference; fileEncoding = 4; lastKnownFileType = sourcecode.swift; path = Advert.swift; sourceTree = "<group>"; };
		C84C23171F17AB770038E879 /* Remix.app */ = {isa = PBXFileReference; explicitFileType = wrapper.application; includeInIndex = 0; path = Remix.app; sourceTree = BUILT_PRODUCTS_DIR; };
		C84C231A1F17AB770038E879 /* AppDelegate.swift */ = {isa = PBXFileReference; lastKnownFileType = sourcecode.swift; path = AppDelegate.swift; sourceTree = "<group>"; };
		C84C23211F17AB770038E879 /* Assets.xcassets */ = {isa = PBXFileReference; lastKnownFileType = folder.assetcatalog; path = Assets.xcassets; sourceTree = "<group>"; };
		C84C23241F17AB770038E879 /* Base */ = {isa = PBXFileReference; lastKnownFileType = file.storyboard; name = Base; path = Base.lproj/LaunchScreen.storyboard; sourceTree = "<group>"; };
		C84C23261F17AB770038E879 /* Info.plist */ = {isa = PBXFileReference; lastKnownFileType = text.plist.xml; path = Info.plist; sourceTree = "<group>"; };
		C84C232B1F17AB770038E879 /* RemixTests.xctest */ = {isa = PBXFileReference; explicitFileType = wrapper.cfbundle; includeInIndex = 0; path = RemixTests.xctest; sourceTree = BUILT_PRODUCTS_DIR; };
		C84C232F1F17AB770038E879 /* RemixTests.swift */ = {isa = PBXFileReference; lastKnownFileType = sourcecode.swift; path = RemixTests.swift; sourceTree = "<group>"; };
		C84C23311F17AB770038E879 /* Info.plist */ = {isa = PBXFileReference; lastKnownFileType = text.plist.xml; path = Info.plist; sourceTree = "<group>"; };
		C84C233F1F17ACE20038E879 /* CategorySelectionCoordinator.swift */ = {isa = PBXFileReference; lastKnownFileType = sourcecode.swift; path = CategorySelectionCoordinator.swift; sourceTree = "<group>"; };
		C84C23471F17AD6A0038E879 /* NavigationDiscoveryCoordinator.swift */ = {isa = PBXFileReference; lastKnownFileType = sourcecode.swift; path = NavigationDiscoveryCoordinator.swift; sourceTree = "<group>"; };
		C84C23491F17ADFD0038E879 /* ManualCategoryInsertionCoordinator.swift */ = {isa = PBXFileReference; lastKnownFileType = sourcecode.swift; path = ManualCategoryInsertionCoordinator.swift; sourceTree = "<group>"; };
		C84C234B1F17AE0D0038E879 /* AutoCategoryInsertionCoordinator.swift */ = {isa = PBXFileReference; lastKnownFileType = sourcecode.swift; path = AutoCategoryInsertionCoordinator.swift; sourceTree = "<group>"; };
		C84C23501F17B0070038E879 /* DetailView.swift */ = {isa = PBXFileReference; lastKnownFileType = sourcecode.swift; path = DetailView.swift; sourceTree = "<group>"; };
		C84C23521F17B0C30038E879 /* DiscoveryListView.swift */ = {isa = PBXFileReference; lastKnownFileType = sourcecode.swift; path = DiscoveryListView.swift; sourceTree = "<group>"; };
		C84C23591F17B5AF0038E879 /* Category.swift */ = {isa = PBXFileReference; lastKnownFileType = sourcecode.swift; path = Category.swift; sourceTree = "<group>"; };
		C84C23611F17B7C70038E879 /* NavigationWireframe.swift */ = {isa = PBXFileReference; lastKnownFileType = sourcecode.swift; path = NavigationWireframe.swift; sourceTree = "<group>"; };
		C84C23631F17B9990038E879 /* UINavigationWireframe.swift */ = {isa = PBXFileReference; lastKnownFileType = sourcecode.swift; path = UINavigationWireframe.swift; sourceTree = "<group>"; };
		C84C23651F17BBBA0038E879 /* DiscoveryListViewFake.swift */ = {isa = PBXFileReference; lastKnownFileType = sourcecode.swift; path = DiscoveryListViewFake.swift; sourceTree = "<group>"; };
		C84C23671F17BCB00038E879 /* DetailViewFake.swift */ = {isa = PBXFileReference; lastKnownFileType = sourcecode.swift; path = DetailViewFake.swift; sourceTree = "<group>"; };
		C84D33091F24CFB9005BD99A /* SplitAppCoordinator.swift */ = {isa = PBXFileReference; lastKnownFileType = sourcecode.swift; path = SplitAppCoordinator.swift; sourceTree = "<group>"; };
		C84D330B1F24D4C1005BD99A /* SplitDiscoveryCoordinator.swift */ = {isa = PBXFileReference; lastKnownFileType = sourcecode.swift; path = SplitDiscoveryCoordinator.swift; sourceTree = "<group>"; };
		C87C0A5E1F17C3FA00715A9E /* DiscoveryInteractor.swift */ = {isa = PBXFileReference; lastKnownFileType = sourcecode.swift; path = DiscoveryInteractor.swift; sourceTree = "<group>"; };
		C87C0A601F17C52D00715A9E /* DiscoveryListFormatter.swift */ = {isa = PBXFileReference; lastKnownFileType = sourcecode.swift; path = DiscoveryListFormatter.swift; sourceTree = "<group>"; };
		C88651C81F1F99840085E239 /* CategoryService.swift */ = {isa = PBXFileReference; lastKnownFileType = sourcecode.swift; path = CategoryService.swift; sourceTree = "<group>"; };
		C88651C91F1F99C50085E239 /* SampleCategoryService.swift */ = {isa = PBXFileReference; lastKnownFileType = sourcecode.swift; path = SampleCategoryService.swift; sourceTree = "<group>"; };
		C88651D01F1FB55E0085E239 /* AdvertService.swift */ = {isa = PBXFileReference; lastKnownFileType = sourcecode.swift; path = AdvertService.swift; sourceTree = "<group>"; };
		C88651D21F1FB5A30085E239 /* SampleAdvertService.swift */ = {isa = PBXFileReference; lastKnownFileType = sourcecode.swift; path = SampleAdvertService.swift; sourceTree = "<group>"; };
		C89D3E581F28839500E0E264 /* CategorySelectionFeature.swift */ = {isa = PBXFileReference; lastKnownFileType = sourcecode.swift; path = CategorySelectionFeature.swift; sourceTree = "<group>"; };
		C8B86F541F1F7C4000BDCE50 /* DiscoveryListViewController.swift */ = {isa = PBXFileReference; lastKnownFileType = sourcecode.swift; path = DiscoveryListViewController.swift; sourceTree = "<group>"; };
		C8B86F581F1F820B00BDCE50 /* DetailViewController.swift */ = {isa = PBXFileReference; lastKnownFileType = sourcecode.swift; path = DetailViewController.swift; sourceTree = "<group>"; };
		C8B86F5A1F1F83CF00BDCE50 /* DetailViewController.storyboard */ = {isa = PBXFileReference; lastKnownFileType = file.storyboard; path = DetailViewController.storyboard; sourceTree = "<group>"; };
		C8B86F5C1F1F890D00BDCE50 /* DiscoveryDetailFormatter.swift */ = {isa = PBXFileReference; lastKnownFileType = sourcecode.swift; path = DiscoveryDetailFormatter.swift; sourceTree = "<group>"; };
		C8B86F5E1F1F8E7800BDCE50 /* CategorySelectionViewController.swift */ = {isa = PBXFileReference; lastKnownFileType = sourcecode.swift; path = CategorySelectionViewController.swift; sourceTree = "<group>"; };
		C8B86F601F1F909400BDCE50 /* CategorySelectionInteractor.swift */ = {isa = PBXFileReference; lastKnownFileType = sourcecode.swift; path = CategorySelectionInteractor.swift; sourceTree = "<group>"; };
		C8D0B9D51F28A085006C35A8 /* UICategorySelectionFeature.swift */ = {isa = PBXFileReference; fileEncoding = 4; lastKnownFileType = sourcecode.swift; path = UICategorySelectionFeature.swift; sourceTree = "<group>"; };
		C8D0B9D71F28A41D006C35A8 /* CategorySelectionView.swift */ = {isa = PBXFileReference; fileEncoding = 4; lastKnownFileType = sourcecode.swift; path = CategorySelectionView.swift; sourceTree = "<group>"; };
		C8D0B9D91F28A476006C35A8 /* CategorySelectionFormatter.swift */ = {isa = PBXFileReference; fileEncoding = 4; lastKnownFileType = sourcecode.swift; path = CategorySelectionFormatter.swift; sourceTree = "<group>"; };
		C8D350D11F24D59B00745FFA /* NavigationAppCoordinator.swift */ = {isa = PBXFileReference; lastKnownFileType = sourcecode.swift; path = NavigationAppCoordinator.swift; sourceTree = "<group>"; };
		C8E4B7ED1F254C4500E9EB44 /* SplitWireframe.swift */ = {isa = PBXFileReference; lastKnownFileType = sourcecode.swift; path = SplitWireframe.swift; sourceTree = "<group>"; };
		C8E4B7EF1F254CCE00E9EB44 /* UISplitWireframe.swift */ = {isa = PBXFileReference; lastKnownFileType = sourcecode.swift; path = UISplitWireframe.swift; sourceTree = "<group>"; };
		C8E4B7F11F25533100E9EB44 /* Viewable.swift */ = {isa = PBXFileReference; lastKnownFileType = sourcecode.swift; path = Viewable.swift; sourceTree = "<group>"; };
/* End PBXFileReference section */

/* Begin PBXFrameworksBuildPhase section */
		C84C23141F17AB770038E879 /* Frameworks */ = {
			isa = PBXFrameworksBuildPhase;
			buildActionMask = 2147483647;
			files = (
			);
			runOnlyForDeploymentPostprocessing = 0;
		};
		C84C23281F17AB770038E879 /* Frameworks */ = {
			isa = PBXFrameworksBuildPhase;
			buildActionMask = 2147483647;
			files = (
			);
			runOnlyForDeploymentPostprocessing = 0;
		};
/* End PBXFrameworksBuildPhase section */

/* Begin PBXGroup section */
		C8026F711F25566900732BAE /* UIKit */ = {
			isa = PBXGroup;
			children = (
				C8026F6F1F25563D00732BAE /* Viewable+UIKit.swift */,
				C84C23631F17B9990038E879 /* UINavigationWireframe.swift */,
				C8E4B7EF1F254CCE00E9EB44 /* UISplitWireframe.swift */,
			);
			path = UIKit;
			sourceTree = "<group>";
		};
		C84C230E1F17AB770038E879 = {
			isa = PBXGroup;
			children = (
				C84C23191F17AB770038E879 /* Remix */,
				C84C232E1F17AB770038E879 /* RemixTests */,
				C84C23181F17AB770038E879 /* Products */,
			);
			sourceTree = "<group>";
		};
		C84C23181F17AB770038E879 /* Products */ = {
			isa = PBXGroup;
			children = (
				C84C23171F17AB770038E879 /* Remix.app */,
				C84C232B1F17AB770038E879 /* RemixTests.xctest */,
			);
			name = Products;
			sourceTree = "<group>";
		};
		C84C23191F17AB770038E879 /* Remix */ = {
			isa = PBXGroup;
			children = (
				C84C233D1F17AC760038E879 /* App */,
				C84C23461F17AD6A0038E879 /* Discovery */,
				C84C234F1F17AFF00038E879 /* Detail */,
				C84C23481F17ADDA0038E879 /* Insertion */,
				C84C23431F17AD060038E879 /* CategorySelection */,
				C84C23581F17B5AF0038E879 /* Entity */,
				C84C23601F17B7C70038E879 /* Library */,
				C88651CF1F1FB55E0085E239 /* ClassifiedAdService */,
				C88651C71F1F99840085E239 /* CategoryService */,
				C84C23211F17AB770038E879 /* Assets.xcassets */,
				C84C23231F17AB770038E879 /* LaunchScreen.storyboard */,
				C84C23261F17AB770038E879 /* Info.plist */,
			);
			path = Remix;
			sourceTree = "<group>";
		};
		C84C232E1F17AB770038E879 /* RemixTests */ = {
			isa = PBXGroup;
			children = (
				C84C232F1F17AB770038E879 /* RemixTests.swift */,
				C84C23311F17AB770038E879 /* Info.plist */,
			);
			path = RemixTests;
			sourceTree = "<group>";
		};
		C84C233D1F17AC760038E879 /* App */ = {
			isa = PBXGroup;
			children = (
				C84C231A1F17AB770038E879 /* AppDelegate.swift */,
				C8D350D11F24D59B00745FFA /* NavigationAppCoordinator.swift */,
				C84D33091F24CFB9005BD99A /* SplitAppCoordinator.swift */,
			);
			path = App;
			sourceTree = "<group>";
		};
		C84C23431F17AD060038E879 /* CategorySelection */ = {
			isa = PBXGroup;
			children = (
				C89D3E581F28839500E0E264 /* CategorySelectionFeature.swift */,
				C84C233F1F17ACE20038E879 /* CategorySelectionCoordinator.swift */,
				C8B86F601F1F909400BDCE50 /* CategorySelectionInteractor.swift */,
				C8D0B9D91F28A476006C35A8 /* CategorySelectionFormatter.swift */,
				C8D0B9D71F28A41D006C35A8 /* CategorySelectionView.swift */,
				C8D0B9D41F28A085006C35A8 /* UIKit */,
			);
			path = CategorySelection;
			sourceTree = "<group>";
		};
		C84C23461F17AD6A0038E879 /* Discovery */ = {
			isa = PBXGroup;
			children = (
				C84C23471F17AD6A0038E879 /* NavigationDiscoveryCoordinator.swift */,
				C84D330B1F24D4C1005BD99A /* SplitDiscoveryCoordinator.swift */,
				C87C0A5E1F17C3FA00715A9E /* DiscoveryInteractor.swift */,
				C87C0A601F17C52D00715A9E /* DiscoveryListFormatter.swift */,
				C8B86F5C1F1F890D00BDCE50 /* DiscoveryDetailFormatter.swift */,
				C84C23521F17B0C30038E879 /* DiscoveryListView.swift */,
				C87ACD7A1F28AF2D00B1A73C /* UIKit */,
				C87ACD791F28AF2500B1A73C /* Fakes */,
			);
			path = Discovery;
			sourceTree = "<group>";
		};
		C84C23481F17ADDA0038E879 /* Insertion */ = {
			isa = PBXGroup;
			children = (
				C84C23491F17ADFD0038E879 /* ManualCategoryInsertionCoordinator.swift */,
				C84C234B1F17AE0D0038E879 /* AutoCategoryInsertionCoordinator.swift */,
			);
			path = Insertion;
			sourceTree = "<group>";
		};
		C84C234F1F17AFF00038E879 /* Detail */ = {
			isa = PBXGroup;
			children = (
				C84C23501F17B0070038E879 /* DetailView.swift */,
				C87ACD771F28AE1400B1A73C /* UIKit */,
				C87ACD781F28AEFF00B1A73C /* Fakes */,
			);
			path = Detail;
			sourceTree = "<group>";
		};
		C84C23581F17B5AF0038E879 /* Entity */ = {
			isa = PBXGroup;
			children = (
				C849396C1F28AB3700F6348B /* Advert.swift */,
				C84C23591F17B5AF0038E879 /* Category.swift */,
			);
			path = Entity;
			sourceTree = "<group>";
		};
		C84C23601F17B7C70038E879 /* Library */ = {
			isa = PBXGroup;
			children = (
				C8E4B7F11F25533100E9EB44 /* Viewable.swift */,
				C84C23611F17B7C70038E879 /* NavigationWireframe.swift */,
				C8E4B7ED1F254C4500E9EB44 /* SplitWireframe.swift */,
				C8026F711F25566900732BAE /* UIKit */,
			);
			path = Library;
			sourceTree = "<group>";
		};
		C87ACD771F28AE1400B1A73C /* UIKit */ = {
			isa = PBXGroup;
			children = (
				C8B86F581F1F820B00BDCE50 /* DetailViewController.swift */,
				C8B86F5A1F1F83CF00BDCE50 /* DetailViewController.storyboard */,
			);
			path = UIKit;
			sourceTree = "<group>";
		};
		C87ACD781F28AEFF00B1A73C /* Fakes */ = {
			isa = PBXGroup;
			children = (
				C84C23671F17BCB00038E879 /* DetailViewFake.swift */,
			);
			path = Fakes;
			sourceTree = "<group>";
		};
		C87ACD791F28AF2500B1A73C /* Fakes */ = {
			isa = PBXGroup;
			children = (
				C84C23651F17BBBA0038E879 /* DiscoveryListViewFake.swift */,
			);
			path = Fakes;
			sourceTree = "<group>";
		};
		C87ACD7A1F28AF2D00B1A73C /* UIKit */ = {
			isa = PBXGroup;
			children = (
				C8B86F541F1F7C4000BDCE50 /* DiscoveryListViewController.swift */,
			);
			path = UIKit;
			sourceTree = "<group>";
		};
		C88651C71F1F99840085E239 /* CategoryService */ = {
			isa = PBXGroup;
			children = (
				C88651C81F1F99840085E239 /* CategoryService.swift */,
				C88651C91F1F99C50085E239 /* SampleCategoryService.swift */,
			);
			path = CategoryService;
			sourceTree = "<group>";
		};
		C88651CF1F1FB55E0085E239 /* ClassifiedAdService */ = {
			isa = PBXGroup;
			children = (
				C88651D01F1FB55E0085E239 /* AdvertService.swift */,
				C88651D21F1FB5A30085E239 /* SampleAdvertService.swift */,
			);
			path = ClassifiedAdService;
			sourceTree = "<group>";
		};
		C8D0B9D41F28A085006C35A8 /* UIKit */ = {
			isa = PBXGroup;
			children = (
				C8D0B9D51F28A085006C35A8 /* UICategorySelectionFeature.swift */,
				C8B86F5E1F1F8E7800BDCE50 /* CategorySelectionViewController.swift */,
			);
			path = UIKit;
			sourceTree = "<group>";
		};
/* End PBXGroup section */

/* Begin PBXNativeTarget section */
		C84C23161F17AB770038E879 /* Remix */ = {
			isa = PBXNativeTarget;
			buildConfigurationList = C84C23341F17AB770038E879 /* Build configuration list for PBXNativeTarget "Remix" */;
			buildPhases = (
				C84C23131F17AB770038E879 /* Sources */,
				C84C23141F17AB770038E879 /* Frameworks */,
				C84C23151F17AB770038E879 /* Resources */,
			);
			buildRules = (
			);
			dependencies = (
			);
			name = Remix;
			productName = Remix;
			productReference = C84C23171F17AB770038E879 /* Remix.app */;
			productType = "com.apple.product-type.application";
		};
		C84C232A1F17AB770038E879 /* RemixTests */ = {
			isa = PBXNativeTarget;
			buildConfigurationList = C84C23371F17AB770038E879 /* Build configuration list for PBXNativeTarget "RemixTests" */;
			buildPhases = (
				C84C23271F17AB770038E879 /* Sources */,
				C84C23281F17AB770038E879 /* Frameworks */,
				C84C23291F17AB770038E879 /* Resources */,
			);
			buildRules = (
			);
			dependencies = (
				C84C232D1F17AB770038E879 /* PBXTargetDependency */,
			);
			name = RemixTests;
			productName = RemixTests;
			productReference = C84C232B1F17AB770038E879 /* RemixTests.xctest */;
			productType = "com.apple.product-type.bundle.unit-test";
		};
/* End PBXNativeTarget section */

/* Begin PBXProject section */
		C84C230F1F17AB770038E879 /* Project object */ = {
			isa = PBXProject;
			attributes = {
				LastSwiftUpdateCheck = 0900;
				LastUpgradeCheck = 0900;
				ORGANIZATIONNAME = cutting.io;
				TargetAttributes = {
					C84C23161F17AB770038E879 = {
						CreatedOnToolsVersion = 9.0;
					};
					C84C232A1F17AB770038E879 = {
						CreatedOnToolsVersion = 9.0;
						TestTargetID = C84C23161F17AB770038E879;
					};
				};
			};
			buildConfigurationList = C84C23121F17AB770038E879 /* Build configuration list for PBXProject "Remix" */;
			compatibilityVersion = "Xcode 8.0";
			developmentRegion = en;
			hasScannedForEncodings = 0;
			knownRegions = (
				en,
				Base,
			);
			mainGroup = C84C230E1F17AB770038E879;
			productRefGroup = C84C23181F17AB770038E879 /* Products */;
			projectDirPath = "";
			projectRoot = "";
			targets = (
				C84C23161F17AB770038E879 /* Remix */,
				C84C232A1F17AB770038E879 /* RemixTests */,
			);
		};
/* End PBXProject section */

/* Begin PBXResourcesBuildPhase section */
		C84C23151F17AB770038E879 /* Resources */ = {
			isa = PBXResourcesBuildPhase;
			buildActionMask = 2147483647;
			files = (
				C84C23251F17AB770038E879 /* LaunchScreen.storyboard in Resources */,
				C8B86F5B1F1F83CF00BDCE50 /* DetailViewController.storyboard in Resources */,
				C84C23221F17AB770038E879 /* Assets.xcassets in Resources */,
			);
			runOnlyForDeploymentPostprocessing = 0;
		};
		C84C23291F17AB770038E879 /* Resources */ = {
			isa = PBXResourcesBuildPhase;
			buildActionMask = 2147483647;
			files = (
			);
			runOnlyForDeploymentPostprocessing = 0;
		};
/* End PBXResourcesBuildPhase section */

/* Begin PBXSourcesBuildPhase section */
		C84C23131F17AB770038E879 /* Sources */ = {
			isa = PBXSourcesBuildPhase;
			buildActionMask = 2147483647;
			files = (
				C87C0A611F17C52D00715A9E /* DiscoveryListFormatter.swift in Sources */,
				C849396D1F28AB3800F6348B /* Advert.swift in Sources */,
				C84D330A1F24CFB9005BD99A /* SplitAppCoordinator.swift in Sources */,
				C84C23641F17B9990038E879 /* UINavigationWireframe.swift in Sources */,
				C84C23401F17ACE20038E879 /* CategorySelectionCoordinator.swift in Sources */,
				C8D0B9D81F28A41D006C35A8 /* CategorySelectionView.swift in Sources */,
				C8E4B7EA1F25397100E9EB44 /* SplitDiscoveryCoordinator.swift in Sources */,
				C84C23511F17B0070038E879 /* DetailView.swift in Sources */,
				C8E4B7F01F254CCE00E9EB44 /* UISplitWireframe.swift in Sources */,
				C88651D31F1FB5A30085E239 /* SampleAdvertService.swift in Sources */,
				C84C234C1F17AE0D0038E879 /* AutoCategoryInsertionCoordinator.swift in Sources */,
				C8E4B7F21F25533100E9EB44 /* Viewable.swift in Sources */,
				C8026F701F25563D00732BAE /* Viewable+UIKit.swift in Sources */,
				C84C234D1F17AE960038E879 /* NavigationDiscoveryCoordinator.swift in Sources */,
				C87C0A5F1F17C3FA00715A9E /* DiscoveryInteractor.swift in Sources */,
				C8D350D21F24D5D600745FFA /* NavigationAppCoordinator.swift in Sources */,
				C84C23531F17B0C30038E879 /* DiscoveryListView.swift in Sources */,
				C8E4B7EE1F254C9B00E9EB44 /* SplitWireframe.swift in Sources */,
				C8B86F591F1F820B00BDCE50 /* DetailViewController.swift in Sources */,
				C84C234A1F17ADFD0038E879 /* ManualCategoryInsertionCoordinator.swift in Sources */,
				C84C231B1F17AB770038E879 /* AppDelegate.swift in Sources */,
				C8D0B9D61F28A085006C35A8 /* UICategorySelectionFeature.swift in Sources */,
				C88651CB1F1F99E60085E239 /* CategoryService.swift in Sources */,
				C84C23661F17BBBA0038E879 /* DiscoveryListViewFake.swift in Sources */,
				C8D0B9DA1F28A476006C35A8 /* CategorySelectionFormatter.swift in Sources */,
				C89D3E591F28839500E0E264 /* CategorySelectionFeature.swift in Sources */,
				C8B86F551F1F7C4000BDCE50 /* DiscoveryListViewController.swift in Sources */,
				C8B86F5D1F1F890D00BDCE50 /* DiscoveryDetailFormatter.swift in Sources */,
				C84C235C1F17B5FF0038E879 /* Category.swift in Sources */,
				C84C23681F17BCB00038E879 /* DetailViewFake.swift in Sources */,
				C8B86F611F1F909400BDCE50 /* CategorySelectionInteractor.swift in Sources */,
				C88651CA1F1F99C50085E239 /* SampleCategoryService.swift in Sources */,
				C88651D11F1FB5670085E239 /* AdvertService.swift in Sources */,
				C84C23621F17B7DB0038E879 /* NavigationWireframe.swift in Sources */,
				C8B86F5F1F1F8E7800BDCE50 /* CategorySelectionViewController.swift in Sources */,
			);
			runOnlyForDeploymentPostprocessing = 0;
		};
		C84C23271F17AB770038E879 /* Sources */ = {
			isa = PBXSourcesBuildPhase;
			buildActionMask = 2147483647;
			files = (
				C84C23301F17AB770038E879 /* RemixTests.swift in Sources */,
			);
			runOnlyForDeploymentPostprocessing = 0;
		};
/* End PBXSourcesBuildPhase section */

/* Begin PBXTargetDependency section */
		C84C232D1F17AB770038E879 /* PBXTargetDependency */ = {
			isa = PBXTargetDependency;
			target = C84C23161F17AB770038E879 /* Remix */;
			targetProxy = C84C232C1F17AB770038E879 /* PBXContainerItemProxy */;
		};
/* End PBXTargetDependency section */

/* Begin PBXVariantGroup section */
		C84C23231F17AB770038E879 /* LaunchScreen.storyboard */ = {
			isa = PBXVariantGroup;
			children = (
				C84C23241F17AB770038E879 /* Base */,
			);
			name = LaunchScreen.storyboard;
			sourceTree = "<group>";
		};
/* End PBXVariantGroup section */

/* Begin XCBuildConfiguration section */
		C84C23321F17AB770038E879 /* Debug */ = {
			isa = XCBuildConfiguration;
			buildSettings = {
				ALWAYS_SEARCH_USER_PATHS = NO;
				CLANG_ANALYZER_NONNULL = YES;
				CLANG_ANALYZER_NUMBER_OBJECT_CONVERSION = YES_AGGRESSIVE;
				CLANG_CXX_LANGUAGE_STANDARD = "gnu++14";
				CLANG_CXX_LIBRARY = "libc++";
				CLANG_ENABLE_MODULES = YES;
				CLANG_ENABLE_OBJC_ARC = YES;
				CLANG_WARN_BLOCK_CAPTURE_AUTORELEASING = YES;
				CLANG_WARN_BOOL_CONVERSION = YES;
				CLANG_WARN_COMMA = YES;
				CLANG_WARN_CONSTANT_CONVERSION = YES;
				CLANG_WARN_DIRECT_OBJC_ISA_USAGE = YES_ERROR;
				CLANG_WARN_DOCUMENTATION_COMMENTS = YES;
				CLANG_WARN_EMPTY_BODY = YES;
				CLANG_WARN_ENUM_CONVERSION = YES;
				CLANG_WARN_INFINITE_RECURSION = YES;
				CLANG_WARN_INT_CONVERSION = YES;
				CLANG_WARN_NON_LITERAL_NULL_CONVERSION = YES;
				CLANG_WARN_OBJC_LITERAL_CONVERSION = YES;
				CLANG_WARN_OBJC_ROOT_CLASS = YES_ERROR;
				CLANG_WARN_RANGE_LOOP_ANALYSIS = YES;
				CLANG_WARN_STRICT_PROTOTYPES = YES;
				CLANG_WARN_SUSPICIOUS_MOVE = YES;
				CLANG_WARN_UNGUARDED_AVAILABILITY = YES_AGGRESSIVE;
				CLANG_WARN_UNREACHABLE_CODE = YES;
				CLANG_WARN__DUPLICATE_METHOD_MATCH = YES;
				CODE_SIGN_IDENTITY = "iPhone Developer";
				COPY_PHASE_STRIP = NO;
				DEBUG_INFORMATION_FORMAT = dwarf;
				ENABLE_STRICT_OBJC_MSGSEND = YES;
				ENABLE_TESTABILITY = YES;
				GCC_C_LANGUAGE_STANDARD = gnu11;
				GCC_DYNAMIC_NO_PIC = NO;
				GCC_NO_COMMON_BLOCKS = YES;
				GCC_OPTIMIZATION_LEVEL = 0;
				GCC_PREPROCESSOR_DEFINITIONS = (
					"DEBUG=1",
					"$(inherited)",
				);
				GCC_WARN_64_TO_32_BIT_CONVERSION = YES;
				GCC_WARN_ABOUT_RETURN_TYPE = YES_ERROR;
				GCC_WARN_UNDECLARED_SELECTOR = YES;
				GCC_WARN_UNINITIALIZED_AUTOS = YES_AGGRESSIVE;
				GCC_WARN_UNUSED_FUNCTION = YES;
				GCC_WARN_UNUSED_VARIABLE = YES;
				IPHONEOS_DEPLOYMENT_TARGET = 11.0;
				MTL_ENABLE_DEBUG_INFO = YES;
				ONLY_ACTIVE_ARCH = YES;
				SDKROOT = iphoneos;
				SWIFT_ACTIVE_COMPILATION_CONDITIONS = DEBUG;
				SWIFT_OPTIMIZATION_LEVEL = "-Onone";
			};
			name = Debug;
		};
		C84C23331F17AB770038E879 /* Release */ = {
			isa = XCBuildConfiguration;
			buildSettings = {
				ALWAYS_SEARCH_USER_PATHS = NO;
				CLANG_ANALYZER_NONNULL = YES;
				CLANG_ANALYZER_NUMBER_OBJECT_CONVERSION = YES_AGGRESSIVE;
				CLANG_CXX_LANGUAGE_STANDARD = "gnu++14";
				CLANG_CXX_LIBRARY = "libc++";
				CLANG_ENABLE_MODULES = YES;
				CLANG_ENABLE_OBJC_ARC = YES;
				CLANG_WARN_BLOCK_CAPTURE_AUTORELEASING = YES;
				CLANG_WARN_BOOL_CONVERSION = YES;
				CLANG_WARN_COMMA = YES;
				CLANG_WARN_CONSTANT_CONVERSION = YES;
				CLANG_WARN_DIRECT_OBJC_ISA_USAGE = YES_ERROR;
				CLANG_WARN_DOCUMENTATION_COMMENTS = YES;
				CLANG_WARN_EMPTY_BODY = YES;
				CLANG_WARN_ENUM_CONVERSION = YES;
				CLANG_WARN_INFINITE_RECURSION = YES;
				CLANG_WARN_INT_CONVERSION = YES;
				CLANG_WARN_NON_LITERAL_NULL_CONVERSION = YES;
				CLANG_WARN_OBJC_LITERAL_CONVERSION = YES;
				CLANG_WARN_OBJC_ROOT_CLASS = YES_ERROR;
				CLANG_WARN_RANGE_LOOP_ANALYSIS = YES;
				CLANG_WARN_STRICT_PROTOTYPES = YES;
				CLANG_WARN_SUSPICIOUS_MOVE = YES;
				CLANG_WARN_UNGUARDED_AVAILABILITY = YES_AGGRESSIVE;
				CLANG_WARN_UNREACHABLE_CODE = YES;
				CLANG_WARN__DUPLICATE_METHOD_MATCH = YES;
				CODE_SIGN_IDENTITY = "iPhone Developer";
				COPY_PHASE_STRIP = NO;
				DEBUG_INFORMATION_FORMAT = "dwarf-with-dsym";
				ENABLE_NS_ASSERTIONS = NO;
				ENABLE_STRICT_OBJC_MSGSEND = YES;
				GCC_C_LANGUAGE_STANDARD = gnu11;
				GCC_NO_COMMON_BLOCKS = YES;
				GCC_WARN_64_TO_32_BIT_CONVERSION = YES;
				GCC_WARN_ABOUT_RETURN_TYPE = YES_ERROR;
				GCC_WARN_UNDECLARED_SELECTOR = YES;
				GCC_WARN_UNINITIALIZED_AUTOS = YES_AGGRESSIVE;
				GCC_WARN_UNUSED_FUNCTION = YES;
				GCC_WARN_UNUSED_VARIABLE = YES;
				IPHONEOS_DEPLOYMENT_TARGET = 11.0;
				MTL_ENABLE_DEBUG_INFO = NO;
				SDKROOT = iphoneos;
				SWIFT_OPTIMIZATION_LEVEL = "-Owholemodule";
				VALIDATE_PRODUCT = YES;
			};
			name = Release;
		};
		C84C23351F17AB770038E879 /* Debug */ = {
			isa = XCBuildConfiguration;
			buildSettings = {
				ASSETCATALOG_COMPILER_APPICON_NAME = AppIcon;
				DEVELOPMENT_TEAM = 3H86HRS574;
				INFOPLIST_FILE = Remix/Info.plist;
				LD_RUNPATH_SEARCH_PATHS = "$(inherited) @executable_path/Frameworks";
				PRODUCT_BUNDLE_IDENTIFIER = io.cutting.Remix;
				PRODUCT_NAME = "$(TARGET_NAME)";
				SWIFT_VERSION = 4.0;
				TARGETED_DEVICE_FAMILY = "1,2";
			};
			name = Debug;
		};
		C84C23361F17AB770038E879 /* Release */ = {
			isa = XCBuildConfiguration;
			buildSettings = {
				ASSETCATALOG_COMPILER_APPICON_NAME = AppIcon;
				DEVELOPMENT_TEAM = 3H86HRS574;
				INFOPLIST_FILE = Remix/Info.plist;
				LD_RUNPATH_SEARCH_PATHS = "$(inherited) @executable_path/Frameworks";
				PRODUCT_BUNDLE_IDENTIFIER = io.cutting.Remix;
				PRODUCT_NAME = "$(TARGET_NAME)";
				SWIFT_VERSION = 4.0;
				TARGETED_DEVICE_FAMILY = "1,2";
			};
			name = Release;
		};
		C84C23381F17AB770038E879 /* Debug */ = {
			isa = XCBuildConfiguration;
			buildSettings = {
				ALWAYS_EMBED_SWIFT_STANDARD_LIBRARIES = YES;
				BUNDLE_LOADER = "$(TEST_HOST)";
				DEVELOPMENT_TEAM = 3H86HRS574;
				INFOPLIST_FILE = RemixTests/Info.plist;
				LD_RUNPATH_SEARCH_PATHS = "$(inherited) @executable_path/Frameworks @loader_path/Frameworks";
				PRODUCT_BUNDLE_IDENTIFIER = io.cutting.RemixTests;
				PRODUCT_NAME = "$(TARGET_NAME)";
				SWIFT_VERSION = 4.0;
				TARGETED_DEVICE_FAMILY = "1,2";
				TEST_HOST = "$(BUILT_PRODUCTS_DIR)/Remix.app/Remix";
			};
			name = Debug;
		};
		C84C23391F17AB770038E879 /* Release */ = {
			isa = XCBuildConfiguration;
			buildSettings = {
				ALWAYS_EMBED_SWIFT_STANDARD_LIBRARIES = YES;
				BUNDLE_LOADER = "$(TEST_HOST)";
				DEVELOPMENT_TEAM = 3H86HRS574;
				INFOPLIST_FILE = RemixTests/Info.plist;
				LD_RUNPATH_SEARCH_PATHS = "$(inherited) @executable_path/Frameworks @loader_path/Frameworks";
				PRODUCT_BUNDLE_IDENTIFIER = io.cutting.RemixTests;
				PRODUCT_NAME = "$(TARGET_NAME)";
				SWIFT_VERSION = 4.0;
				TARGETED_DEVICE_FAMILY = "1,2";
				TEST_HOST = "$(BUILT_PRODUCTS_DIR)/Remix.app/Remix";
			};
			name = Release;
		};
/* End XCBuildConfiguration section */

/* Begin XCConfigurationList section */
		C84C23121F17AB770038E879 /* Build configuration list for PBXProject "Remix" */ = {
			isa = XCConfigurationList;
			buildConfigurations = (
				C84C23321F17AB770038E879 /* Debug */,
				C84C23331F17AB770038E879 /* Release */,
			);
			defaultConfigurationIsVisible = 0;
			defaultConfigurationName = Release;
		};
		C84C23341F17AB770038E879 /* Build configuration list for PBXNativeTarget "Remix" */ = {
			isa = XCConfigurationList;
			buildConfigurations = (
				C84C23351F17AB770038E879 /* Debug */,
				C84C23361F17AB770038E879 /* Release */,
			);
			defaultConfigurationIsVisible = 0;
			defaultConfigurationName = Release;
		};
		C84C23371F17AB770038E879 /* Build configuration list for PBXNativeTarget "RemixTests" */ = {
			isa = XCConfigurationList;
			buildConfigurations = (
				C84C23381F17AB770038E879 /* Debug */,
				C84C23391F17AB770038E879 /* Release */,
			);
			defaultConfigurationIsVisible = 0;
			defaultConfigurationName = Release;
		};
/* End XCConfigurationList section */
	};
	rootObject = C84C230F1F17AB770038E879 /* Project object */;
}
